// !$*UTF8*$!
{
	archiveVersion = 1;
	classes = {
	};
	objectVersion = 56;
	objects = {

/* Begin PBXBuildFile section */
		96037F632979825D008B07A3 /* Feed.storyboard in Resources */ = {isa = PBXBuildFile; fileRef = 96037F622979825D008B07A3 /* Feed.storyboard */; };
		960516B02901CABC0069FEE2 /* FeedCacheUseCaseTests.swift in Sources */ = {isa = PBXBuildFile; fileRef = 960516AF2901CABC0069FEE2 /* FeedCacheUseCaseTests.swift */; };
		96150CD228F5BA360080A0B4 /* URLSessionHTTPClientTests.swift in Sources */ = {isa = PBXBuildFile; fileRef = 96150CD128F5BA360080A0B4 /* URLSessionHTTPClientTests.swift */; };
		9616501C2905A6D50075E1C8 /* LocalFeedLoader.swift in Sources */ = {isa = PBXBuildFile; fileRef = 9616501B2905A6D50075E1C8 /* LocalFeedLoader.swift */; };
		9616501E2905A7040075E1C8 /* FeedStore.swift in Sources */ = {isa = PBXBuildFile; fileRef = 9616501D2905A7040075E1C8 /* FeedStore.swift */; };
		9616A9B128F8587000DD758E /* XCTestCase+MemoryLeakTracking.swift in Sources */ = {isa = PBXBuildFile; fileRef = 964A0D4A28F75BBE00D36820 /* XCTestCase+MemoryLeakTracking.swift */; };
		961D065B2906C8AC00F9B136 /* LoadFeedFromCacheUseCaseTests.swift in Sources */ = {isa = PBXBuildFile; fileRef = 961D065A2906C8AC00F9B136 /* LoadFeedFromCacheUseCaseTests.swift */; };
		961D065E2906CCA300F9B136 /* FeedStoreSpy.swift in Sources */ = {isa = PBXBuildFile; fileRef = 961D065D2906CCA300F9B136 /* FeedStoreSpy.swift */; };
		961D41B129142AD80045F886 /* CoreDataFeedStoreTests.swift in Sources */ = {isa = PBXBuildFile; fileRef = 961D41B029142AD80045F886 /* CoreDataFeedStoreTests.swift */; };
		961D41B42914325C0045F886 /* FeedStore.xcdatamodeld in Sources */ = {isa = PBXBuildFile; fileRef = 961D41B22914325C0045F886 /* FeedStore.xcdatamodeld */; };
		964A0D4B28F75BBE00D36820 /* XCTestCase+MemoryLeakTracking.swift in Sources */ = {isa = PBXBuildFile; fileRef = 964A0D4A28F75BBE00D36820 /* XCTestCase+MemoryLeakTracking.swift */; };
		964A0D4D28F774CA00D36820 /* URLSessionHTTPClient.swift in Sources */ = {isa = PBXBuildFile; fileRef = 964A0D4C28F774CA00D36820 /* URLSessionHTTPClient.swift */; };
		96566EFD293A7FFB00D9A0E1 /* FeedImageCell.swift in Sources */ = {isa = PBXBuildFile; fileRef = 96566EFC293A7FFB00D9A0E1 /* FeedImageCell.swift */; };
		965BC95128F841940058A7EB /* EssentialFeedAPIEndToEndTests.swift in Sources */ = {isa = PBXBuildFile; fileRef = 965BC95028F841940058A7EB /* EssentialFeedAPIEndToEndTests.swift */; };
		965BC95228F841940058A7EB /* EssentialFeed.framework in Frameworks */ = {isa = PBXBuildFile; fileRef = 9698612028ED9DCE00BFD69B /* EssentialFeed.framework */; };
		96737BD82905E2F70002FB20 /* RemoteFeedItem.swift in Sources */ = {isa = PBXBuildFile; fileRef = 96737BD72905E2F70002FB20 /* RemoteFeedItem.swift */; };
		96737BDA2905E3D30002FB20 /* LocalFeedImage.swift in Sources */ = {isa = PBXBuildFile; fileRef = 96737BD92905E3D30002FB20 /* LocalFeedImage.swift */; };
		967A557229129E880011C71D /* FeedStoreSpecs.swift in Sources */ = {isa = PBXBuildFile; fileRef = 967A557129129E880011C71D /* FeedStoreSpecs.swift */; };
		967A55742912AC0E0011C71D /* XCTestCase+FeedStoreSpecs.swift in Sources */ = {isa = PBXBuildFile; fileRef = 967A55732912AC0E0011C71D /* XCTestCase+FeedStoreSpecs.swift */; };
		967F3743290C214800BDF3D2 /* FeedCachePolicy.swift in Sources */ = {isa = PBXBuildFile; fileRef = 967F3742290C214800BDF3D2 /* FeedCachePolicy.swift */; };
		9680911C293114A500D636CB /* FeedUIIntegrationTests.swift in Sources */ = {isa = PBXBuildFile; fileRef = 9680911B293114A500D636CB /* FeedUIIntegrationTests.swift */; };
		9680911E293119C800D636CB /* EssentialFeed.framework in Frameworks */ = {isa = PBXBuildFile; fileRef = 9698612028ED9DCE00BFD69B /* EssentialFeed.framework */; platformFilter = ios; };
		9680911F293119C800D636CB /* EssentialFeed.framework in Embed Frameworks */ = {isa = PBXBuildFile; fileRef = 9698612028ED9DCE00BFD69B /* EssentialFeed.framework */; platformFilter = ios; settings = {ATTRIBUTES = (CodeSignOnCopy, RemoveHeadersOnCopy, ); }; };
		9680912329313D5E00D636CB /* XCTestCase+MemoryLeakTracking.swift in Sources */ = {isa = PBXBuildFile; fileRef = 964A0D4A28F75BBE00D36820 /* XCTestCase+MemoryLeakTracking.swift */; };
		9680912529314EE600D636CB /* FeedViewController.swift in Sources */ = {isa = PBXBuildFile; fileRef = 9680912429314EE600D636CB /* FeedViewController.swift */; };
		96885E2629154DC30078D997 /* ManagedCache.swift in Sources */ = {isa = PBXBuildFile; fileRef = 96885E2529154DC30078D997 /* ManagedCache.swift */; };
		96885E2829154DFD0078D997 /* ManagedFeedImage.swift in Sources */ = {isa = PBXBuildFile; fileRef = 96885E2729154DFD0078D997 /* ManagedFeedImage.swift */; };
		96885E2B291553310078D997 /* CoreDataHelpers.swift in Sources */ = {isa = PBXBuildFile; fileRef = 96885E2A291553310078D997 /* CoreDataHelpers.swift */; };
		9689E453290AC4500079FF5E /* ValidateFeedCacheUseCaseTests.swift in Sources */ = {isa = PBXBuildFile; fileRef = 9689E452290AC4500079FF5E /* ValidateFeedCacheUseCaseTests.swift */; };
		9689E455290ACD6E0079FF5E /* FeedCacheTestHelpers.swift in Sources */ = {isa = PBXBuildFile; fileRef = 9689E454290ACD6E0079FF5E /* FeedCacheTestHelpers.swift */; };
		9689E457290ACEB50079FF5E /* SharedTestHelpers.swift in Sources */ = {isa = PBXBuildFile; fileRef = 9689E456290ACEB50079FF5E /* SharedTestHelpers.swift */; };
		968F1936296E023900628A00 /* FeedImageViewModel.swift in Sources */ = {isa = PBXBuildFile; fileRef = 968F1935296E023900628A00 /* FeedImageViewModel.swift */; };
		969325E928F45A3200849DAF /* HTTPClient.swift in Sources */ = {isa = PBXBuildFile; fileRef = 969325E828F45A3200849DAF /* HTTPClient.swift */; };
		969325EB28F45CAE00849DAF /* FeedItemsMapper.swift in Sources */ = {isa = PBXBuildFile; fileRef = 969325EA28F45CAE00849DAF /* FeedItemsMapper.swift */; };
		9698612528ED9DCE00BFD69B /* EssentialFeed.docc in Sources */ = {isa = PBXBuildFile; fileRef = 9698612428ED9DCE00BFD69B /* EssentialFeed.docc */; };
		9698612B28ED9DCF00BFD69B /* EssentialFeed.framework in Frameworks */ = {isa = PBXBuildFile; fileRef = 9698612028ED9DCE00BFD69B /* EssentialFeed.framework */; };
		9698613028ED9DCF00BFD69B /* EssentialFeedTests.swift in Sources */ = {isa = PBXBuildFile; fileRef = 9698612F28ED9DCF00BFD69B /* EssentialFeedTests.swift */; };
		9698613128ED9DCF00BFD69B /* EssentialFeed.h in Headers */ = {isa = PBXBuildFile; fileRef = 9698612328ED9DCE00BFD69B /* EssentialFeed.h */; settings = {ATTRIBUTES = (Public, ); }; };
		9698613B28ED9F8B00BFD69B /* FeedImage.swift in Sources */ = {isa = PBXBuildFile; fileRef = 9698613A28ED9F8B00BFD69B /* FeedImage.swift */; };
		9698613D28EDA12800BFD69B /* FeedLoader.swift in Sources */ = {isa = PBXBuildFile; fileRef = 9698613C28EDA12800BFD69B /* FeedLoader.swift */; };
		9698614328EDB36A00BFD69B /* LoadFeedFromRemoteUseCaseTests.swift in Sources */ = {isa = PBXBuildFile; fileRef = 9698614228EDB36A00BFD69B /* LoadFeedFromRemoteUseCaseTests.swift */; };
		9698614628EDD4F300BFD69B /* RemoteFeedLoader.swift in Sources */ = {isa = PBXBuildFile; fileRef = 9698614528EDD4F300BFD69B /* RemoteFeedLoader.swift */; };
		96A02DFF2979859200855F88 /* Feed.xcassets in Resources */ = {isa = PBXBuildFile; fileRef = 96A02DFE2979859200855F88 /* Feed.xcassets */; };
		96A02E022979C15600855F88 /* UITableView+Dequeueing.swift in Sources */ = {isa = PBXBuildFile; fileRef = 96A02E002979C0F600855F88 /* UITableView+Dequeueing.swift */; };
		96A02E042979C3C600855F88 /* UIImageView+Animations.swift in Sources */ = {isa = PBXBuildFile; fileRef = 96A02E032979C3C600855F88 /* UIImageView+Animations.swift */; };
		96A04C80297B18EF009AEB9E /* FeedViewControllerTests+Localization.swift in Sources */ = {isa = PBXBuildFile; fileRef = 96A04C7F297B18EF009AEB9E /* FeedViewControllerTests+Localization.swift */; };
		96A04C81297B1A8D009AEB9E /* Feed.strings in Resources */ = {isa = PBXBuildFile; fileRef = 96A04C83297B1A8D009AEB9E /* Feed.strings */; };
		96A04C87297B1BAF009AEB9E /* FeedLocalizationTests.swift in Sources */ = {isa = PBXBuildFile; fileRef = 96A04C86297B1BAF009AEB9E /* FeedLocalizationTests.swift */; };
		96A46BC02919347B00FF7F0E /* EssentialFeedCacheIntegrationTests.swift in Sources */ = {isa = PBXBuildFile; fileRef = 96A46BBF2919347B00FF7F0E /* EssentialFeedCacheIntegrationTests.swift */; };
		96A46BC12919347B00FF7F0E /* EssentialFeed.framework in Frameworks */ = {isa = PBXBuildFile; fileRef = 9698612028ED9DCE00BFD69B /* EssentialFeed.framework */; };
		96A46BC82919395300FF7F0E /* XCTestCase+MemoryLeakTracking.swift in Sources */ = {isa = PBXBuildFile; fileRef = 964A0D4A28F75BBE00D36820 /* XCTestCase+MemoryLeakTracking.swift */; };
		96A46BCA29193EF900FF7F0E /* FeedCacheTestHelpers.swift in Sources */ = {isa = PBXBuildFile; fileRef = 9689E454290ACD6E0079FF5E /* FeedCacheTestHelpers.swift */; };
		96A46BCB29193F1500FF7F0E /* SharedTestHelpers.swift in Sources */ = {isa = PBXBuildFile; fileRef = 9689E456290ACEB50079FF5E /* SharedTestHelpers.swift */; };
		96A9E2E4293F9FC200BC9991 /* UIKit+Shimmering.swift in Sources */ = {isa = PBXBuildFile; fileRef = 96A9E2E3293F9FC200BC9991 /* UIKit+Shimmering.swift */; };
		96C19640296702E800FCA571 /* FeedImageDataLoader.swift in Sources */ = {isa = PBXBuildFile; fileRef = 96C1963F296702E800FCA571 /* FeedImageDataLoader.swift */; };
		96C196422967051C00FCA571 /* UIButton+TestHelpers.swift in Sources */ = {isa = PBXBuildFile; fileRef = 96C196412967051C00FCA571 /* UIButton+TestHelpers.swift */; };
		96C196442967057C00FCA571 /* UIControl+TestHelpers.swift in Sources */ = {isa = PBXBuildFile; fileRef = 96C196432967057C00FCA571 /* UIControl+TestHelpers.swift */; };
		96C19646296705BF00FCA571 /* UIImage+TestHelpers.swift in Sources */ = {isa = PBXBuildFile; fileRef = 96C19645296705BF00FCA571 /* UIImage+TestHelpers.swift */; };
		96C19648296705F800FCA571 /* UIRefreshControl+TestHelpers.swift in Sources */ = {isa = PBXBuildFile; fileRef = 96C19647296705F800FCA571 /* UIRefreshControl+TestHelpers.swift */; };
		96C1964A296706A400FCA571 /* FeedImageCell+TestHelpers.swift in Sources */ = {isa = PBXBuildFile; fileRef = 96C19649296706A400FCA571 /* FeedImageCell+TestHelpers.swift */; };
		96C1964C2967075C00FCA571 /* FeedViewController+TestHelpers.swift in Sources */ = {isa = PBXBuildFile; fileRef = 96C1964B2967075C00FCA571 /* FeedViewController+TestHelpers.swift */; };
		96C1964E2967081000FCA571 /* FeedViewControllerTests+Assertions.swift in Sources */ = {isa = PBXBuildFile; fileRef = 96C1964D2967081000FCA571 /* FeedViewControllerTests+Assertions.swift */; };
		96C19650296708E200FCA571 /* FeedViewControllerTests+LoaderSpy.swift in Sources */ = {isa = PBXBuildFile; fileRef = 96C1964F296708E200FCA571 /* FeedViewControllerTests+LoaderSpy.swift */; };
		96C1965429674DF800FCA571 /* FeedImageCellController.swift in Sources */ = {isa = PBXBuildFile; fileRef = 96C1965329674DF800FCA571 /* FeedImageCellController.swift */; };
		96C196562967594E00FCA571 /* FeedUIComposer.swift in Sources */ = {isa = PBXBuildFile; fileRef = 96C196552967594E00FCA571 /* FeedUIComposer.swift */; };
		96C708ED29718A73004374CA /* FeedPresenter.swift in Sources */ = {isa = PBXBuildFile; fileRef = 96C708EC29718A73004374CA /* FeedPresenter.swift */; };
		96C708EF2971CD31004374CA /* FeedImagePresenter.swift in Sources */ = {isa = PBXBuildFile; fileRef = 96C708EE2971CD31004374CA /* FeedImagePresenter.swift */; };
		96C708F12971DFC3004374CA /* FeedLoadingViewModel.swift in Sources */ = {isa = PBXBuildFile; fileRef = 96C708F02971DFC3004374CA /* FeedLoadingViewModel.swift */; };
		96C708F32971DFFB004374CA /* FeedViewModel.swift in Sources */ = {isa = PBXBuildFile; fileRef = 96C708F22971DFFB004374CA /* FeedViewModel.swift */; };
		96EC632B29148536006C7104 /* CoreDataFeedStore.swift in Sources */ = {isa = PBXBuildFile; fileRef = 96EC632A29148536006C7104 /* CoreDataFeedStore.swift */; };
		96F8E631292FF23E00767D2E /* EssentialFeediOS.docc in Sources */ = {isa = PBXBuildFile; fileRef = 96F8E630292FF23E00767D2E /* EssentialFeediOS.docc */; };
		96F8E637292FF23E00767D2E /* EssentialFeediOS.framework in Frameworks */ = {isa = PBXBuildFile; fileRef = 96F8E62D292FF23E00767D2E /* EssentialFeediOS.framework */; };
		96F97152297F1C32002C61C4 /* MainThreadDispatchDecoratorMainThreadDispatchDecorator.swift in Sources */ = {isa = PBXBuildFile; fileRef = 96F97151297F1C32002C61C4 /* MainThreadDispatchDecoratorMainThreadDispatchDecorator.swift */; };
		96F97154297F1C95002C61C4 /* WeakRefVirtualProxy.swift in Sources */ = {isa = PBXBuildFile; fileRef = 96F97153297F1C95002C61C4 /* WeakRefVirtualProxy.swift */; };
		96F97156297F1CFF002C61C4 /* FeedViewAdapter.swift in Sources */ = {isa = PBXBuildFile; fileRef = 96F97155297F1CFF002C61C4 /* FeedViewAdapter.swift */; };
		96F97158297F1D91002C61C4 /* FeedLoaderPresenterAdapter.swift in Sources */ = {isa = PBXBuildFile; fileRef = 96F97157297F1D91002C61C4 /* FeedLoaderPresenterAdapter.swift */; };
		96F9715A297F1E13002C61C4 /* FeedImageLoaderPresentationAdapter.swift in Sources */ = {isa = PBXBuildFile; fileRef = 96F97159297F1E13002C61C4 /* FeedImageLoaderPresentationAdapter.swift */; };
/* End PBXBuildFile section */

/* Begin PBXContainerItemProxy section */
		965BC95328F841940058A7EB /* PBXContainerItemProxy */ = {
			isa = PBXContainerItemProxy;
			containerPortal = 9698611728ED9DCE00BFD69B /* Project object */;
			proxyType = 1;
			remoteGlobalIDString = 9698611F28ED9DCE00BFD69B;
			remoteInfo = EssentialFeed;
		};
		96809120293119C900D636CB /* PBXContainerItemProxy */ = {
			isa = PBXContainerItemProxy;
			containerPortal = 9698611728ED9DCE00BFD69B /* Project object */;
			proxyType = 1;
			remoteGlobalIDString = 9698611F28ED9DCE00BFD69B;
			remoteInfo = EssentialFeed;
		};
		9698612C28ED9DCF00BFD69B /* PBXContainerItemProxy */ = {
			isa = PBXContainerItemProxy;
			containerPortal = 9698611728ED9DCE00BFD69B /* Project object */;
			proxyType = 1;
			remoteGlobalIDString = 9698611F28ED9DCE00BFD69B;
			remoteInfo = EssentialFeed;
		};
		96A46BC22919347B00FF7F0E /* PBXContainerItemProxy */ = {
			isa = PBXContainerItemProxy;
			containerPortal = 9698611728ED9DCE00BFD69B /* Project object */;
			proxyType = 1;
			remoteGlobalIDString = 9698611F28ED9DCE00BFD69B;
			remoteInfo = EssentialFeed;
		};
		96F8E638292FF23E00767D2E /* PBXContainerItemProxy */ = {
			isa = PBXContainerItemProxy;
			containerPortal = 9698611728ED9DCE00BFD69B /* Project object */;
			proxyType = 1;
			remoteGlobalIDString = 96F8E62C292FF23E00767D2E;
			remoteInfo = EssentialFeediOS;
		};
/* End PBXContainerItemProxy section */

/* Begin PBXCopyFilesBuildPhase section */
		96809122293119C900D636CB /* Embed Frameworks */ = {
			isa = PBXCopyFilesBuildPhase;
			buildActionMask = 2147483647;
			dstPath = "";
			dstSubfolderSpec = 10;
			files = (
				9680911F293119C800D636CB /* EssentialFeed.framework in Embed Frameworks */,
			);
			name = "Embed Frameworks";
			runOnlyForDeploymentPostprocessing = 0;
		};
/* End PBXCopyFilesBuildPhase section */

/* Begin PBXFileReference section */
		96037F622979825D008B07A3 /* Feed.storyboard */ = {isa = PBXFileReference; lastKnownFileType = file.storyboard; path = Feed.storyboard; sourceTree = "<group>"; };
		960516AF2901CABC0069FEE2 /* FeedCacheUseCaseTests.swift */ = {isa = PBXFileReference; lastKnownFileType = sourcecode.swift; path = FeedCacheUseCaseTests.swift; sourceTree = "<group>"; };
		96150CD128F5BA360080A0B4 /* URLSessionHTTPClientTests.swift */ = {isa = PBXFileReference; lastKnownFileType = sourcecode.swift; path = URLSessionHTTPClientTests.swift; sourceTree = "<group>"; };
		9616501B2905A6D50075E1C8 /* LocalFeedLoader.swift */ = {isa = PBXFileReference; lastKnownFileType = sourcecode.swift; path = LocalFeedLoader.swift; sourceTree = "<group>"; };
		9616501D2905A7040075E1C8 /* FeedStore.swift */ = {isa = PBXFileReference; lastKnownFileType = sourcecode.swift; path = FeedStore.swift; sourceTree = "<group>"; };
		961D065A2906C8AC00F9B136 /* LoadFeedFromCacheUseCaseTests.swift */ = {isa = PBXFileReference; lastKnownFileType = sourcecode.swift; path = LoadFeedFromCacheUseCaseTests.swift; sourceTree = "<group>"; };
		961D065D2906CCA300F9B136 /* FeedStoreSpy.swift */ = {isa = PBXFileReference; lastKnownFileType = sourcecode.swift; path = FeedStoreSpy.swift; sourceTree = "<group>"; };
		961D41B029142AD80045F886 /* CoreDataFeedStoreTests.swift */ = {isa = PBXFileReference; lastKnownFileType = sourcecode.swift; path = CoreDataFeedStoreTests.swift; sourceTree = "<group>"; };
		961D41B32914325C0045F886 /* FeedStore.xcdatamodel */ = {isa = PBXFileReference; lastKnownFileType = wrapper.xcdatamodel; path = FeedStore.xcdatamodel; sourceTree = "<group>"; };
		964A0D4A28F75BBE00D36820 /* XCTestCase+MemoryLeakTracking.swift */ = {isa = PBXFileReference; lastKnownFileType = sourcecode.swift; path = "XCTestCase+MemoryLeakTracking.swift"; sourceTree = "<group>"; };
		964A0D4C28F774CA00D36820 /* URLSessionHTTPClient.swift */ = {isa = PBXFileReference; lastKnownFileType = sourcecode.swift; path = URLSessionHTTPClient.swift; sourceTree = "<group>"; };
		96566EFC293A7FFB00D9A0E1 /* FeedImageCell.swift */ = {isa = PBXFileReference; lastKnownFileType = sourcecode.swift; path = FeedImageCell.swift; sourceTree = "<group>"; };
		965BC94E28F841940058A7EB /* EssentialFeedAPIEndToEndTests.xctest */ = {isa = PBXFileReference; explicitFileType = wrapper.cfbundle; includeInIndex = 0; path = EssentialFeedAPIEndToEndTests.xctest; sourceTree = BUILT_PRODUCTS_DIR; };
		965BC95028F841940058A7EB /* EssentialFeedAPIEndToEndTests.swift */ = {isa = PBXFileReference; lastKnownFileType = sourcecode.swift; path = EssentialFeedAPIEndToEndTests.swift; sourceTree = "<group>"; };
		96737BD72905E2F70002FB20 /* RemoteFeedItem.swift */ = {isa = PBXFileReference; lastKnownFileType = sourcecode.swift; path = RemoteFeedItem.swift; sourceTree = "<group>"; };
		96737BD92905E3D30002FB20 /* LocalFeedImage.swift */ = {isa = PBXFileReference; lastKnownFileType = sourcecode.swift; path = LocalFeedImage.swift; sourceTree = "<group>"; };
		967A557129129E880011C71D /* FeedStoreSpecs.swift */ = {isa = PBXFileReference; lastKnownFileType = sourcecode.swift; path = FeedStoreSpecs.swift; sourceTree = "<group>"; };
		967A55732912AC0E0011C71D /* XCTestCase+FeedStoreSpecs.swift */ = {isa = PBXFileReference; lastKnownFileType = sourcecode.swift; path = "XCTestCase+FeedStoreSpecs.swift"; sourceTree = "<group>"; };
		967F3742290C214800BDF3D2 /* FeedCachePolicy.swift */ = {isa = PBXFileReference; lastKnownFileType = sourcecode.swift; path = FeedCachePolicy.swift; sourceTree = "<group>"; };
		9680911B293114A500D636CB /* FeedUIIntegrationTests.swift */ = {isa = PBXFileReference; lastKnownFileType = sourcecode.swift; path = FeedUIIntegrationTests.swift; sourceTree = "<group>"; };
		9680912429314EE600D636CB /* FeedViewController.swift */ = {isa = PBXFileReference; lastKnownFileType = sourcecode.swift; path = FeedViewController.swift; sourceTree = "<group>"; };
		96885E2529154DC30078D997 /* ManagedCache.swift */ = {isa = PBXFileReference; lastKnownFileType = sourcecode.swift; path = ManagedCache.swift; sourceTree = "<group>"; };
		96885E2729154DFD0078D997 /* ManagedFeedImage.swift */ = {isa = PBXFileReference; lastKnownFileType = sourcecode.swift; path = ManagedFeedImage.swift; sourceTree = "<group>"; };
		96885E2A291553310078D997 /* CoreDataHelpers.swift */ = {isa = PBXFileReference; lastKnownFileType = sourcecode.swift; path = CoreDataHelpers.swift; sourceTree = "<group>"; };
		9689E452290AC4500079FF5E /* ValidateFeedCacheUseCaseTests.swift */ = {isa = PBXFileReference; lastKnownFileType = sourcecode.swift; path = ValidateFeedCacheUseCaseTests.swift; sourceTree = "<group>"; };
		9689E454290ACD6E0079FF5E /* FeedCacheTestHelpers.swift */ = {isa = PBXFileReference; lastKnownFileType = sourcecode.swift; path = FeedCacheTestHelpers.swift; sourceTree = "<group>"; };
		9689E456290ACEB50079FF5E /* SharedTestHelpers.swift */ = {isa = PBXFileReference; lastKnownFileType = sourcecode.swift; path = SharedTestHelpers.swift; sourceTree = "<group>"; };
		968F1935296E023900628A00 /* FeedImageViewModel.swift */ = {isa = PBXFileReference; lastKnownFileType = sourcecode.swift; path = FeedImageViewModel.swift; sourceTree = "<group>"; };
		969325E828F45A3200849DAF /* HTTPClient.swift */ = {isa = PBXFileReference; lastKnownFileType = sourcecode.swift; path = HTTPClient.swift; sourceTree = "<group>"; };
		969325EA28F45CAE00849DAF /* FeedItemsMapper.swift */ = {isa = PBXFileReference; lastKnownFileType = sourcecode.swift; path = FeedItemsMapper.swift; sourceTree = "<group>"; };
		9698612028ED9DCE00BFD69B /* EssentialFeed.framework */ = {isa = PBXFileReference; explicitFileType = wrapper.framework; includeInIndex = 0; path = EssentialFeed.framework; sourceTree = BUILT_PRODUCTS_DIR; };
		9698612328ED9DCE00BFD69B /* EssentialFeed.h */ = {isa = PBXFileReference; lastKnownFileType = sourcecode.c.h; path = EssentialFeed.h; sourceTree = "<group>"; };
		9698612428ED9DCE00BFD69B /* EssentialFeed.docc */ = {isa = PBXFileReference; lastKnownFileType = folder.documentationcatalog; path = EssentialFeed.docc; sourceTree = "<group>"; };
		9698612A28ED9DCF00BFD69B /* EssentialFeedTests.xctest */ = {isa = PBXFileReference; explicitFileType = wrapper.cfbundle; includeInIndex = 0; path = EssentialFeedTests.xctest; sourceTree = BUILT_PRODUCTS_DIR; };
		9698612F28ED9DCF00BFD69B /* EssentialFeedTests.swift */ = {isa = PBXFileReference; lastKnownFileType = sourcecode.swift; path = EssentialFeedTests.swift; sourceTree = "<group>"; };
		9698613A28ED9F8B00BFD69B /* FeedImage.swift */ = {isa = PBXFileReference; lastKnownFileType = sourcecode.swift; path = FeedImage.swift; sourceTree = "<group>"; };
		9698613C28EDA12800BFD69B /* FeedLoader.swift */ = {isa = PBXFileReference; lastKnownFileType = sourcecode.swift; path = FeedLoader.swift; sourceTree = "<group>"; };
		9698614228EDB36A00BFD69B /* LoadFeedFromRemoteUseCaseTests.swift */ = {isa = PBXFileReference; lastKnownFileType = sourcecode.swift; path = LoadFeedFromRemoteUseCaseTests.swift; sourceTree = "<group>"; };
		9698614528EDD4F300BFD69B /* RemoteFeedLoader.swift */ = {isa = PBXFileReference; lastKnownFileType = sourcecode.swift; path = RemoteFeedLoader.swift; sourceTree = "<group>"; };
		96A02DFE2979859200855F88 /* Feed.xcassets */ = {isa = PBXFileReference; lastKnownFileType = folder.assetcatalog; path = Feed.xcassets; sourceTree = "<group>"; };
		96A02E002979C0F600855F88 /* UITableView+Dequeueing.swift */ = {isa = PBXFileReference; lastKnownFileType = sourcecode.swift; path = "UITableView+Dequeueing.swift"; sourceTree = "<group>"; };
		96A02E032979C3C600855F88 /* UIImageView+Animations.swift */ = {isa = PBXFileReference; lastKnownFileType = sourcecode.swift; path = "UIImageView+Animations.swift"; sourceTree = "<group>"; };
		96A04C7F297B18EF009AEB9E /* FeedViewControllerTests+Localization.swift */ = {isa = PBXFileReference; lastKnownFileType = sourcecode.swift; path = "FeedViewControllerTests+Localization.swift"; sourceTree = "<group>"; };
		96A04C82297B1A8D009AEB9E /* en */ = {isa = PBXFileReference; lastKnownFileType = text.plist.strings; name = en; path = en.lproj/Feed.strings; sourceTree = "<group>"; };
		96A04C84297B1AE9009AEB9E /* pt-BR */ = {isa = PBXFileReference; lastKnownFileType = text.plist.strings; name = "pt-BR"; path = "pt-BR.lproj/Feed.strings"; sourceTree = "<group>"; };
		96A04C86297B1BAF009AEB9E /* FeedLocalizationTests.swift */ = {isa = PBXFileReference; lastKnownFileType = sourcecode.swift; path = FeedLocalizationTests.swift; sourceTree = "<group>"; };
		96A46BBD2919347B00FF7F0E /* EssentialFeedCacheIntegrationTests.xctest */ = {isa = PBXFileReference; explicitFileType = wrapper.cfbundle; includeInIndex = 0; path = EssentialFeedCacheIntegrationTests.xctest; sourceTree = BUILT_PRODUCTS_DIR; };
		96A46BBF2919347B00FF7F0E /* EssentialFeedCacheIntegrationTests.swift */ = {isa = PBXFileReference; lastKnownFileType = sourcecode.swift; path = EssentialFeedCacheIntegrationTests.swift; sourceTree = "<group>"; };
		96A9E2E3293F9FC200BC9991 /* UIKit+Shimmering.swift */ = {isa = PBXFileReference; lastKnownFileType = sourcecode.swift; path = "UIKit+Shimmering.swift"; sourceTree = "<group>"; };
		96C1963F296702E800FCA571 /* FeedImageDataLoader.swift */ = {isa = PBXFileReference; lastKnownFileType = sourcecode.swift; path = FeedImageDataLoader.swift; sourceTree = "<group>"; };
		96C196412967051C00FCA571 /* UIButton+TestHelpers.swift */ = {isa = PBXFileReference; lastKnownFileType = sourcecode.swift; path = "UIButton+TestHelpers.swift"; sourceTree = "<group>"; };
		96C196432967057C00FCA571 /* UIControl+TestHelpers.swift */ = {isa = PBXFileReference; lastKnownFileType = sourcecode.swift; path = "UIControl+TestHelpers.swift"; sourceTree = "<group>"; };
		96C19645296705BF00FCA571 /* UIImage+TestHelpers.swift */ = {isa = PBXFileReference; lastKnownFileType = sourcecode.swift; path = "UIImage+TestHelpers.swift"; sourceTree = "<group>"; };
		96C19647296705F800FCA571 /* UIRefreshControl+TestHelpers.swift */ = {isa = PBXFileReference; lastKnownFileType = sourcecode.swift; path = "UIRefreshControl+TestHelpers.swift"; sourceTree = "<group>"; };
		96C19649296706A400FCA571 /* FeedImageCell+TestHelpers.swift */ = {isa = PBXFileReference; lastKnownFileType = sourcecode.swift; path = "FeedImageCell+TestHelpers.swift"; sourceTree = "<group>"; };
		96C1964B2967075C00FCA571 /* FeedViewController+TestHelpers.swift */ = {isa = PBXFileReference; lastKnownFileType = sourcecode.swift; path = "FeedViewController+TestHelpers.swift"; sourceTree = "<group>"; };
		96C1964D2967081000FCA571 /* FeedViewControllerTests+Assertions.swift */ = {isa = PBXFileReference; lastKnownFileType = sourcecode.swift; path = "FeedViewControllerTests+Assertions.swift"; sourceTree = "<group>"; };
		96C1964F296708E200FCA571 /* FeedViewControllerTests+LoaderSpy.swift */ = {isa = PBXFileReference; lastKnownFileType = sourcecode.swift; path = "FeedViewControllerTests+LoaderSpy.swift"; sourceTree = "<group>"; };
		96C1965329674DF800FCA571 /* FeedImageCellController.swift */ = {isa = PBXFileReference; lastKnownFileType = sourcecode.swift; path = FeedImageCellController.swift; sourceTree = "<group>"; };
		96C196552967594E00FCA571 /* FeedUIComposer.swift */ = {isa = PBXFileReference; lastKnownFileType = sourcecode.swift; path = FeedUIComposer.swift; sourceTree = "<group>"; };
		96C708EC29718A73004374CA /* FeedPresenter.swift */ = {isa = PBXFileReference; lastKnownFileType = sourcecode.swift; path = FeedPresenter.swift; sourceTree = "<group>"; };
		96C708EE2971CD31004374CA /* FeedImagePresenter.swift */ = {isa = PBXFileReference; lastKnownFileType = sourcecode.swift; path = FeedImagePresenter.swift; sourceTree = "<group>"; };
		96C708F02971DFC3004374CA /* FeedLoadingViewModel.swift */ = {isa = PBXFileReference; lastKnownFileType = sourcecode.swift; path = FeedLoadingViewModel.swift; sourceTree = "<group>"; };
		96C708F22971DFFB004374CA /* FeedViewModel.swift */ = {isa = PBXFileReference; lastKnownFileType = sourcecode.swift; path = FeedViewModel.swift; sourceTree = "<group>"; };
		96EC632A29148536006C7104 /* CoreDataFeedStore.swift */ = {isa = PBXFileReference; lastKnownFileType = sourcecode.swift; path = CoreDataFeedStore.swift; sourceTree = "<group>"; };
		96F8E62D292FF23E00767D2E /* EssentialFeediOS.framework */ = {isa = PBXFileReference; explicitFileType = wrapper.framework; includeInIndex = 0; path = EssentialFeediOS.framework; sourceTree = BUILT_PRODUCTS_DIR; };
		96F8E630292FF23E00767D2E /* EssentialFeediOS.docc */ = {isa = PBXFileReference; lastKnownFileType = folder.documentationcatalog; path = EssentialFeediOS.docc; sourceTree = "<group>"; };
		96F8E636292FF23E00767D2E /* EssentialFeediOSTests.xctest */ = {isa = PBXFileReference; explicitFileType = wrapper.cfbundle; includeInIndex = 0; path = EssentialFeediOSTests.xctest; sourceTree = BUILT_PRODUCTS_DIR; };
		96F97151297F1C32002C61C4 /* MainThreadDispatchDecoratorMainThreadDispatchDecorator.swift */ = {isa = PBXFileReference; lastKnownFileType = sourcecode.swift; path = MainThreadDispatchDecoratorMainThreadDispatchDecorator.swift; sourceTree = "<group>"; };
		96F97153297F1C95002C61C4 /* WeakRefVirtualProxy.swift */ = {isa = PBXFileReference; lastKnownFileType = sourcecode.swift; path = WeakRefVirtualProxy.swift; sourceTree = "<group>"; };
		96F97155297F1CFF002C61C4 /* FeedViewAdapter.swift */ = {isa = PBXFileReference; lastKnownFileType = sourcecode.swift; path = FeedViewAdapter.swift; sourceTree = "<group>"; };
		96F97157297F1D91002C61C4 /* FeedLoaderPresenterAdapter.swift */ = {isa = PBXFileReference; lastKnownFileType = sourcecode.swift; path = FeedLoaderPresenterAdapter.swift; sourceTree = "<group>"; };
		96F97159297F1E13002C61C4 /* FeedImageLoaderPresentationAdapter.swift */ = {isa = PBXFileReference; lastKnownFileType = sourcecode.swift; path = FeedImageLoaderPresentationAdapter.swift; sourceTree = "<group>"; };
/* End PBXFileReference section */

/* Begin PBXFrameworksBuildPhase section */
		965BC94B28F841940058A7EB /* Frameworks */ = {
			isa = PBXFrameworksBuildPhase;
			buildActionMask = 2147483647;
			files = (
				965BC95228F841940058A7EB /* EssentialFeed.framework in Frameworks */,
			);
			runOnlyForDeploymentPostprocessing = 0;
		};
		9698611D28ED9DCE00BFD69B /* Frameworks */ = {
			isa = PBXFrameworksBuildPhase;
			buildActionMask = 2147483647;
			files = (
			);
			runOnlyForDeploymentPostprocessing = 0;
		};
		9698612728ED9DCF00BFD69B /* Frameworks */ = {
			isa = PBXFrameworksBuildPhase;
			buildActionMask = 2147483647;
			files = (
				9698612B28ED9DCF00BFD69B /* EssentialFeed.framework in Frameworks */,
			);
			runOnlyForDeploymentPostprocessing = 0;
		};
		96A46BBA2919347B00FF7F0E /* Frameworks */ = {
			isa = PBXFrameworksBuildPhase;
			buildActionMask = 2147483647;
			files = (
				96A46BC12919347B00FF7F0E /* EssentialFeed.framework in Frameworks */,
			);
			runOnlyForDeploymentPostprocessing = 0;
		};
		96F8E62A292FF23E00767D2E /* Frameworks */ = {
			isa = PBXFrameworksBuildPhase;
			buildActionMask = 2147483647;
			files = (
				9680911E293119C800D636CB /* EssentialFeed.framework in Frameworks */,
			);
			runOnlyForDeploymentPostprocessing = 0;
		};
		96F8E633292FF23E00767D2E /* Frameworks */ = {
			isa = PBXFrameworksBuildPhase;
			buildActionMask = 2147483647;
			files = (
				96F8E637292FF23E00767D2E /* EssentialFeediOS.framework in Frameworks */,
			);
			runOnlyForDeploymentPostprocessing = 0;
		};
/* End PBXFrameworksBuildPhase section */

/* Begin PBXGroup section */
		960516AE2901CA940069FEE2 /* Feed Cache */ = {
			isa = PBXGroup;
			children = (
				967A55752912B72E0011C71D /* FeedStoreSpecs */,
				961D065C2906CC9A00F9B136 /* Helper */,
				960516AF2901CABC0069FEE2 /* FeedCacheUseCaseTests.swift */,
				961D065A2906C8AC00F9B136 /* LoadFeedFromCacheUseCaseTests.swift */,
				9689E452290AC4500079FF5E /* ValidateFeedCacheUseCaseTests.swift */,
				961D41B029142AD80045F886 /* CoreDataFeedStoreTests.swift */,
			);
			path = "Feed Cache";
			sourceTree = "<group>";
		};
		9616501A2905A6C20075E1C8 /* Feed Cache */ = {
			isa = PBXGroup;
			children = (
				96885E29291552780078D997 /* Infrastructure */,
				9616501B2905A6D50075E1C8 /* LocalFeedLoader.swift */,
				967F3742290C214800BDF3D2 /* FeedCachePolicy.swift */,
				9616501D2905A7040075E1C8 /* FeedStore.swift */,
				96737BD92905E3D30002FB20 /* LocalFeedImage.swift */,
			);
			path = "Feed Cache";
			sourceTree = "<group>";
		};
		961D065C2906CC9A00F9B136 /* Helper */ = {
			isa = PBXGroup;
			children = (
				961D065D2906CCA300F9B136 /* FeedStoreSpy.swift */,
				9689E454290ACD6E0079FF5E /* FeedCacheTestHelpers.swift */,
			);
			path = Helper;
			sourceTree = "<group>";
		};
		964A0D4928F75B7600D36820 /* Helpers */ = {
			isa = PBXGroup;
			children = (
				964A0D4A28F75BBE00D36820 /* XCTestCase+MemoryLeakTracking.swift */,
				9689E456290ACEB50079FF5E /* SharedTestHelpers.swift */,
			);
			path = Helpers;
			sourceTree = "<group>";
		};
		965BC94F28F841940058A7EB /* EssentialFeedAPIEndToEndTests */ = {
			isa = PBXGroup;
			children = (
				965BC95028F841940058A7EB /* EssentialFeedAPIEndToEndTests.swift */,
			);
			path = EssentialFeedAPIEndToEndTests;
			sourceTree = "<group>";
		};
		967A55752912B72E0011C71D /* FeedStoreSpecs */ = {
			isa = PBXGroup;
			children = (
				967A557129129E880011C71D /* FeedStoreSpecs.swift */,
				967A55732912AC0E0011C71D /* XCTestCase+FeedStoreSpecs.swift */,
			);
			path = FeedStoreSpecs;
			sourceTree = "<group>";
		};
		9680911D293119C800D636CB /* Frameworks */ = {
			isa = PBXGroup;
			children = (
			);
			name = Frameworks;
			sourceTree = "<group>";
		};
		96885E29291552780078D997 /* Infrastructure */ = {
			isa = PBXGroup;
			children = (
				96885E2D291578690078D997 /* CoreData */,
			);
			path = Infrastructure;
			sourceTree = "<group>";
		};
		96885E2D291578690078D997 /* CoreData */ = {
			isa = PBXGroup;
			children = (
				96EC632A29148536006C7104 /* CoreDataFeedStore.swift */,
				96885E2A291553310078D997 /* CoreDataHelpers.swift */,
				96885E2729154DFD0078D997 /* ManagedFeedImage.swift */,
				96885E2529154DC30078D997 /* ManagedCache.swift */,
				961D41B22914325C0045F886 /* FeedStore.xcdatamodeld */,
			);
			path = CoreData;
			sourceTree = "<group>";
		};
		969325EC28F468FA00849DAF /* Feed API */ = {
			isa = PBXGroup;
			children = (
				9698614228EDB36A00BFD69B /* LoadFeedFromRemoteUseCaseTests.swift */,
				96150CD128F5BA360080A0B4 /* URLSessionHTTPClientTests.swift */,
			);
			path = "Feed API";
			sourceTree = "<group>";
		};
		9698611628ED9DCE00BFD69B = {
			isa = PBXGroup;
			children = (
				9698612228ED9DCE00BFD69B /* EssentialFeed */,
				9698612E28ED9DCF00BFD69B /* EssentialFeedTests */,
				965BC94F28F841940058A7EB /* EssentialFeedAPIEndToEndTests */,
				96A46BBE2919347B00FF7F0E /* EssentialFeedCacheIntegrationTests */,
				96F8E62E292FF23E00767D2E /* EssentialFeediOS */,
				96F8E63A292FF23E00767D2E /* EssentialFeediOSTests */,
				9698612128ED9DCE00BFD69B /* Products */,
				9680911D293119C800D636CB /* Frameworks */,
			);
			sourceTree = "<group>";
		};
		9698612128ED9DCE00BFD69B /* Products */ = {
			isa = PBXGroup;
			children = (
				9698612028ED9DCE00BFD69B /* EssentialFeed.framework */,
				9698612A28ED9DCF00BFD69B /* EssentialFeedTests.xctest */,
				965BC94E28F841940058A7EB /* EssentialFeedAPIEndToEndTests.xctest */,
				96A46BBD2919347B00FF7F0E /* EssentialFeedCacheIntegrationTests.xctest */,
				96F8E62D292FF23E00767D2E /* EssentialFeediOS.framework */,
				96F8E636292FF23E00767D2E /* EssentialFeediOSTests.xctest */,
			);
			name = Products;
			sourceTree = "<group>";
		};
		9698612228ED9DCE00BFD69B /* EssentialFeed */ = {
			isa = PBXGroup;
			children = (
				9698612328ED9DCE00BFD69B /* EssentialFeed.h */,
				9698612428ED9DCE00BFD69B /* EssentialFeed.docc */,
				9616501A2905A6C20075E1C8 /* Feed Cache */,
				9698614428EDD4CF00BFD69B /* Feed API */,
				9698613F28EDA2C000BFD69B /* FeedFeature */,
			);
			path = EssentialFeed;
			sourceTree = "<group>";
		};
		9698612E28ED9DCF00BFD69B /* EssentialFeedTests */ = {
			isa = PBXGroup;
			children = (
				9698612F28ED9DCF00BFD69B /* EssentialFeedTests.swift */,
				964A0D4928F75B7600D36820 /* Helpers */,
				969325EC28F468FA00849DAF /* Feed API */,
				960516AE2901CA940069FEE2 /* Feed Cache */,
			);
			path = EssentialFeedTests;
			sourceTree = "<group>";
		};
		9698613F28EDA2C000BFD69B /* FeedFeature */ = {
			isa = PBXGroup;
			children = (
				9698613A28ED9F8B00BFD69B /* FeedImage.swift */,
				9698613C28EDA12800BFD69B /* FeedLoader.swift */,
			);
			path = FeedFeature;
			sourceTree = "<group>";
		};
		9698614428EDD4CF00BFD69B /* Feed API */ = {
			isa = PBXGroup;
			children = (
				9698614528EDD4F300BFD69B /* RemoteFeedLoader.swift */,
				969325EA28F45CAE00849DAF /* FeedItemsMapper.swift */,
				96737BD72905E2F70002FB20 /* RemoteFeedItem.swift */,
				969325E828F45A3200849DAF /* HTTPClient.swift */,
				964A0D4C28F774CA00D36820 /* URLSessionHTTPClient.swift */,
			);
			path = "Feed API";
			sourceTree = "<group>";
		};
		96A04C85297B1B8C009AEB9E /* Feed Presentation */ = {
			isa = PBXGroup;
			children = (
				96A04C86297B1BAF009AEB9E /* FeedLocalizationTests.swift */,
			);
			path = "Feed Presentation";
			sourceTree = "<group>";
		};
		96A46BBE2919347B00FF7F0E /* EssentialFeedCacheIntegrationTests */ = {
			isa = PBXGroup;
			children = (
				96A46BBF2919347B00FF7F0E /* EssentialFeedCacheIntegrationTests.swift */,
			);
			path = EssentialFeedCacheIntegrationTests;
			sourceTree = "<group>";
		};
		96C708EB29718964004374CA /* Feed Presentation */ = {
			isa = PBXGroup;
			children = (
				968F1935296E023900628A00 /* FeedImageViewModel.swift */,
				96C708EE2971CD31004374CA /* FeedImagePresenter.swift */,
				96C708EC29718A73004374CA /* FeedPresenter.swift */,
				96C708F22971DFFB004374CA /* FeedViewModel.swift */,
				96C708F02971DFC3004374CA /* FeedLoadingViewModel.swift */,
				96A04C83297B1A8D009AEB9E /* Feed.strings */,
			);
			path = "Feed Presentation";
			sourceTree = "<group>";
		};
		96D734B62948E1D100915235 /* Feed UI */ = {
			isa = PBXGroup;
			children = (
				96D734BC2948E37000915235 /* Helpers */,
			);
			path = "Feed UI";
			sourceTree = "<group>";
		};
		96D734B72948E25100915235 /* Feed Image Loader */ = {
			isa = PBXGroup;
			children = (
				96C1963F296702E800FCA571 /* FeedImageDataLoader.swift */,
			);
			path = "Feed Image Loader";
			sourceTree = "<group>";
		};
		96D734B82948E26900915235 /* Feed UI */ = {
			isa = PBXGroup;
			children = (
				96D734BA2948E29400915235 /* Composers */,
				96D734B92948E28400915235 /* Controllers */,
				96D734BB2948E2BC00915235 /* Views */,
			);
			path = "Feed UI";
			sourceTree = "<group>";
		};
		96D734B92948E28400915235 /* Controllers */ = {
			isa = PBXGroup;
			children = (
				9680912429314EE600D636CB /* FeedViewController.swift */,
				96C1965329674DF800FCA571 /* FeedImageCellController.swift */,
			);
			path = Controllers;
			sourceTree = "<group>";
		};
		96D734BA2948E29400915235 /* Composers */ = {
			isa = PBXGroup;
			children = (
				96C196552967594E00FCA571 /* FeedUIComposer.swift */,
				96F97159297F1E13002C61C4 /* FeedImageLoaderPresentationAdapter.swift */,
				96F97157297F1D91002C61C4 /* FeedLoaderPresenterAdapter.swift */,
				96F97155297F1CFF002C61C4 /* FeedViewAdapter.swift */,
				96F97151297F1C32002C61C4 /* MainThreadDispatchDecoratorMainThreadDispatchDecorator.swift */,
				96F97153297F1C95002C61C4 /* WeakRefVirtualProxy.swift */,
			);
			path = Composers;
			sourceTree = "<group>";
		};
		96D734BB2948E2BC00915235 /* Views */ = {
			isa = PBXGroup;
			children = (
				96566EFC293A7FFB00D9A0E1 /* FeedImageCell.swift */,
				96A9E2E3293F9FC200BC9991 /* UIKit+Shimmering.swift */,
				96A02E002979C0F600855F88 /* UITableView+Dequeueing.swift */,
				96A02E032979C3C600855F88 /* UIImageView+Animations.swift */,
				96037F622979825D008B07A3 /* Feed.storyboard */,
				96A02DFE2979859200855F88 /* Feed.xcassets */,
			);
			path = Views;
			sourceTree = "<group>";
		};
		96D734BC2948E37000915235 /* Helpers */ = {
			isa = PBXGroup;
			children = (
				96C196412967051C00FCA571 /* UIButton+TestHelpers.swift */,
				96C196432967057C00FCA571 /* UIControl+TestHelpers.swift */,
				96C19645296705BF00FCA571 /* UIImage+TestHelpers.swift */,
				96C19647296705F800FCA571 /* UIRefreshControl+TestHelpers.swift */,
				96C19649296706A400FCA571 /* FeedImageCell+TestHelpers.swift */,
				96C1964B2967075C00FCA571 /* FeedViewController+TestHelpers.swift */,
				96C1964D2967081000FCA571 /* FeedViewControllerTests+Assertions.swift */,
				96C1964F296708E200FCA571 /* FeedViewControllerTests+LoaderSpy.swift */,
				96A04C7F297B18EF009AEB9E /* FeedViewControllerTests+Localization.swift */,
			);
			path = Helpers;
			sourceTree = "<group>";
		};
		96F8E62E292FF23E00767D2E /* EssentialFeediOS */ = {
			isa = PBXGroup;
			children = (
				96D734B72948E25100915235 /* Feed Image Loader */,
				96C708EB29718964004374CA /* Feed Presentation */,
				96D734B82948E26900915235 /* Feed UI */,
				96F8E630292FF23E00767D2E /* EssentialFeediOS.docc */,
			);
			path = EssentialFeediOS;
			sourceTree = "<group>";
		};
		96F8E63A292FF23E00767D2E /* EssentialFeediOSTests */ = {
			isa = PBXGroup;
			children = (
				96A04C85297B1B8C009AEB9E /* Feed Presentation */,
				96D734B62948E1D100915235 /* Feed UI */,
				9680911B293114A500D636CB /* FeedUIIntegrationTests.swift */,
			);
			path = EssentialFeediOSTests;
			sourceTree = "<group>";
		};
/* End PBXGroup section */

/* Begin PBXHeadersBuildPhase section */
		9698611B28ED9DCE00BFD69B /* Headers */ = {
			isa = PBXHeadersBuildPhase;
			buildActionMask = 2147483647;
			files = (
				9698613128ED9DCF00BFD69B /* EssentialFeed.h in Headers */,
			);
			runOnlyForDeploymentPostprocessing = 0;
		};
		96F8E628292FF23E00767D2E /* Headers */ = {
			isa = PBXHeadersBuildPhase;
			buildActionMask = 2147483647;
			files = (
			);
			runOnlyForDeploymentPostprocessing = 0;
		};
/* End PBXHeadersBuildPhase section */

/* Begin PBXNativeTarget section */
		965BC94D28F841940058A7EB /* EssentialFeedAPIEndToEndTests */ = {
			isa = PBXNativeTarget;
			buildConfigurationList = 965BC95728F841940058A7EB /* Build configuration list for PBXNativeTarget "EssentialFeedAPIEndToEndTests" */;
			buildPhases = (
				965BC94A28F841940058A7EB /* Sources */,
				965BC94B28F841940058A7EB /* Frameworks */,
				965BC94C28F841940058A7EB /* Resources */,
			);
			buildRules = (
			);
			dependencies = (
				965BC95428F841940058A7EB /* PBXTargetDependency */,
			);
			name = EssentialFeedAPIEndToEndTests;
			productName = EssentialFeedAPIEndToEndTests;
			productReference = 965BC94E28F841940058A7EB /* EssentialFeedAPIEndToEndTests.xctest */;
			productType = "com.apple.product-type.bundle.unit-test";
		};
		9698611F28ED9DCE00BFD69B /* EssentialFeed */ = {
			isa = PBXNativeTarget;
			buildConfigurationList = 9698613428ED9DCF00BFD69B /* Build configuration list for PBXNativeTarget "EssentialFeed" */;
			buildPhases = (
				9698611B28ED9DCE00BFD69B /* Headers */,
				9698611C28ED9DCE00BFD69B /* Sources */,
				9698611D28ED9DCE00BFD69B /* Frameworks */,
				9698611E28ED9DCE00BFD69B /* Resources */,
			);
			buildRules = (
			);
			dependencies = (
			);
			name = EssentialFeed;
			productName = EssentialFeed;
			productReference = 9698612028ED9DCE00BFD69B /* EssentialFeed.framework */;
			productType = "com.apple.product-type.framework";
		};
		9698612928ED9DCF00BFD69B /* EssentialFeedTests */ = {
			isa = PBXNativeTarget;
			buildConfigurationList = 9698613728ED9DCF00BFD69B /* Build configuration list for PBXNativeTarget "EssentialFeedTests" */;
			buildPhases = (
				9698612628ED9DCF00BFD69B /* Sources */,
				9698612728ED9DCF00BFD69B /* Frameworks */,
				9698612828ED9DCF00BFD69B /* Resources */,
			);
			buildRules = (
			);
			dependencies = (
				9698612D28ED9DCF00BFD69B /* PBXTargetDependency */,
			);
			name = EssentialFeedTests;
			productName = EssentialFeedTests;
			productReference = 9698612A28ED9DCF00BFD69B /* EssentialFeedTests.xctest */;
			productType = "com.apple.product-type.bundle.unit-test";
		};
		96A46BBC2919347B00FF7F0E /* EssentialFeedCacheIntegrationTests */ = {
			isa = PBXNativeTarget;
			buildConfigurationList = 96A46BC62919347B00FF7F0E /* Build configuration list for PBXNativeTarget "EssentialFeedCacheIntegrationTests" */;
			buildPhases = (
				96A46BB92919347B00FF7F0E /* Sources */,
				96A46BBA2919347B00FF7F0E /* Frameworks */,
				96A46BBB2919347B00FF7F0E /* Resources */,
			);
			buildRules = (
			);
			dependencies = (
				96A46BC32919347B00FF7F0E /* PBXTargetDependency */,
			);
			name = EssentialFeedCacheIntegrationTests;
			productName = EssentialFeedCacheIntegrationTests;
			productReference = 96A46BBD2919347B00FF7F0E /* EssentialFeedCacheIntegrationTests.xctest */;
			productType = "com.apple.product-type.bundle.unit-test";
		};
		96F8E62C292FF23E00767D2E /* EssentialFeediOS */ = {
			isa = PBXNativeTarget;
			buildConfigurationList = 96F8E63E292FF23E00767D2E /* Build configuration list for PBXNativeTarget "EssentialFeediOS" */;
			buildPhases = (
				96F8E628292FF23E00767D2E /* Headers */,
				96F8E629292FF23E00767D2E /* Sources */,
				96F8E62A292FF23E00767D2E /* Frameworks */,
				96F8E62B292FF23E00767D2E /* Resources */,
				96809122293119C900D636CB /* Embed Frameworks */,
			);
			buildRules = (
			);
			dependencies = (
				96809121293119C900D636CB /* PBXTargetDependency */,
			);
			name = EssentialFeediOS;
			productName = EssentialFeediOS;
			productReference = 96F8E62D292FF23E00767D2E /* EssentialFeediOS.framework */;
			productType = "com.apple.product-type.framework";
		};
		96F8E635292FF23E00767D2E /* EssentialFeediOSTests */ = {
			isa = PBXNativeTarget;
			buildConfigurationList = 96F8E641292FF23E00767D2E /* Build configuration list for PBXNativeTarget "EssentialFeediOSTests" */;
			buildPhases = (
				96F8E632292FF23E00767D2E /* Sources */,
				96F8E633292FF23E00767D2E /* Frameworks */,
				96F8E634292FF23E00767D2E /* Resources */,
			);
			buildRules = (
			);
			dependencies = (
				96F8E639292FF23E00767D2E /* PBXTargetDependency */,
			);
			name = EssentialFeediOSTests;
			productName = EssentialFeediOSTests;
			productReference = 96F8E636292FF23E00767D2E /* EssentialFeediOSTests.xctest */;
			productType = "com.apple.product-type.bundle.unit-test";
		};
/* End PBXNativeTarget section */

/* Begin PBXProject section */
		9698611728ED9DCE00BFD69B /* Project object */ = {
			isa = PBXProject;
			attributes = {
				BuildIndependentTargetsInParallel = 1;
				LastSwiftUpdateCheck = 1410;
				LastUpgradeCheck = 1410;
				TargetAttributes = {
					965BC94D28F841940058A7EB = {
						CreatedOnToolsVersion = 14.0.1;
					};
					9698611F28ED9DCE00BFD69B = {
						CreatedOnToolsVersion = 14.0.1;
					};
					9698612928ED9DCF00BFD69B = {
						CreatedOnToolsVersion = 14.0.1;
					};
					96A46BBC2919347B00FF7F0E = {
						CreatedOnToolsVersion = 14.1;
					};
					96F8E62C292FF23E00767D2E = {
						CreatedOnToolsVersion = 14.1;
					};
					96F8E635292FF23E00767D2E = {
						CreatedOnToolsVersion = 14.1;
						LastSwiftMigration = 1410;
					};
				};
			};
			buildConfigurationList = 9698611A28ED9DCE00BFD69B /* Build configuration list for PBXProject "EssentialFeed" */;
			compatibilityVersion = "Xcode 14.0";
			developmentRegion = en;
			hasScannedForEncodings = 0;
			knownRegions = (
				en,
				Base,
				"pt-BR",
			);
			mainGroup = 9698611628ED9DCE00BFD69B;
			productRefGroup = 9698612128ED9DCE00BFD69B /* Products */;
			projectDirPath = "";
			projectRoot = "";
			targets = (
				9698611F28ED9DCE00BFD69B /* EssentialFeed */,
				9698612928ED9DCF00BFD69B /* EssentialFeedTests */,
				965BC94D28F841940058A7EB /* EssentialFeedAPIEndToEndTests */,
				96A46BBC2919347B00FF7F0E /* EssentialFeedCacheIntegrationTests */,
				96F8E62C292FF23E00767D2E /* EssentialFeediOS */,
				96F8E635292FF23E00767D2E /* EssentialFeediOSTests */,
			);
		};
/* End PBXProject section */

/* Begin PBXResourcesBuildPhase section */
		965BC94C28F841940058A7EB /* Resources */ = {
			isa = PBXResourcesBuildPhase;
			buildActionMask = 2147483647;
			files = (
			);
			runOnlyForDeploymentPostprocessing = 0;
		};
		9698611E28ED9DCE00BFD69B /* Resources */ = {
			isa = PBXResourcesBuildPhase;
			buildActionMask = 2147483647;
			files = (
			);
			runOnlyForDeploymentPostprocessing = 0;
		};
		9698612828ED9DCF00BFD69B /* Resources */ = {
			isa = PBXResourcesBuildPhase;
			buildActionMask = 2147483647;
			files = (
			);
			runOnlyForDeploymentPostprocessing = 0;
		};
		96A46BBB2919347B00FF7F0E /* Resources */ = {
			isa = PBXResourcesBuildPhase;
			buildActionMask = 2147483647;
			files = (
			);
			runOnlyForDeploymentPostprocessing = 0;
		};
		96F8E62B292FF23E00767D2E /* Resources */ = {
			isa = PBXResourcesBuildPhase;
			buildActionMask = 2147483647;
			files = (
				96037F632979825D008B07A3 /* Feed.storyboard in Resources */,
				96A02DFF2979859200855F88 /* Feed.xcassets in Resources */,
				96A04C81297B1A8D009AEB9E /* Feed.strings in Resources */,
			);
			runOnlyForDeploymentPostprocessing = 0;
		};
		96F8E634292FF23E00767D2E /* Resources */ = {
			isa = PBXResourcesBuildPhase;
			buildActionMask = 2147483647;
			files = (
			);
			runOnlyForDeploymentPostprocessing = 0;
		};
/* End PBXResourcesBuildPhase section */

/* Begin PBXSourcesBuildPhase section */
		965BC94A28F841940058A7EB /* Sources */ = {
			isa = PBXSourcesBuildPhase;
			buildActionMask = 2147483647;
			files = (
				9616A9B128F8587000DD758E /* XCTestCase+MemoryLeakTracking.swift in Sources */,
				965BC95128F841940058A7EB /* EssentialFeedAPIEndToEndTests.swift in Sources */,
			);
			runOnlyForDeploymentPostprocessing = 0;
		};
		9698611C28ED9DCE00BFD69B /* Sources */ = {
			isa = PBXSourcesBuildPhase;
			buildActionMask = 2147483647;
			files = (
				96EC632B29148536006C7104 /* CoreDataFeedStore.swift in Sources */,
				96737BDA2905E3D30002FB20 /* LocalFeedImage.swift in Sources */,
				9616501E2905A7040075E1C8 /* FeedStore.swift in Sources */,
				964A0D4D28F774CA00D36820 /* URLSessionHTTPClient.swift in Sources */,
				9698614628EDD4F300BFD69B /* RemoteFeedLoader.swift in Sources */,
				969325E928F45A3200849DAF /* HTTPClient.swift in Sources */,
				96885E2B291553310078D997 /* CoreDataHelpers.swift in Sources */,
				961D41B42914325C0045F886 /* FeedStore.xcdatamodeld in Sources */,
				9698613D28EDA12800BFD69B /* FeedLoader.swift in Sources */,
				969325EB28F45CAE00849DAF /* FeedItemsMapper.swift in Sources */,
				96737BD82905E2F70002FB20 /* RemoteFeedItem.swift in Sources */,
				967F3743290C214800BDF3D2 /* FeedCachePolicy.swift in Sources */,
				9698613B28ED9F8B00BFD69B /* FeedImage.swift in Sources */,
				9616501C2905A6D50075E1C8 /* LocalFeedLoader.swift in Sources */,
				96885E2629154DC30078D997 /* ManagedCache.swift in Sources */,
				9698612528ED9DCE00BFD69B /* EssentialFeed.docc in Sources */,
				96885E2829154DFD0078D997 /* ManagedFeedImage.swift in Sources */,
			);
			runOnlyForDeploymentPostprocessing = 0;
		};
		9698612628ED9DCF00BFD69B /* Sources */ = {
			isa = PBXSourcesBuildPhase;
			buildActionMask = 2147483647;
			files = (
				967A55742912AC0E0011C71D /* XCTestCase+FeedStoreSpecs.swift in Sources */,
				9698614328EDB36A00BFD69B /* LoadFeedFromRemoteUseCaseTests.swift in Sources */,
				960516B02901CABC0069FEE2 /* FeedCacheUseCaseTests.swift in Sources */,
				9689E457290ACEB50079FF5E /* SharedTestHelpers.swift in Sources */,
				96150CD228F5BA360080A0B4 /* URLSessionHTTPClientTests.swift in Sources */,
				961D41B129142AD80045F886 /* CoreDataFeedStoreTests.swift in Sources */,
				964A0D4B28F75BBE00D36820 /* XCTestCase+MemoryLeakTracking.swift in Sources */,
				9689E455290ACD6E0079FF5E /* FeedCacheTestHelpers.swift in Sources */,
				9689E453290AC4500079FF5E /* ValidateFeedCacheUseCaseTests.swift in Sources */,
				961D065E2906CCA300F9B136 /* FeedStoreSpy.swift in Sources */,
				961D065B2906C8AC00F9B136 /* LoadFeedFromCacheUseCaseTests.swift in Sources */,
				967A557229129E880011C71D /* FeedStoreSpecs.swift in Sources */,
				9698613028ED9DCF00BFD69B /* EssentialFeedTests.swift in Sources */,
			);
			runOnlyForDeploymentPostprocessing = 0;
		};
		96A46BB92919347B00FF7F0E /* Sources */ = {
			isa = PBXSourcesBuildPhase;
			buildActionMask = 2147483647;
			files = (
				96A46BCA29193EF900FF7F0E /* FeedCacheTestHelpers.swift in Sources */,
				96A46BC02919347B00FF7F0E /* EssentialFeedCacheIntegrationTests.swift in Sources */,
				96A46BCB29193F1500FF7F0E /* SharedTestHelpers.swift in Sources */,
				96A46BC82919395300FF7F0E /* XCTestCase+MemoryLeakTracking.swift in Sources */,
			);
			runOnlyForDeploymentPostprocessing = 0;
		};
		96F8E629292FF23E00767D2E /* Sources */ = {
			isa = PBXSourcesBuildPhase;
			buildActionMask = 2147483647;
			files = (
				96C19640296702E800FCA571 /* FeedImageDataLoader.swift in Sources */,
				96C196562967594E00FCA571 /* FeedUIComposer.swift in Sources */,
				96F97154297F1C95002C61C4 /* WeakRefVirtualProxy.swift in Sources */,
				9680912529314EE600D636CB /* FeedViewController.swift in Sources */,
				96C708ED29718A73004374CA /* FeedPresenter.swift in Sources */,
				96A02E022979C15600855F88 /* UITableView+Dequeueing.swift in Sources */,
				968F1936296E023900628A00 /* FeedImageViewModel.swift in Sources */,
				96C708EF2971CD31004374CA /* FeedImagePresenter.swift in Sources */,
				96F9715A297F1E13002C61C4 /* FeedImageLoaderPresentationAdapter.swift in Sources */,
				96A02E042979C3C600855F88 /* UIImageView+Animations.swift in Sources */,
				96C708F12971DFC3004374CA /* FeedLoadingViewModel.swift in Sources */,
				96C1965429674DF800FCA571 /* FeedImageCellController.swift in Sources */,
				96A9E2E4293F9FC200BC9991 /* UIKit+Shimmering.swift in Sources */,
				96F97158297F1D91002C61C4 /* FeedLoaderPresenterAdapter.swift in Sources */,
				96F97152297F1C32002C61C4 /* MainThreadDispatchDecoratorMainThreadDispatchDecorator.swift in Sources */,
				96566EFD293A7FFB00D9A0E1 /* FeedImageCell.swift in Sources */,
				96F97156297F1CFF002C61C4 /* FeedViewAdapter.swift in Sources */,
				96F8E631292FF23E00767D2E /* EssentialFeediOS.docc in Sources */,
				96C708F32971DFFB004374CA /* FeedViewModel.swift in Sources */,
			);
			runOnlyForDeploymentPostprocessing = 0;
		};
		96F8E632292FF23E00767D2E /* Sources */ = {
			isa = PBXSourcesBuildPhase;
			buildActionMask = 2147483647;
			files = (
				96C1964C2967075C00FCA571 /* FeedViewController+TestHelpers.swift in Sources */,
				9680911C293114A500D636CB /* FeedUIIntegrationTests.swift in Sources */,
				96A04C87297B1BAF009AEB9E /* FeedLocalizationTests.swift in Sources */,
				96C19650296708E200FCA571 /* FeedViewControllerTests+LoaderSpy.swift in Sources */,
				96C19648296705F800FCA571 /* UIRefreshControl+TestHelpers.swift in Sources */,
				96C1964E2967081000FCA571 /* FeedViewControllerTests+Assertions.swift in Sources */,
				9680912329313D5E00D636CB /* XCTestCase+MemoryLeakTracking.swift in Sources */,
				96C196422967051C00FCA571 /* UIButton+TestHelpers.swift in Sources */,
				96C19646296705BF00FCA571 /* UIImage+TestHelpers.swift in Sources */,
				96C1964A296706A400FCA571 /* FeedImageCell+TestHelpers.swift in Sources */,
				96C196442967057C00FCA571 /* UIControl+TestHelpers.swift in Sources */,
				96A04C80297B18EF009AEB9E /* FeedViewControllerTests+Localization.swift in Sources */,
			);
			runOnlyForDeploymentPostprocessing = 0;
		};
/* End PBXSourcesBuildPhase section */

/* Begin PBXTargetDependency section */
		965BC95428F841940058A7EB /* PBXTargetDependency */ = {
			isa = PBXTargetDependency;
			target = 9698611F28ED9DCE00BFD69B /* EssentialFeed */;
			targetProxy = 965BC95328F841940058A7EB /* PBXContainerItemProxy */;
		};
		96809121293119C900D636CB /* PBXTargetDependency */ = {
			isa = PBXTargetDependency;
			platformFilter = ios;
			target = 9698611F28ED9DCE00BFD69B /* EssentialFeed */;
			targetProxy = 96809120293119C900D636CB /* PBXContainerItemProxy */;
		};
		9698612D28ED9DCF00BFD69B /* PBXTargetDependency */ = {
			isa = PBXTargetDependency;
			target = 9698611F28ED9DCE00BFD69B /* EssentialFeed */;
			targetProxy = 9698612C28ED9DCF00BFD69B /* PBXContainerItemProxy */;
		};
		96A46BC32919347B00FF7F0E /* PBXTargetDependency */ = {
			isa = PBXTargetDependency;
			target = 9698611F28ED9DCE00BFD69B /* EssentialFeed */;
			targetProxy = 96A46BC22919347B00FF7F0E /* PBXContainerItemProxy */;
		};
		96F8E639292FF23E00767D2E /* PBXTargetDependency */ = {
			isa = PBXTargetDependency;
			target = 96F8E62C292FF23E00767D2E /* EssentialFeediOS */;
			targetProxy = 96F8E638292FF23E00767D2E /* PBXContainerItemProxy */;
		};
/* End PBXTargetDependency section */

/* Begin PBXVariantGroup section */
		96A04C83297B1A8D009AEB9E /* Feed.strings */ = {
			isa = PBXVariantGroup;
			children = (
				96A04C82297B1A8D009AEB9E /* en */,
				96A04C84297B1AE9009AEB9E /* pt-BR */,
			);
			name = Feed.strings;
			sourceTree = "<group>";
		};
/* End PBXVariantGroup section */

/* Begin XCBuildConfiguration section */
		965BC95528F841940058A7EB /* Debug */ = {
			isa = XCBuildConfiguration;
			buildSettings = {
				CODE_SIGN_STYLE = Automatic;
				CURRENT_PROJECT_VERSION = 1;
				DEAD_CODE_STRIPPING = YES;
				DEVELOPMENT_TEAM = 738U5S74SN;
				GENERATE_INFOPLIST_FILE = YES;
				MACOSX_DEPLOYMENT_TARGET = 13.1;
				MARKETING_VERSION = 1.0;
				PRODUCT_BUNDLE_IDENTIFIER = br.com.simplydone.EssentialFeedAPIEndToEndTests;
				PRODUCT_NAME = "$(TARGET_NAME)";
				SUPPORTED_PLATFORMS = "macosx iphoneos iphonesimulator";
				SWIFT_EMIT_LOC_STRINGS = NO;
				SWIFT_VERSION = 5.0;
			};
			name = Debug;
		};
		965BC95628F841940058A7EB /* Release */ = {
			isa = XCBuildConfiguration;
			buildSettings = {
				CODE_SIGN_STYLE = Automatic;
				CURRENT_PROJECT_VERSION = 1;
				DEAD_CODE_STRIPPING = YES;
				DEVELOPMENT_TEAM = 738U5S74SN;
				GENERATE_INFOPLIST_FILE = YES;
				MACOSX_DEPLOYMENT_TARGET = 13.1;
				MARKETING_VERSION = 1.0;
				PRODUCT_BUNDLE_IDENTIFIER = br.com.simplydone.EssentialFeedAPIEndToEndTests;
				PRODUCT_NAME = "$(TARGET_NAME)";
				SUPPORTED_PLATFORMS = "macosx iphoneos iphonesimulator";
				SWIFT_EMIT_LOC_STRINGS = NO;
				SWIFT_VERSION = 5.0;
			};
			name = Release;
		};
		9698613228ED9DCF00BFD69B /* Debug */ = {
			isa = XCBuildConfiguration;
			buildSettings = {
				ALWAYS_SEARCH_USER_PATHS = NO;
				CLANG_ANALYZER_LOCALIZABILITY_NONLOCALIZED = YES;
				CLANG_ANALYZER_NONNULL = YES;
				CLANG_ANALYZER_NUMBER_OBJECT_CONVERSION = YES_AGGRESSIVE;
				CLANG_CXX_LANGUAGE_STANDARD = "gnu++20";
				CLANG_ENABLE_MODULES = YES;
				CLANG_ENABLE_OBJC_ARC = YES;
				CLANG_ENABLE_OBJC_WEAK = YES;
				CLANG_WARN_BLOCK_CAPTURE_AUTORELEASING = YES;
				CLANG_WARN_BOOL_CONVERSION = YES;
				CLANG_WARN_COMMA = YES;
				CLANG_WARN_CONSTANT_CONVERSION = YES;
				CLANG_WARN_DEPRECATED_OBJC_IMPLEMENTATIONS = YES;
				CLANG_WARN_DIRECT_OBJC_ISA_USAGE = YES_ERROR;
				CLANG_WARN_DOCUMENTATION_COMMENTS = YES;
				CLANG_WARN_EMPTY_BODY = YES;
				CLANG_WARN_ENUM_CONVERSION = YES;
				CLANG_WARN_INFINITE_RECURSION = YES;
				CLANG_WARN_INT_CONVERSION = YES;
				CLANG_WARN_NON_LITERAL_NULL_CONVERSION = YES;
				CLANG_WARN_OBJC_IMPLICIT_RETAIN_SELF = YES;
				CLANG_WARN_OBJC_LITERAL_CONVERSION = YES;
				CLANG_WARN_OBJC_ROOT_CLASS = YES_ERROR;
				CLANG_WARN_QUOTED_INCLUDE_IN_FRAMEWORK_HEADER = YES;
				CLANG_WARN_RANGE_LOOP_ANALYSIS = YES;
				CLANG_WARN_STRICT_PROTOTYPES = YES;
				CLANG_WARN_SUSPICIOUS_MOVE = YES;
				CLANG_WARN_UNGUARDED_AVAILABILITY = YES_AGGRESSIVE;
				CLANG_WARN_UNREACHABLE_CODE = YES;
				CLANG_WARN__DUPLICATE_METHOD_MATCH = YES;
				COPY_PHASE_STRIP = NO;
				CURRENT_PROJECT_VERSION = 1;
				DEAD_CODE_STRIPPING = YES;
				DEBUG_INFORMATION_FORMAT = dwarf;
				ENABLE_STRICT_OBJC_MSGSEND = YES;
				ENABLE_TESTABILITY = YES;
				GCC_C_LANGUAGE_STANDARD = gnu11;
				GCC_DYNAMIC_NO_PIC = NO;
				GCC_NO_COMMON_BLOCKS = YES;
				GCC_OPTIMIZATION_LEVEL = 0;
				GCC_PREPROCESSOR_DEFINITIONS = (
					"DEBUG=1",
					"$(inherited)",
				);
				GCC_WARN_64_TO_32_BIT_CONVERSION = YES;
				GCC_WARN_ABOUT_RETURN_TYPE = YES_ERROR;
				GCC_WARN_UNDECLARED_SELECTOR = YES;
				GCC_WARN_UNINITIALIZED_AUTOS = YES_AGGRESSIVE;
				GCC_WARN_UNUSED_FUNCTION = YES;
				GCC_WARN_UNUSED_VARIABLE = YES;
				MACOSX_DEPLOYMENT_TARGET = 13.1;
				MTL_ENABLE_DEBUG_INFO = INCLUDE_SOURCE;
				MTL_FAST_MATH = YES;
				ONLY_ACTIVE_ARCH = YES;
				SDKROOT = macosx;
				SWIFT_ACTIVE_COMPILATION_CONDITIONS = DEBUG;
				SWIFT_OPTIMIZATION_LEVEL = "-Onone";
				VERSIONING_SYSTEM = "apple-generic";
				VERSION_INFO_PREFIX = "";
			};
			name = Debug;
		};
		9698613328ED9DCF00BFD69B /* Release */ = {
			isa = XCBuildConfiguration;
			buildSettings = {
				ALWAYS_SEARCH_USER_PATHS = NO;
				CLANG_ANALYZER_LOCALIZABILITY_NONLOCALIZED = YES;
				CLANG_ANALYZER_NONNULL = YES;
				CLANG_ANALYZER_NUMBER_OBJECT_CONVERSION = YES_AGGRESSIVE;
				CLANG_CXX_LANGUAGE_STANDARD = "gnu++20";
				CLANG_ENABLE_MODULES = YES;
				CLANG_ENABLE_OBJC_ARC = YES;
				CLANG_ENABLE_OBJC_WEAK = YES;
				CLANG_WARN_BLOCK_CAPTURE_AUTORELEASING = YES;
				CLANG_WARN_BOOL_CONVERSION = YES;
				CLANG_WARN_COMMA = YES;
				CLANG_WARN_CONSTANT_CONVERSION = YES;
				CLANG_WARN_DEPRECATED_OBJC_IMPLEMENTATIONS = YES;
				CLANG_WARN_DIRECT_OBJC_ISA_USAGE = YES_ERROR;
				CLANG_WARN_DOCUMENTATION_COMMENTS = YES;
				CLANG_WARN_EMPTY_BODY = YES;
				CLANG_WARN_ENUM_CONVERSION = YES;
				CLANG_WARN_INFINITE_RECURSION = YES;
				CLANG_WARN_INT_CONVERSION = YES;
				CLANG_WARN_NON_LITERAL_NULL_CONVERSION = YES;
				CLANG_WARN_OBJC_IMPLICIT_RETAIN_SELF = YES;
				CLANG_WARN_OBJC_LITERAL_CONVERSION = YES;
				CLANG_WARN_OBJC_ROOT_CLASS = YES_ERROR;
				CLANG_WARN_QUOTED_INCLUDE_IN_FRAMEWORK_HEADER = YES;
				CLANG_WARN_RANGE_LOOP_ANALYSIS = YES;
				CLANG_WARN_STRICT_PROTOTYPES = YES;
				CLANG_WARN_SUSPICIOUS_MOVE = YES;
				CLANG_WARN_UNGUARDED_AVAILABILITY = YES_AGGRESSIVE;
				CLANG_WARN_UNREACHABLE_CODE = YES;
				CLANG_WARN__DUPLICATE_METHOD_MATCH = YES;
				COPY_PHASE_STRIP = NO;
				CURRENT_PROJECT_VERSION = 1;
				DEAD_CODE_STRIPPING = YES;
				DEBUG_INFORMATION_FORMAT = "dwarf-with-dsym";
				ENABLE_NS_ASSERTIONS = NO;
				ENABLE_STRICT_OBJC_MSGSEND = YES;
				GCC_C_LANGUAGE_STANDARD = gnu11;
				GCC_NO_COMMON_BLOCKS = YES;
				GCC_WARN_64_TO_32_BIT_CONVERSION = YES;
				GCC_WARN_ABOUT_RETURN_TYPE = YES_ERROR;
				GCC_WARN_UNDECLARED_SELECTOR = YES;
				GCC_WARN_UNINITIALIZED_AUTOS = YES_AGGRESSIVE;
				GCC_WARN_UNUSED_FUNCTION = YES;
				GCC_WARN_UNUSED_VARIABLE = YES;
				MACOSX_DEPLOYMENT_TARGET = 13.1;
				MTL_ENABLE_DEBUG_INFO = NO;
				MTL_FAST_MATH = YES;
				SDKROOT = macosx;
				SWIFT_COMPILATION_MODE = wholemodule;
				SWIFT_OPTIMIZATION_LEVEL = "-O";
				VERSIONING_SYSTEM = "apple-generic";
				VERSION_INFO_PREFIX = "";
			};
			name = Release;
		};
		9698613528ED9DCF00BFD69B /* Debug */ = {
			isa = XCBuildConfiguration;
			buildSettings = {
				CODE_SIGN_STYLE = Automatic;
				COMBINE_HIDPI_IMAGES = YES;
				CURRENT_PROJECT_VERSION = 1;
				DEAD_CODE_STRIPPING = YES;
				DEFINES_MODULE = YES;
				DEVELOPMENT_TEAM = 738U5S74SN;
				DYLIB_COMPATIBILITY_VERSION = 1;
				DYLIB_CURRENT_VERSION = 1;
				DYLIB_INSTALL_NAME_BASE = "@rpath";
				GENERATE_INFOPLIST_FILE = YES;
				INFOPLIST_KEY_NSHumanReadableCopyright = "";
				INSTALL_PATH = "$(LOCAL_LIBRARY_DIR)/Frameworks";
				LD_RUNPATH_SEARCH_PATHS = (
					"$(inherited)",
					"@executable_path/../Frameworks",
					"@loader_path/Frameworks",
				);
				MACOSX_DEPLOYMENT_TARGET = 13.1;
				MARKETING_VERSION = 1.0;
				PRODUCT_BUNDLE_IDENTIFIER = br.com.simplydone.EssentialFeed;
				PRODUCT_NAME = "$(TARGET_NAME:c99extidentifier)";
				SKIP_INSTALL = YES;
				SUPPORTED_PLATFORMS = "macosx iphoneos iphonesimulator";
				SWIFT_EMIT_LOC_STRINGS = YES;
				SWIFT_VERSION = 5.0;
			};
			name = Debug;
		};
		9698613628ED9DCF00BFD69B /* Release */ = {
			isa = XCBuildConfiguration;
			buildSettings = {
				CODE_SIGN_STYLE = Automatic;
				COMBINE_HIDPI_IMAGES = YES;
				CURRENT_PROJECT_VERSION = 1;
				DEAD_CODE_STRIPPING = YES;
				DEFINES_MODULE = YES;
				DEVELOPMENT_TEAM = 738U5S74SN;
				DYLIB_COMPATIBILITY_VERSION = 1;
				DYLIB_CURRENT_VERSION = 1;
				DYLIB_INSTALL_NAME_BASE = "@rpath";
				GENERATE_INFOPLIST_FILE = YES;
				INFOPLIST_KEY_NSHumanReadableCopyright = "";
				INSTALL_PATH = "$(LOCAL_LIBRARY_DIR)/Frameworks";
				LD_RUNPATH_SEARCH_PATHS = (
					"$(inherited)",
					"@executable_path/../Frameworks",
					"@loader_path/Frameworks",
				);
				MACOSX_DEPLOYMENT_TARGET = 13.1;
				MARKETING_VERSION = 1.0;
				PRODUCT_BUNDLE_IDENTIFIER = br.com.simplydone.EssentialFeed;
				PRODUCT_NAME = "$(TARGET_NAME:c99extidentifier)";
				SKIP_INSTALL = YES;
				SUPPORTED_PLATFORMS = "macosx iphoneos iphonesimulator";
				SWIFT_EMIT_LOC_STRINGS = YES;
				SWIFT_VERSION = 5.0;
			};
			name = Release;
		};
		9698613828ED9DCF00BFD69B /* Debug */ = {
			isa = XCBuildConfiguration;
			buildSettings = {
				ALWAYS_EMBED_SWIFT_STANDARD_LIBRARIES = YES;
				CODE_SIGN_STYLE = Automatic;
				CURRENT_PROJECT_VERSION = 1;
				DEAD_CODE_STRIPPING = YES;
				DEVELOPMENT_TEAM = 738U5S74SN;
				GENERATE_INFOPLIST_FILE = YES;
				MACOSX_DEPLOYMENT_TARGET = 13.1;
				MARKETING_VERSION = 1.0;
				PRODUCT_BUNDLE_IDENTIFIER = br.com.simplydone.EssentialFeedTests;
				PRODUCT_NAME = "$(TARGET_NAME)";
				SUPPORTED_PLATFORMS = "macosx iphonesimulator iphoneos";
				SWIFT_EMIT_LOC_STRINGS = NO;
				SWIFT_VERSION = 5.0;
			};
			name = Debug;
		};
		9698613928ED9DCF00BFD69B /* Release */ = {
			isa = XCBuildConfiguration;
			buildSettings = {
				ALWAYS_EMBED_SWIFT_STANDARD_LIBRARIES = YES;
				CODE_SIGN_STYLE = Automatic;
				CURRENT_PROJECT_VERSION = 1;
				DEAD_CODE_STRIPPING = YES;
				DEVELOPMENT_TEAM = 738U5S74SN;
				GENERATE_INFOPLIST_FILE = YES;
				MACOSX_DEPLOYMENT_TARGET = 13.1;
				MARKETING_VERSION = 1.0;
				PRODUCT_BUNDLE_IDENTIFIER = br.com.simplydone.EssentialFeedTests;
				PRODUCT_NAME = "$(TARGET_NAME)";
				SUPPORTED_PLATFORMS = "macosx iphonesimulator iphoneos";
				SWIFT_EMIT_LOC_STRINGS = NO;
				SWIFT_VERSION = 5.0;
			};
			name = Release;
		};
		96A46BC42919347B00FF7F0E /* Debug */ = {
			isa = XCBuildConfiguration;
			buildSettings = {
				CODE_SIGN_STYLE = Automatic;
				CURRENT_PROJECT_VERSION = 1;
				DEAD_CODE_STRIPPING = YES;
				DEVELOPMENT_TEAM = 738U5S74SN;
				GENERATE_INFOPLIST_FILE = YES;
				MACOSX_DEPLOYMENT_TARGET = 13.1;
				MARKETING_VERSION = 1.0;
				PRODUCT_BUNDLE_IDENTIFIER = br.com.simplydone.EssentialFeedCacheIntegrationTests;
				PRODUCT_NAME = "$(TARGET_NAME)";
				SUPPORTED_PLATFORMS = "macosx iphoneos iphonesimulator";
				SWIFT_EMIT_LOC_STRINGS = NO;
				SWIFT_VERSION = 5.0;
			};
			name = Debug;
		};
		96A46BC52919347B00FF7F0E /* Release */ = {
			isa = XCBuildConfiguration;
			buildSettings = {
				CODE_SIGN_STYLE = Automatic;
				CURRENT_PROJECT_VERSION = 1;
				DEAD_CODE_STRIPPING = YES;
				DEVELOPMENT_TEAM = 738U5S74SN;
				GENERATE_INFOPLIST_FILE = YES;
				MACOSX_DEPLOYMENT_TARGET = 13.1;
				MARKETING_VERSION = 1.0;
				PRODUCT_BUNDLE_IDENTIFIER = br.com.simplydone.EssentialFeedCacheIntegrationTests;
				PRODUCT_NAME = "$(TARGET_NAME)";
				SUPPORTED_PLATFORMS = "macosx iphoneos iphonesimulator";
				SWIFT_EMIT_LOC_STRINGS = NO;
				SWIFT_VERSION = 5.0;
			};
			name = Release;
		};
		96F8E63F292FF23E00767D2E /* Debug */ = {
			isa = XCBuildConfiguration;
			buildSettings = {
				CODE_SIGN_STYLE = Automatic;
				CURRENT_PROJECT_VERSION = 1;
				DEFINES_MODULE = YES;
				DEVELOPMENT_TEAM = 738U5S74SN;
				DYLIB_COMPATIBILITY_VERSION = 1;
				DYLIB_CURRENT_VERSION = 1;
				DYLIB_INSTALL_NAME_BASE = "@rpath";
				GENERATE_INFOPLIST_FILE = YES;
				INFOPLIST_KEY_NSHumanReadableCopyright = "";
				INSTALL_PATH = "$(LOCAL_LIBRARY_DIR)/Frameworks";
				IPHONEOS_DEPLOYMENT_TARGET = 16.2;
				LD_RUNPATH_SEARCH_PATHS = (
					"$(inherited)",
					"@executable_path/Frameworks",
					"@loader_path/Frameworks",
				);
				MARKETING_VERSION = 1.0;
				PRODUCT_BUNDLE_IDENTIFIER = br.com.simplydone.EssentialFeediOS;
				PRODUCT_NAME = "$(TARGET_NAME:c99extidentifier)";
				SDKROOT = iphoneos;
				SKIP_INSTALL = YES;
				SWIFT_EMIT_LOC_STRINGS = YES;
				SWIFT_VERSION = 5.0;
				TARGETED_DEVICE_FAMILY = "1,2";
			};
			name = Debug;
		};
		96F8E640292FF23E00767D2E /* Release */ = {
			isa = XCBuildConfiguration;
			buildSettings = {
				CODE_SIGN_STYLE = Automatic;
				CURRENT_PROJECT_VERSION = 1;
				DEFINES_MODULE = YES;
				DEVELOPMENT_TEAM = 738U5S74SN;
				DYLIB_COMPATIBILITY_VERSION = 1;
				DYLIB_CURRENT_VERSION = 1;
				DYLIB_INSTALL_NAME_BASE = "@rpath";
				GENERATE_INFOPLIST_FILE = YES;
				INFOPLIST_KEY_NSHumanReadableCopyright = "";
				INSTALL_PATH = "$(LOCAL_LIBRARY_DIR)/Frameworks";
				IPHONEOS_DEPLOYMENT_TARGET = 16.2;
				LD_RUNPATH_SEARCH_PATHS = (
					"$(inherited)",
					"@executable_path/Frameworks",
					"@loader_path/Frameworks",
				);
				MARKETING_VERSION = 1.0;
				PRODUCT_BUNDLE_IDENTIFIER = br.com.simplydone.EssentialFeediOS;
				PRODUCT_NAME = "$(TARGET_NAME:c99extidentifier)";
				SDKROOT = iphoneos;
				SKIP_INSTALL = YES;
				SWIFT_EMIT_LOC_STRINGS = YES;
				SWIFT_VERSION = 5.0;
				TARGETED_DEVICE_FAMILY = "1,2";
				VALIDATE_PRODUCT = YES;
			};
			name = Release;
		};
		96F8E642292FF23E00767D2E /* Debug */ = {
			isa = XCBuildConfiguration;
			buildSettings = {
				ALWAYS_EMBED_SWIFT_STANDARD_LIBRARIES = YES;
				CLANG_ENABLE_MODULES = YES;
				CODE_SIGN_STYLE = Automatic;
				CURRENT_PROJECT_VERSION = 1;
				DEVELOPMENT_TEAM = 738U5S74SN;
				GENERATE_INFOPLIST_FILE = YES;
				IPHONEOS_DEPLOYMENT_TARGET = 16.2;
				LD_RUNPATH_SEARCH_PATHS = (
					"$(inherited)",
					"@executable_path/Frameworks",
					"@loader_path/Frameworks",
				);
				MARKETING_VERSION = 1.0;
				PRODUCT_BUNDLE_IDENTIFIER = br.com.simplydone.EssentialFeediOSTests;
				PRODUCT_NAME = "$(TARGET_NAME)";
				SDKROOT = iphoneos;
				SWIFT_EMIT_LOC_STRINGS = NO;
				SWIFT_OPTIMIZATION_LEVEL = "-Onone";
				SWIFT_VERSION = 5.0;
				TARGETED_DEVICE_FAMILY = "1,2";
			};
			name = Debug;
		};
		96F8E643292FF23E00767D2E /* Release */ = {
			isa = XCBuildConfiguration;
			buildSettings = {
				ALWAYS_EMBED_SWIFT_STANDARD_LIBRARIES = YES;
				CLANG_ENABLE_MODULES = YES;
				CODE_SIGN_STYLE = Automatic;
				CURRENT_PROJECT_VERSION = 1;
				DEVELOPMENT_TEAM = 738U5S74SN;
				GENERATE_INFOPLIST_FILE = YES;
				IPHONEOS_DEPLOYMENT_TARGET = 16.2;
				LD_RUNPATH_SEARCH_PATHS = (
					"$(inherited)",
					"@executable_path/Frameworks",
					"@loader_path/Frameworks",
				);
				MARKETING_VERSION = 1.0;
				PRODUCT_BUNDLE_IDENTIFIER = br.com.simplydone.EssentialFeediOSTests;
				PRODUCT_NAME = "$(TARGET_NAME)";
				SDKROOT = iphoneos;
				SWIFT_EMIT_LOC_STRINGS = NO;
				SWIFT_VERSION = 5.0;
				TARGETED_DEVICE_FAMILY = "1,2";
				VALIDATE_PRODUCT = YES;
			};
			name = Release;
		};
/* End XCBuildConfiguration section */

/* Begin XCConfigurationList section */
		965BC95728F841940058A7EB /* Build configuration list for PBXNativeTarget "EssentialFeedAPIEndToEndTests" */ = {
			isa = XCConfigurationList;
			buildConfigurations = (
				965BC95528F841940058A7EB /* Debug */,
				965BC95628F841940058A7EB /* Release */,
			);
			defaultConfigurationIsVisible = 0;
			defaultConfigurationName = Release;
		};
		9698611A28ED9DCE00BFD69B /* Build configuration list for PBXProject "EssentialFeed" */ = {
			isa = XCConfigurationList;
			buildConfigurations = (
				9698613228ED9DCF00BFD69B /* Debug */,
				9698613328ED9DCF00BFD69B /* Release */,
			);
			defaultConfigurationIsVisible = 0;
			defaultConfigurationName = Release;
		};
		9698613428ED9DCF00BFD69B /* Build configuration list for PBXNativeTarget "EssentialFeed" */ = {
			isa = XCConfigurationList;
			buildConfigurations = (
				9698613528ED9DCF00BFD69B /* Debug */,
				9698613628ED9DCF00BFD69B /* Release */,
			);
			defaultConfigurationIsVisible = 0;
			defaultConfigurationName = Release;
		};
		9698613728ED9DCF00BFD69B /* Build configuration list for PBXNativeTarget "EssentialFeedTests" */ = {
			isa = XCConfigurationList;
			buildConfigurations = (
				9698613828ED9DCF00BFD69B /* Debug */,
				9698613928ED9DCF00BFD69B /* Release */,
			);
			defaultConfigurationIsVisible = 0;
			defaultConfigurationName = Release;
		};
		96A46BC62919347B00FF7F0E /* Build configuration list for PBXNativeTarget "EssentialFeedCacheIntegrationTests" */ = {
			isa = XCConfigurationList;
			buildConfigurations = (
				96A46BC42919347B00FF7F0E /* Debug */,
				96A46BC52919347B00FF7F0E /* Release */,
			);
			defaultConfigurationIsVisible = 0;
			defaultConfigurationName = Release;
		};
		96F8E63E292FF23E00767D2E /* Build configuration list for PBXNativeTarget "EssentialFeediOS" */ = {
			isa = XCConfigurationList;
			buildConfigurations = (
				96F8E63F292FF23E00767D2E /* Debug */,
				96F8E640292FF23E00767D2E /* Release */,
			);
			defaultConfigurationIsVisible = 0;
			defaultConfigurationName = Release;
		};
		96F8E641292FF23E00767D2E /* Build configuration list for PBXNativeTarget "EssentialFeediOSTests" */ = {
			isa = XCConfigurationList;
			buildConfigurations = (
				96F8E642292FF23E00767D2E /* Debug */,
				96F8E643292FF23E00767D2E /* Release */,
			);
			defaultConfigurationIsVisible = 0;
			defaultConfigurationName = Release;
		};
/* End XCConfigurationList section */

/* Begin XCVersionGroup section */
		961D41B22914325C0045F886 /* FeedStore.xcdatamodeld */ = {
			isa = XCVersionGroup;
			children = (
				961D41B32914325C0045F886 /* FeedStore.xcdatamodel */,
			);
			currentVersion = 961D41B32914325C0045F886 /* FeedStore.xcdatamodel */;
			path = FeedStore.xcdatamodeld;
			sourceTree = "<group>";
			versionGroupType = wrapper.xcdatamodel;
		};
/* End XCVersionGroup section */
	};
	rootObject = 9698611728ED9DCE00BFD69B /* Project object */;
}
