// !$*UTF8*$!
{
	archiveVersion = 1;
	classes = {
	};
	objectVersion = 56;
	objects = {

/* Begin PBXBuildFile section */
		96037F632979825D008B07A3 /* Feed.storyboard in Resources */ = {isa = PBXBuildFile; fileRef = 96037F622979825D008B07A3 /* Feed.storyboard */; };
		960516B02901CABC0069FEE2 /* FeedCacheUseCaseTests.swift in Sources */ = {isa = PBXBuildFile; fileRef = 960516AF2901CABC0069FEE2 /* FeedCacheUseCaseTests.swift */; };
		9609973D29B62CCF004695B5 /* FeedImageDataLoader.swift in Sources */ = {isa = PBXBuildFile; fileRef = 96C1963F296702E800FCA571 /* FeedImageDataLoader.swift */; };
		9609973F29B62D7C004695B5 /* FeedImageDataMapperTests.swift in Sources */ = {isa = PBXBuildFile; fileRef = 9609973E29B62D7C004695B5 /* FeedImageDataMapperTests.swift */; };
		96150CD228F5BA360080A0B4 /* URLSessionHTTPClientTests.swift in Sources */ = {isa = PBXBuildFile; fileRef = 96150CD128F5BA360080A0B4 /* URLSessionHTTPClientTests.swift */; };
		9616501C2905A6D50075E1C8 /* LocalFeedLoader.swift in Sources */ = {isa = PBXBuildFile; fileRef = 9616501B2905A6D50075E1C8 /* LocalFeedLoader.swift */; };
		9616501E2905A7040075E1C8 /* FeedStore.swift in Sources */ = {isa = PBXBuildFile; fileRef = 9616501D2905A7040075E1C8 /* FeedStore.swift */; };
		9616A9B128F8587000DD758E /* XCTestCase+MemoryLeakTracking.swift in Sources */ = {isa = PBXBuildFile; fileRef = 964A0D4A28F75BBE00D36820 /* XCTestCase+MemoryLeakTracking.swift */; };
		961976202A012B8000C52B1D /* ImageCommentsPresenterTests.swift in Sources */ = {isa = PBXBuildFile; fileRef = 9619761F2A012B8000C52B1D /* ImageCommentsPresenterTests.swift */; };
		961976232A012CDE00C52B1D /* ImageCommentsPresenter.swift in Sources */ = {isa = PBXBuildFile; fileRef = 961976222A012CDE00C52B1D /* ImageCommentsPresenter.swift */; };
		961976262A012DA400C52B1D /* ImageComments.strings in Resources */ = {isa = PBXBuildFile; fileRef = 961976282A012DA400C52B1D /* ImageComments.strings */; };
		961D065B2906C8AC00F9B136 /* LoadFeedFromCacheUseCaseTests.swift in Sources */ = {isa = PBXBuildFile; fileRef = 961D065A2906C8AC00F9B136 /* LoadFeedFromCacheUseCaseTests.swift */; };
		961D065E2906CCA300F9B136 /* FeedStoreSpy.swift in Sources */ = {isa = PBXBuildFile; fileRef = 961D065D2906CCA300F9B136 /* FeedStoreSpy.swift */; };
		961D41B129142AD80045F886 /* CoreDataFeedStoreTests.swift in Sources */ = {isa = PBXBuildFile; fileRef = 961D41B029142AD80045F886 /* CoreDataFeedStoreTests.swift */; };
		961D41B42914325C0045F886 /* FeedStore.xcdatamodeld in Sources */ = {isa = PBXBuildFile; fileRef = 961D41B22914325C0045F886 /* FeedStore.xcdatamodeld */; };
		9631B8C229F84F6F0041F7D5 /* ImageComment.swift in Sources */ = {isa = PBXBuildFile; fileRef = 9631B8C129F84F6F0041F7D5 /* ImageComment.swift */; };
		9639BE8E29C4ACC500EBCF91 /* FeedCache.swift in Sources */ = {isa = PBXBuildFile; fileRef = 9639BE8D29C4ACC500EBCF91 /* FeedCache.swift */; };
		9639BE9829C4E8FF00EBCF91 /* FeedImageDataCache.swift in Sources */ = {isa = PBXBuildFile; fileRef = 9639BE9729C4E8FF00EBCF91 /* FeedImageDataCache.swift */; };
		964081E32A00214200AE1B1D /* LoadResourcePresenterTests.swift in Sources */ = {isa = PBXBuildFile; fileRef = 964081E22A00214200AE1B1D /* LoadResourcePresenterTests.swift */; };
		964081E52A0021D200AE1B1D /* LoadResourcePresenter.swift in Sources */ = {isa = PBXBuildFile; fileRef = 964081E42A0021D200AE1B1D /* LoadResourcePresenter.swift */; };
		964A0D4B28F75BBE00D36820 /* XCTestCase+MemoryLeakTracking.swift in Sources */ = {isa = PBXBuildFile; fileRef = 964A0D4A28F75BBE00D36820 /* XCTestCase+MemoryLeakTracking.swift */; };
		964A0D4D28F774CA00D36820 /* URLSessionHTTPClient.swift in Sources */ = {isa = PBXBuildFile; fileRef = 964A0D4C28F774CA00D36820 /* URLSessionHTTPClient.swift */; };
		96566EFD293A7FFB00D9A0E1 /* FeedImageCell.swift in Sources */ = {isa = PBXBuildFile; fileRef = 96566EFC293A7FFB00D9A0E1 /* FeedImageCell.swift */; };
		965BC95128F841940058A7EB /* EssentialFeedAPIEndToEndTests.swift in Sources */ = {isa = PBXBuildFile; fileRef = 965BC95028F841940058A7EB /* EssentialFeedAPIEndToEndTests.swift */; };
		965BC95228F841940058A7EB /* EssentialFeed.framework in Frameworks */ = {isa = PBXBuildFile; fileRef = 9698612028ED9DCE00BFD69B /* EssentialFeed.framework */; };
		9661CDCC2A003F0600856C6E /* Shared.strings in Resources */ = {isa = PBXBuildFile; fileRef = 9661CDCE2A003F0600856C6E /* Shared.strings */; };
		9661CDD22A00432600856C6E /* SharedLocalizationTests.swift in Sources */ = {isa = PBXBuildFile; fileRef = 9661CDD12A00432600856C6E /* SharedLocalizationTests.swift */; };
		9661CDD42A0049D900856C6E /* SharedLocalizationTestHelpers.swift in Sources */ = {isa = PBXBuildFile; fileRef = 9661CDD32A0049D900856C6E /* SharedLocalizationTestHelpers.swift */; };
		9661CDD62A005D4000856C6E /* ResourceLoadingView.swift in Sources */ = {isa = PBXBuildFile; fileRef = 9661CDD52A005D4000856C6E /* ResourceLoadingView.swift */; };
		9661CDD82A005E5200856C6E /* ResourceErrorView.swift in Sources */ = {isa = PBXBuildFile; fileRef = 9661CDD72A005E5200856C6E /* ResourceErrorView.swift */; };
		96737BD82905E2F70002FB20 /* RemoteFeedItem.swift in Sources */ = {isa = PBXBuildFile; fileRef = 96737BD72905E2F70002FB20 /* RemoteFeedItem.swift */; };
		96737BDA2905E3D30002FB20 /* LocalFeedImage.swift in Sources */ = {isa = PBXBuildFile; fileRef = 96737BD92905E3D30002FB20 /* LocalFeedImage.swift */; };
		967A557229129E880011C71D /* FeedStoreSpecs.swift in Sources */ = {isa = PBXBuildFile; fileRef = 967A557129129E880011C71D /* FeedStoreSpecs.swift */; };
		967A55742912AC0E0011C71D /* XCTestCase+FeedStoreSpecs.swift in Sources */ = {isa = PBXBuildFile; fileRef = 967A55732912AC0E0011C71D /* XCTestCase+FeedStoreSpecs.swift */; };
		967F3743290C214800BDF3D2 /* FeedCachePolicy.swift in Sources */ = {isa = PBXBuildFile; fileRef = 967F3742290C214800BDF3D2 /* FeedCachePolicy.swift */; };
		9680911E293119C800D636CB /* EssentialFeed.framework in Frameworks */ = {isa = PBXBuildFile; fileRef = 9698612028ED9DCE00BFD69B /* EssentialFeed.framework */; platformFilter = ios; };
		9680911F293119C800D636CB /* EssentialFeed.framework in Embed Frameworks */ = {isa = PBXBuildFile; fileRef = 9698612028ED9DCE00BFD69B /* EssentialFeed.framework */; platformFilter = ios; settings = {ATTRIBUTES = (CodeSignOnCopy, RemoveHeadersOnCopy, ); }; };
		9680912329313D5E00D636CB /* XCTestCase+MemoryLeakTracking.swift in Sources */ = {isa = PBXBuildFile; fileRef = 964A0D4A28F75BBE00D36820 /* XCTestCase+MemoryLeakTracking.swift */; };
		9680912529314EE600D636CB /* FeedViewController.swift in Sources */ = {isa = PBXBuildFile; fileRef = 9680912429314EE600D636CB /* FeedViewController.swift */; };
		96885E2629154DC30078D997 /* ManagedCache.swift in Sources */ = {isa = PBXBuildFile; fileRef = 96885E2529154DC30078D997 /* ManagedCache.swift */; };
		96885E2829154DFD0078D997 /* ManagedFeedImage.swift in Sources */ = {isa = PBXBuildFile; fileRef = 96885E2729154DFD0078D997 /* ManagedFeedImage.swift */; };
		96885E2B291553310078D997 /* CoreDataHelpers.swift in Sources */ = {isa = PBXBuildFile; fileRef = 96885E2A291553310078D997 /* CoreDataHelpers.swift */; };
		9689E453290AC4500079FF5E /* ValidateFeedCacheUseCaseTests.swift in Sources */ = {isa = PBXBuildFile; fileRef = 9689E452290AC4500079FF5E /* ValidateFeedCacheUseCaseTests.swift */; };
		9689E455290ACD6E0079FF5E /* FeedCacheTestHelpers.swift in Sources */ = {isa = PBXBuildFile; fileRef = 9689E454290ACD6E0079FF5E /* FeedCacheTestHelpers.swift */; };
		9689E457290ACEB50079FF5E /* SharedTestHelpers.swift in Sources */ = {isa = PBXBuildFile; fileRef = 9689E456290ACEB50079FF5E /* SharedTestHelpers.swift */; };
		969325E928F45A3200849DAF /* HTTPClient.swift in Sources */ = {isa = PBXBuildFile; fileRef = 969325E828F45A3200849DAF /* HTTPClient.swift */; };
		969325EB28F45CAE00849DAF /* FeedItemsMapper.swift in Sources */ = {isa = PBXBuildFile; fileRef = 969325EA28F45CAE00849DAF /* FeedItemsMapper.swift */; };
		96948CBC29F8217A00239383 /* ImageCommentsMapperTests.swift in Sources */ = {isa = PBXBuildFile; fileRef = 96948CBB29F8217A00239383 /* ImageCommentsMapperTests.swift */; };
		96948CC029F8247100239383 /* ImageCommentsMapper.swift in Sources */ = {isa = PBXBuildFile; fileRef = 96948CBF29F8247100239383 /* ImageCommentsMapper.swift */; };
		9698612528ED9DCE00BFD69B /* EssentialFeed.docc in Sources */ = {isa = PBXBuildFile; fileRef = 9698612428ED9DCE00BFD69B /* EssentialFeed.docc */; };
		9698612B28ED9DCF00BFD69B /* EssentialFeed.framework in Frameworks */ = {isa = PBXBuildFile; fileRef = 9698612028ED9DCE00BFD69B /* EssentialFeed.framework */; };
		9698613128ED9DCF00BFD69B /* EssentialFeed.h in Headers */ = {isa = PBXBuildFile; fileRef = 9698612328ED9DCE00BFD69B /* EssentialFeed.h */; settings = {ATTRIBUTES = (Public, ); }; };
		9698613B28ED9F8B00BFD69B /* FeedImage.swift in Sources */ = {isa = PBXBuildFile; fileRef = 9698613A28ED9F8B00BFD69B /* FeedImage.swift */; };
		9698614328EDB36A00BFD69B /* FeedItemsMapperTests.swift in Sources */ = {isa = PBXBuildFile; fileRef = 9698614228EDB36A00BFD69B /* FeedItemsMapperTests.swift */; };
		96A02DFF2979859200855F88 /* Feed.xcassets in Resources */ = {isa = PBXBuildFile; fileRef = 96A02DFE2979859200855F88 /* Feed.xcassets */; };
		96A02E022979C15600855F88 /* UITableView+Dequeueing.swift in Sources */ = {isa = PBXBuildFile; fileRef = 96A02E002979C0F600855F88 /* UITableView+Dequeueing.swift */; };
		96A02E042979C3C600855F88 /* UIImageView+Animations.swift in Sources */ = {isa = PBXBuildFile; fileRef = 96A02E032979C3C600855F88 /* UIImageView+Animations.swift */; };
		96A46BC02919347B00FF7F0E /* EssentialFeedCacheIntegrationTests.swift in Sources */ = {isa = PBXBuildFile; fileRef = 96A46BBF2919347B00FF7F0E /* EssentialFeedCacheIntegrationTests.swift */; };
		96A46BC12919347B00FF7F0E /* EssentialFeed.framework in Frameworks */ = {isa = PBXBuildFile; fileRef = 9698612028ED9DCE00BFD69B /* EssentialFeed.framework */; };
		96A46BC82919395300FF7F0E /* XCTestCase+MemoryLeakTracking.swift in Sources */ = {isa = PBXBuildFile; fileRef = 964A0D4A28F75BBE00D36820 /* XCTestCase+MemoryLeakTracking.swift */; };
		96A46BCA29193EF900FF7F0E /* FeedCacheTestHelpers.swift in Sources */ = {isa = PBXBuildFile; fileRef = 9689E454290ACD6E0079FF5E /* FeedCacheTestHelpers.swift */; };
		96A46BCB29193F1500FF7F0E /* SharedTestHelpers.swift in Sources */ = {isa = PBXBuildFile; fileRef = 9689E456290ACEB50079FF5E /* SharedTestHelpers.swift */; };
		96A9E2E4293F9FC200BC9991 /* UIKit+Shimmering.swift in Sources */ = {isa = PBXBuildFile; fileRef = 96A9E2E3293F9FC200BC9991 /* UIKit+Shimmering.swift */; };
		96C1965429674DF800FCA571 /* FeedImageCellController.swift in Sources */ = {isa = PBXBuildFile; fileRef = 96C1965329674DF800FCA571 /* FeedImageCellController.swift */; };
		96D0B27A29BF8B95008185A0 /* CoreDataFeedStore+FeedStore.swift in Sources */ = {isa = PBXBuildFile; fileRef = 96D0B27929BF8B95008185A0 /* CoreDataFeedStore+FeedStore.swift */; };
		96D6E3AA29B0DF8B00F2CF7F /* FeedPresenterTests.swift in Sources */ = {isa = PBXBuildFile; fileRef = 96D6E3A929B0DF8B00F2CF7F /* FeedPresenterTests.swift */; };
		96D6E3B529B0F53700F2CF7F /* FeedLocalizationTests.swift in Sources */ = {isa = PBXBuildFile; fileRef = 96D6E3B429B0F53700F2CF7F /* FeedLocalizationTests.swift */; };
		96D6E3B829B0F77F00F2CF7F /* FeedPresenter.swift in Sources */ = {isa = PBXBuildFile; fileRef = 96D6E3B729B0F77F00F2CF7F /* FeedPresenter.swift */; };
		96D6E3B929B0F7F500F2CF7F /* Localized.swift in Sources */ = {isa = PBXBuildFile; fileRef = 96D6E3AB29B0F38100F2CF7F /* Localized.swift */; };
		96D6E3BA29B0F87000F2CF7F /* Feed.strings in Resources */ = {isa = PBXBuildFile; fileRef = 96D6E3B129B0F42A00F2CF7F /* Feed.strings */; };
		96D6E3BC29B10C5A00F2CF7F /* ResourceLoadingViewModel.swift in Sources */ = {isa = PBXBuildFile; fileRef = 96D6E3BB29B10C5A00F2CF7F /* ResourceLoadingViewModel.swift */; };
		96D6E3BE29B10C7500F2CF7F /* FeedViewModel.swift in Sources */ = {isa = PBXBuildFile; fileRef = 96D6E3BD29B10C7500F2CF7F /* FeedViewModel.swift */; };
		96D6E3C029B10C8E00F2CF7F /* ResourceErrorViewModel.swift in Sources */ = {isa = PBXBuildFile; fileRef = 96D6E3BF29B10C8E00F2CF7F /* ResourceErrorViewModel.swift */; };
		96D6E3C229B1111700F2CF7F /* FeedImagePresenterTests.swift in Sources */ = {isa = PBXBuildFile; fileRef = 96D6E3C129B1111700F2CF7F /* FeedImagePresenterTests.swift */; };
		96D6E3C429B156CF00F2CF7F /* FeedImagePresenter.swift in Sources */ = {isa = PBXBuildFile; fileRef = 96D6E3C329B156CF00F2CF7F /* FeedImagePresenter.swift */; };
		96D6E3C629B157DB00F2CF7F /* FeedImageViewModel.swift in Sources */ = {isa = PBXBuildFile; fileRef = 96D6E3C529B157DB00F2CF7F /* FeedImageViewModel.swift */; };
		96D9625729CBA3B0009563C7 /* UITableView+HeaderSizing.swift in Sources */ = {isa = PBXBuildFile; fileRef = 96D9625629CBA3B0009563C7 /* UITableView+HeaderSizing.swift */; };
		96D9C08B29FB060300C0326D /* FeedImageDataMapper.swift in Sources */ = {isa = PBXBuildFile; fileRef = 96D9C08A29FB060300C0326D /* FeedImageDataMapper.swift */; };
		96E9E5D529AE831D007C2D2C /* ErrorView.swift in Sources */ = {isa = PBXBuildFile; fileRef = 96E9E5D429AE831D007C2D2C /* ErrorView.swift */; };
		96E9E5DA29AE8AB3007C2D2C /* UIRefreshControl+Helpers.swift in Sources */ = {isa = PBXBuildFile; fileRef = 96E9E5D929AE8AB3007C2D2C /* UIRefreshControl+Helpers.swift */; };
		96EC632B29148536006C7104 /* CoreDataFeedStore.swift in Sources */ = {isa = PBXBuildFile; fileRef = 96EC632A29148536006C7104 /* CoreDataFeedStore.swift */; };
		96ED73B329B78863000BC5FF /* HTTPURLResponse+StatusCode.swift in Sources */ = {isa = PBXBuildFile; fileRef = 96ED73B229B78863000BC5FF /* HTTPURLResponse+StatusCode.swift */; };
		96ED73B529B78A0E000BC5FF /* URLProtocolStub.swift in Sources */ = {isa = PBXBuildFile; fileRef = 96ED73B429B78A0E000BC5FF /* URLProtocolStub.swift */; };
		96ED73B729B7BF36000BC5FF /* LoadFeedImageDataFromCacheUseCaseTests.swift in Sources */ = {isa = PBXBuildFile; fileRef = 96ED73B629B7BF36000BC5FF /* LoadFeedImageDataFromCacheUseCaseTests.swift */; };
		96F2AEDA29B8FBD100658EBA /* FeedImageDataStore.swift in Sources */ = {isa = PBXBuildFile; fileRef = 96F2AED929B8FBD100658EBA /* FeedImageDataStore.swift */; };
		96F2AEDC29B8FC1800658EBA /* LocalFeedImageDataLoader.swift in Sources */ = {isa = PBXBuildFile; fileRef = 96F2AEDB29B8FC1800658EBA /* LocalFeedImageDataLoader.swift */; };
		96F2AEDE29B905DE00658EBA /* FeedImageDataStoreSpy.swift in Sources */ = {isa = PBXBuildFile; fileRef = 96F2AEDD29B905DE00658EBA /* FeedImageDataStoreSpy.swift */; };
		96F2AEE029B9072500658EBA /* CacheFeedImageDataUseCaseTests.swift in Sources */ = {isa = PBXBuildFile; fileRef = 96F2AEDF29B9072500658EBA /* CacheFeedImageDataUseCaseTests.swift */; };
		96F8E631292FF23E00767D2E /* EssentialFeediOS.docc in Sources */ = {isa = PBXBuildFile; fileRef = 96F8E630292FF23E00767D2E /* EssentialFeediOS.docc */; };
		96F8E637292FF23E00767D2E /* EssentialFeediOS.framework in Frameworks */ = {isa = PBXBuildFile; fileRef = 96F8E62D292FF23E00767D2E /* EssentialFeediOS.framework */; };
		96FB991629BA25700050BFC2 /* CoreDataFeedImageDataStoreTests.swift in Sources */ = {isa = PBXBuildFile; fileRef = 96FB991529BA25700050BFC2 /* CoreDataFeedImageDataStoreTests.swift */; };
		96FBE07029BB6BAA00B98E27 /* CoreDataFeedStore+FeedImageDataStore.swift in Sources */ = {isa = PBXBuildFile; fileRef = 96FBE06F29BB6BAA00B98E27 /* CoreDataFeedStore+FeedImageDataStore.swift */; };
/* End PBXBuildFile section */

/* Begin PBXContainerItemProxy section */
		965BC95328F841940058A7EB /* PBXContainerItemProxy */ = {
			isa = PBXContainerItemProxy;
			containerPortal = 9698611728ED9DCE00BFD69B /* Project object */;
			proxyType = 1;
			remoteGlobalIDString = 9698611F28ED9DCE00BFD69B;
			remoteInfo = EssentialFeed;
		};
		96809120293119C900D636CB /* PBXContainerItemProxy */ = {
			isa = PBXContainerItemProxy;
			containerPortal = 9698611728ED9DCE00BFD69B /* Project object */;
			proxyType = 1;
			remoteGlobalIDString = 9698611F28ED9DCE00BFD69B;
			remoteInfo = EssentialFeed;
		};
		9698612C28ED9DCF00BFD69B /* PBXContainerItemProxy */ = {
			isa = PBXContainerItemProxy;
			containerPortal = 9698611728ED9DCE00BFD69B /* Project object */;
			proxyType = 1;
			remoteGlobalIDString = 9698611F28ED9DCE00BFD69B;
			remoteInfo = EssentialFeed;
		};
		96A46BC22919347B00FF7F0E /* PBXContainerItemProxy */ = {
			isa = PBXContainerItemProxy;
			containerPortal = 9698611728ED9DCE00BFD69B /* Project object */;
			proxyType = 1;
			remoteGlobalIDString = 9698611F28ED9DCE00BFD69B;
			remoteInfo = EssentialFeed;
		};
		96F8E638292FF23E00767D2E /* PBXContainerItemProxy */ = {
			isa = PBXContainerItemProxy;
			containerPortal = 9698611728ED9DCE00BFD69B /* Project object */;
			proxyType = 1;
			remoteGlobalIDString = 96F8E62C292FF23E00767D2E;
			remoteInfo = EssentialFeediOS;
		};
/* End PBXContainerItemProxy section */

/* Begin PBXCopyFilesBuildPhase section */
		96809122293119C900D636CB /* Embed Frameworks */ = {
			isa = PBXCopyFilesBuildPhase;
			buildActionMask = 2147483647;
			dstPath = "";
			dstSubfolderSpec = 10;
			files = (
				9680911F293119C800D636CB /* EssentialFeed.framework in Embed Frameworks */,
			);
			name = "Embed Frameworks";
			runOnlyForDeploymentPostprocessing = 0;
		};
/* End PBXCopyFilesBuildPhase section */

/* Begin PBXFileReference section */
		96037F622979825D008B07A3 /* Feed.storyboard */ = {isa = PBXFileReference; lastKnownFileType = file.storyboard; path = Feed.storyboard; sourceTree = "<group>"; };
		960516AF2901CABC0069FEE2 /* FeedCacheUseCaseTests.swift */ = {isa = PBXFileReference; lastKnownFileType = sourcecode.swift; path = FeedCacheUseCaseTests.swift; sourceTree = "<group>"; };
		9609973C29B62AD1004695B5 /* README.md */ = {isa = PBXFileReference; lastKnownFileType = net.daringfireball.markdown; path = README.md; sourceTree = "<group>"; };
		9609973E29B62D7C004695B5 /* FeedImageDataMapperTests.swift */ = {isa = PBXFileReference; lastKnownFileType = sourcecode.swift; path = FeedImageDataMapperTests.swift; sourceTree = "<group>"; };
		96150CD128F5BA360080A0B4 /* URLSessionHTTPClientTests.swift */ = {isa = PBXFileReference; lastKnownFileType = sourcecode.swift; path = URLSessionHTTPClientTests.swift; sourceTree = "<group>"; };
		9616501B2905A6D50075E1C8 /* LocalFeedLoader.swift */ = {isa = PBXFileReference; lastKnownFileType = sourcecode.swift; path = LocalFeedLoader.swift; sourceTree = "<group>"; };
		9616501D2905A7040075E1C8 /* FeedStore.swift */ = {isa = PBXFileReference; lastKnownFileType = sourcecode.swift; path = FeedStore.swift; sourceTree = "<group>"; };
		9619761F2A012B8000C52B1D /* ImageCommentsPresenterTests.swift */ = {isa = PBXFileReference; lastKnownFileType = sourcecode.swift; path = ImageCommentsPresenterTests.swift; sourceTree = "<group>"; };
		961976222A012CDE00C52B1D /* ImageCommentsPresenter.swift */ = {isa = PBXFileReference; lastKnownFileType = sourcecode.swift; path = ImageCommentsPresenter.swift; sourceTree = "<group>"; };
		961976272A012DA400C52B1D /* en */ = {isa = PBXFileReference; lastKnownFileType = text.plist.strings; name = en; path = en.lproj/ImageComments.strings; sourceTree = "<group>"; };
		961976292A012DB000C52B1D /* el */ = {isa = PBXFileReference; lastKnownFileType = text.plist.strings; name = el; path = el.lproj/ImageComments.strings; sourceTree = "<group>"; };
		9619762A2A012DB100C52B1D /* pt-BR */ = {isa = PBXFileReference; lastKnownFileType = text.plist.strings; name = "pt-BR"; path = "pt-BR.lproj/ImageComments.strings"; sourceTree = "<group>"; };
		961D065A2906C8AC00F9B136 /* LoadFeedFromCacheUseCaseTests.swift */ = {isa = PBXFileReference; lastKnownFileType = sourcecode.swift; path = LoadFeedFromCacheUseCaseTests.swift; sourceTree = "<group>"; };
		961D065D2906CCA300F9B136 /* FeedStoreSpy.swift */ = {isa = PBXFileReference; lastKnownFileType = sourcecode.swift; path = FeedStoreSpy.swift; sourceTree = "<group>"; };
		961D41B029142AD80045F886 /* CoreDataFeedStoreTests.swift */ = {isa = PBXFileReference; lastKnownFileType = sourcecode.swift; path = CoreDataFeedStoreTests.swift; sourceTree = "<group>"; };
		961D41B32914325C0045F886 /* FeedStore.xcdatamodel */ = {isa = PBXFileReference; lastKnownFileType = wrapper.xcdatamodel; path = FeedStore.xcdatamodel; sourceTree = "<group>"; };
		9631B8C129F84F6F0041F7D5 /* ImageComment.swift */ = {isa = PBXFileReference; lastKnownFileType = sourcecode.swift; path = ImageComment.swift; sourceTree = "<group>"; };
		9639BE8D29C4ACC500EBCF91 /* FeedCache.swift */ = {isa = PBXFileReference; lastKnownFileType = sourcecode.swift; path = FeedCache.swift; sourceTree = "<group>"; };
		9639BE9729C4E8FF00EBCF91 /* FeedImageDataCache.swift */ = {isa = PBXFileReference; lastKnownFileType = sourcecode.swift; path = FeedImageDataCache.swift; sourceTree = "<group>"; };
		964081E22A00214200AE1B1D /* LoadResourcePresenterTests.swift */ = {isa = PBXFileReference; lastKnownFileType = sourcecode.swift; path = LoadResourcePresenterTests.swift; sourceTree = "<group>"; };
		964081E42A0021D200AE1B1D /* LoadResourcePresenter.swift */ = {isa = PBXFileReference; lastKnownFileType = sourcecode.swift; path = LoadResourcePresenter.swift; sourceTree = "<group>"; };
		964A0D4A28F75BBE00D36820 /* XCTestCase+MemoryLeakTracking.swift */ = {isa = PBXFileReference; lastKnownFileType = sourcecode.swift; path = "XCTestCase+MemoryLeakTracking.swift"; sourceTree = "<group>"; };
		964A0D4C28F774CA00D36820 /* URLSessionHTTPClient.swift */ = {isa = PBXFileReference; lastKnownFileType = sourcecode.swift; path = URLSessionHTTPClient.swift; sourceTree = "<group>"; };
		96566EFC293A7FFB00D9A0E1 /* FeedImageCell.swift */ = {isa = PBXFileReference; lastKnownFileType = sourcecode.swift; path = FeedImageCell.swift; sourceTree = "<group>"; };
		965BC94E28F841940058A7EB /* EssentialFeedAPIEndToEndTests.xctest */ = {isa = PBXFileReference; explicitFileType = wrapper.cfbundle; includeInIndex = 0; path = EssentialFeedAPIEndToEndTests.xctest; sourceTree = BUILT_PRODUCTS_DIR; };
		965BC95028F841940058A7EB /* EssentialFeedAPIEndToEndTests.swift */ = {isa = PBXFileReference; lastKnownFileType = sourcecode.swift; path = EssentialFeedAPIEndToEndTests.swift; sourceTree = "<group>"; };
		9661CDCD2A003F0600856C6E /* en */ = {isa = PBXFileReference; lastKnownFileType = text.plist.strings; name = en; path = en.lproj/Shared.strings; sourceTree = "<group>"; };
		9661CDCF2A003F0B00856C6E /* el */ = {isa = PBXFileReference; lastKnownFileType = text.plist.strings; name = el; path = el.lproj/Shared.strings; sourceTree = "<group>"; };
		9661CDD02A003F0D00856C6E /* pt-BR */ = {isa = PBXFileReference; lastKnownFileType = text.plist.strings; name = "pt-BR"; path = "pt-BR.lproj/Shared.strings"; sourceTree = "<group>"; };
		9661CDD12A00432600856C6E /* SharedLocalizationTests.swift */ = {isa = PBXFileReference; lastKnownFileType = sourcecode.swift; path = SharedLocalizationTests.swift; sourceTree = "<group>"; };
		9661CDD32A0049D900856C6E /* SharedLocalizationTestHelpers.swift */ = {isa = PBXFileReference; lastKnownFileType = sourcecode.swift; path = SharedLocalizationTestHelpers.swift; sourceTree = "<group>"; };
		9661CDD52A005D4000856C6E /* ResourceLoadingView.swift */ = {isa = PBXFileReference; lastKnownFileType = sourcecode.swift; path = ResourceLoadingView.swift; sourceTree = "<group>"; };
		9661CDD72A005E5200856C6E /* ResourceErrorView.swift */ = {isa = PBXFileReference; lastKnownFileType = sourcecode.swift; path = ResourceErrorView.swift; sourceTree = "<group>"; };
		96737BD72905E2F70002FB20 /* RemoteFeedItem.swift */ = {isa = PBXFileReference; lastKnownFileType = sourcecode.swift; path = RemoteFeedItem.swift; sourceTree = "<group>"; };
		96737BD92905E3D30002FB20 /* LocalFeedImage.swift */ = {isa = PBXFileReference; lastKnownFileType = sourcecode.swift; path = LocalFeedImage.swift; sourceTree = "<group>"; };
		967A557129129E880011C71D /* FeedStoreSpecs.swift */ = {isa = PBXFileReference; lastKnownFileType = sourcecode.swift; path = FeedStoreSpecs.swift; sourceTree = "<group>"; };
		967A55732912AC0E0011C71D /* XCTestCase+FeedStoreSpecs.swift */ = {isa = PBXFileReference; lastKnownFileType = sourcecode.swift; path = "XCTestCase+FeedStoreSpecs.swift"; sourceTree = "<group>"; };
		967F3742290C214800BDF3D2 /* FeedCachePolicy.swift */ = {isa = PBXFileReference; lastKnownFileType = sourcecode.swift; path = FeedCachePolicy.swift; sourceTree = "<group>"; };
		9680912429314EE600D636CB /* FeedViewController.swift */ = {isa = PBXFileReference; lastKnownFileType = sourcecode.swift; path = FeedViewController.swift; sourceTree = "<group>"; };
		96885E2529154DC30078D997 /* ManagedCache.swift */ = {isa = PBXFileReference; lastKnownFileType = sourcecode.swift; path = ManagedCache.swift; sourceTree = "<group>"; };
		96885E2729154DFD0078D997 /* ManagedFeedImage.swift */ = {isa = PBXFileReference; lastKnownFileType = sourcecode.swift; path = ManagedFeedImage.swift; sourceTree = "<group>"; };
		96885E2A291553310078D997 /* CoreDataHelpers.swift */ = {isa = PBXFileReference; lastKnownFileType = sourcecode.swift; path = CoreDataHelpers.swift; sourceTree = "<group>"; };
		9689E452290AC4500079FF5E /* ValidateFeedCacheUseCaseTests.swift */ = {isa = PBXFileReference; lastKnownFileType = sourcecode.swift; path = ValidateFeedCacheUseCaseTests.swift; sourceTree = "<group>"; };
		9689E454290ACD6E0079FF5E /* FeedCacheTestHelpers.swift */ = {isa = PBXFileReference; lastKnownFileType = sourcecode.swift; path = FeedCacheTestHelpers.swift; sourceTree = "<group>"; };
		9689E456290ACEB50079FF5E /* SharedTestHelpers.swift */ = {isa = PBXFileReference; lastKnownFileType = sourcecode.swift; path = SharedTestHelpers.swift; sourceTree = "<group>"; };
		969325E828F45A3200849DAF /* HTTPClient.swift */ = {isa = PBXFileReference; lastKnownFileType = sourcecode.swift; path = HTTPClient.swift; sourceTree = "<group>"; };
		969325EA28F45CAE00849DAF /* FeedItemsMapper.swift */ = {isa = PBXFileReference; lastKnownFileType = sourcecode.swift; path = FeedItemsMapper.swift; sourceTree = "<group>"; };
		96948CBB29F8217A00239383 /* ImageCommentsMapperTests.swift */ = {isa = PBXFileReference; lastKnownFileType = sourcecode.swift; path = ImageCommentsMapperTests.swift; sourceTree = "<group>"; };
		96948CBF29F8247100239383 /* ImageCommentsMapper.swift */ = {isa = PBXFileReference; lastKnownFileType = sourcecode.swift; path = ImageCommentsMapper.swift; sourceTree = "<group>"; };
		9698612028ED9DCE00BFD69B /* EssentialFeed.framework */ = {isa = PBXFileReference; explicitFileType = wrapper.framework; includeInIndex = 0; path = EssentialFeed.framework; sourceTree = BUILT_PRODUCTS_DIR; };
		9698612328ED9DCE00BFD69B /* EssentialFeed.h */ = {isa = PBXFileReference; lastKnownFileType = sourcecode.c.h; path = EssentialFeed.h; sourceTree = "<group>"; };
		9698612428ED9DCE00BFD69B /* EssentialFeed.docc */ = {isa = PBXFileReference; lastKnownFileType = folder.documentationcatalog; path = EssentialFeed.docc; sourceTree = "<group>"; };
		9698612A28ED9DCF00BFD69B /* EssentialFeedTests.xctest */ = {isa = PBXFileReference; explicitFileType = wrapper.cfbundle; includeInIndex = 0; path = EssentialFeedTests.xctest; sourceTree = BUILT_PRODUCTS_DIR; };
		9698613A28ED9F8B00BFD69B /* FeedImage.swift */ = {isa = PBXFileReference; lastKnownFileType = sourcecode.swift; path = FeedImage.swift; sourceTree = "<group>"; };
		9698614228EDB36A00BFD69B /* FeedItemsMapperTests.swift */ = {isa = PBXFileReference; lastKnownFileType = sourcecode.swift; path = FeedItemsMapperTests.swift; sourceTree = "<group>"; };
		96A02DFE2979859200855F88 /* Feed.xcassets */ = {isa = PBXFileReference; lastKnownFileType = folder.assetcatalog; path = Feed.xcassets; sourceTree = "<group>"; };
		96A02E002979C0F600855F88 /* UITableView+Dequeueing.swift */ = {isa = PBXFileReference; lastKnownFileType = sourcecode.swift; path = "UITableView+Dequeueing.swift"; sourceTree = "<group>"; };
		96A02E032979C3C600855F88 /* UIImageView+Animations.swift */ = {isa = PBXFileReference; lastKnownFileType = sourcecode.swift; path = "UIImageView+Animations.swift"; sourceTree = "<group>"; };
		96A46BBD2919347B00FF7F0E /* EssentialFeedCacheIntegrationTests.xctest */ = {isa = PBXFileReference; explicitFileType = wrapper.cfbundle; includeInIndex = 0; path = EssentialFeedCacheIntegrationTests.xctest; sourceTree = BUILT_PRODUCTS_DIR; };
		96A46BBF2919347B00FF7F0E /* EssentialFeedCacheIntegrationTests.swift */ = {isa = PBXFileReference; lastKnownFileType = sourcecode.swift; path = EssentialFeedCacheIntegrationTests.swift; sourceTree = "<group>"; };
		96A9E2E3293F9FC200BC9991 /* UIKit+Shimmering.swift */ = {isa = PBXFileReference; lastKnownFileType = sourcecode.swift; path = "UIKit+Shimmering.swift"; sourceTree = "<group>"; };
		96C1963F296702E800FCA571 /* FeedImageDataLoader.swift */ = {isa = PBXFileReference; lastKnownFileType = sourcecode.swift; path = FeedImageDataLoader.swift; sourceTree = "<group>"; };
		96C1965329674DF800FCA571 /* FeedImageCellController.swift */ = {isa = PBXFileReference; lastKnownFileType = sourcecode.swift; path = FeedImageCellController.swift; sourceTree = "<group>"; };
		96D0B27929BF8B95008185A0 /* CoreDataFeedStore+FeedStore.swift */ = {isa = PBXFileReference; lastKnownFileType = sourcecode.swift; path = "CoreDataFeedStore+FeedStore.swift"; sourceTree = "<group>"; };
		96D6E3A929B0DF8B00F2CF7F /* FeedPresenterTests.swift */ = {isa = PBXFileReference; lastKnownFileType = sourcecode.swift; path = FeedPresenterTests.swift; sourceTree = "<group>"; };
		96D6E3AB29B0F38100F2CF7F /* Localized.swift */ = {isa = PBXFileReference; lastKnownFileType = sourcecode.swift; path = Localized.swift; sourceTree = "<group>"; };
		96D6E3B029B0F42A00F2CF7F /* en */ = {isa = PBXFileReference; lastKnownFileType = text.plist.strings; name = en; path = en.lproj/Feed.strings; sourceTree = "<group>"; };
		96D6E3B229B0F43000F2CF7F /* el */ = {isa = PBXFileReference; lastKnownFileType = text.plist.strings; name = el; path = el.lproj/Feed.strings; sourceTree = "<group>"; };
		96D6E3B329B0F43100F2CF7F /* pt-BR */ = {isa = PBXFileReference; lastKnownFileType = text.plist.strings; name = "pt-BR"; path = "pt-BR.lproj/Feed.strings"; sourceTree = "<group>"; };
		96D6E3B429B0F53700F2CF7F /* FeedLocalizationTests.swift */ = {isa = PBXFileReference; lastKnownFileType = sourcecode.swift; path = FeedLocalizationTests.swift; sourceTree = "<group>"; };
		96D6E3B729B0F77F00F2CF7F /* FeedPresenter.swift */ = {isa = PBXFileReference; lastKnownFileType = sourcecode.swift; path = FeedPresenter.swift; sourceTree = "<group>"; };
		96D6E3BB29B10C5A00F2CF7F /* ResourceLoadingViewModel.swift */ = {isa = PBXFileReference; lastKnownFileType = sourcecode.swift; path = ResourceLoadingViewModel.swift; sourceTree = "<group>"; };
		96D6E3BD29B10C7500F2CF7F /* FeedViewModel.swift */ = {isa = PBXFileReference; lastKnownFileType = sourcecode.swift; path = FeedViewModel.swift; sourceTree = "<group>"; };
		96D6E3BF29B10C8E00F2CF7F /* ResourceErrorViewModel.swift */ = {isa = PBXFileReference; lastKnownFileType = sourcecode.swift; path = ResourceErrorViewModel.swift; sourceTree = "<group>"; };
		96D6E3C129B1111700F2CF7F /* FeedImagePresenterTests.swift */ = {isa = PBXFileReference; lastKnownFileType = sourcecode.swift; path = FeedImagePresenterTests.swift; sourceTree = "<group>"; };
		96D6E3C329B156CF00F2CF7F /* FeedImagePresenter.swift */ = {isa = PBXFileReference; lastKnownFileType = sourcecode.swift; path = FeedImagePresenter.swift; sourceTree = "<group>"; };
		96D6E3C529B157DB00F2CF7F /* FeedImageViewModel.swift */ = {isa = PBXFileReference; lastKnownFileType = sourcecode.swift; path = FeedImageViewModel.swift; sourceTree = "<group>"; };
		96D9625629CBA3B0009563C7 /* UITableView+HeaderSizing.swift */ = {isa = PBXFileReference; lastKnownFileType = sourcecode.swift; path = "UITableView+HeaderSizing.swift"; sourceTree = "<group>"; };
		96D9C08A29FB060300C0326D /* FeedImageDataMapper.swift */ = {isa = PBXFileReference; lastKnownFileType = sourcecode.swift; path = FeedImageDataMapper.swift; sourceTree = "<group>"; };
		96E9E5D429AE831D007C2D2C /* ErrorView.swift */ = {isa = PBXFileReference; lastKnownFileType = sourcecode.swift; path = ErrorView.swift; sourceTree = "<group>"; };
		96E9E5D929AE8AB3007C2D2C /* UIRefreshControl+Helpers.swift */ = {isa = PBXFileReference; lastKnownFileType = sourcecode.swift; path = "UIRefreshControl+Helpers.swift"; sourceTree = "<group>"; };
		96EC632A29148536006C7104 /* CoreDataFeedStore.swift */ = {isa = PBXFileReference; lastKnownFileType = sourcecode.swift; path = CoreDataFeedStore.swift; sourceTree = "<group>"; };
		96ED73B229B78863000BC5FF /* HTTPURLResponse+StatusCode.swift */ = {isa = PBXFileReference; lastKnownFileType = sourcecode.swift; path = "HTTPURLResponse+StatusCode.swift"; sourceTree = "<group>"; };
		96ED73B429B78A0E000BC5FF /* URLProtocolStub.swift */ = {isa = PBXFileReference; lastKnownFileType = sourcecode.swift; path = URLProtocolStub.swift; sourceTree = "<group>"; };
		96ED73B629B7BF36000BC5FF /* LoadFeedImageDataFromCacheUseCaseTests.swift */ = {isa = PBXFileReference; lastKnownFileType = sourcecode.swift; path = LoadFeedImageDataFromCacheUseCaseTests.swift; sourceTree = "<group>"; };
		96F2AED929B8FBD100658EBA /* FeedImageDataStore.swift */ = {isa = PBXFileReference; lastKnownFileType = sourcecode.swift; path = FeedImageDataStore.swift; sourceTree = "<group>"; };
		96F2AEDB29B8FC1800658EBA /* LocalFeedImageDataLoader.swift */ = {isa = PBXFileReference; lastKnownFileType = sourcecode.swift; path = LocalFeedImageDataLoader.swift; sourceTree = "<group>"; };
		96F2AEDD29B905DE00658EBA /* FeedImageDataStoreSpy.swift */ = {isa = PBXFileReference; lastKnownFileType = sourcecode.swift; path = FeedImageDataStoreSpy.swift; sourceTree = "<group>"; };
		96F2AEDF29B9072500658EBA /* CacheFeedImageDataUseCaseTests.swift */ = {isa = PBXFileReference; lastKnownFileType = sourcecode.swift; path = CacheFeedImageDataUseCaseTests.swift; sourceTree = "<group>"; };
		96F8E62D292FF23E00767D2E /* EssentialFeediOS.framework */ = {isa = PBXFileReference; explicitFileType = wrapper.framework; includeInIndex = 0; path = EssentialFeediOS.framework; sourceTree = BUILT_PRODUCTS_DIR; };
		96F8E630292FF23E00767D2E /* EssentialFeediOS.docc */ = {isa = PBXFileReference; lastKnownFileType = folder.documentationcatalog; path = EssentialFeediOS.docc; sourceTree = "<group>"; };
		96F8E636292FF23E00767D2E /* EssentialFeediOSTests.xctest */ = {isa = PBXFileReference; explicitFileType = wrapper.cfbundle; includeInIndex = 0; path = EssentialFeediOSTests.xctest; sourceTree = BUILT_PRODUCTS_DIR; };
		96FB991529BA25700050BFC2 /* CoreDataFeedImageDataStoreTests.swift */ = {isa = PBXFileReference; lastKnownFileType = sourcecode.swift; path = CoreDataFeedImageDataStoreTests.swift; sourceTree = "<group>"; };
		96FBE06E29BB6A3700B98E27 /* FeedStore 2.xcdatamodel */ = {isa = PBXFileReference; lastKnownFileType = wrapper.xcdatamodel; path = "FeedStore 2.xcdatamodel"; sourceTree = "<group>"; };
		96FBE06F29BB6BAA00B98E27 /* CoreDataFeedStore+FeedImageDataStore.swift */ = {isa = PBXFileReference; lastKnownFileType = sourcecode.swift; path = "CoreDataFeedStore+FeedImageDataStore.swift"; sourceTree = "<group>"; };
/* End PBXFileReference section */

/* Begin PBXFrameworksBuildPhase section */
		965BC94B28F841940058A7EB /* Frameworks */ = {
			isa = PBXFrameworksBuildPhase;
			buildActionMask = 2147483647;
			files = (
				965BC95228F841940058A7EB /* EssentialFeed.framework in Frameworks */,
			);
			runOnlyForDeploymentPostprocessing = 0;
		};
		9698611D28ED9DCE00BFD69B /* Frameworks */ = {
			isa = PBXFrameworksBuildPhase;
			buildActionMask = 2147483647;
			files = (
			);
			runOnlyForDeploymentPostprocessing = 0;
		};
		9698612728ED9DCF00BFD69B /* Frameworks */ = {
			isa = PBXFrameworksBuildPhase;
			buildActionMask = 2147483647;
			files = (
				9698612B28ED9DCF00BFD69B /* EssentialFeed.framework in Frameworks */,
			);
			runOnlyForDeploymentPostprocessing = 0;
		};
		96A46BBA2919347B00FF7F0E /* Frameworks */ = {
			isa = PBXFrameworksBuildPhase;
			buildActionMask = 2147483647;
			files = (
				96A46BC12919347B00FF7F0E /* EssentialFeed.framework in Frameworks */,
			);
			runOnlyForDeploymentPostprocessing = 0;
		};
		96F8E62A292FF23E00767D2E /* Frameworks */ = {
			isa = PBXFrameworksBuildPhase;
			buildActionMask = 2147483647;
			files = (
				9680911E293119C800D636CB /* EssentialFeed.framework in Frameworks */,
			);
			runOnlyForDeploymentPostprocessing = 0;
		};
		96F8E633292FF23E00767D2E /* Frameworks */ = {
			isa = PBXFrameworksBuildPhase;
			buildActionMask = 2147483647;
			files = (
				96F8E637292FF23E00767D2E /* EssentialFeediOS.framework in Frameworks */,
			);
			runOnlyForDeploymentPostprocessing = 0;
		};
/* End PBXFrameworksBuildPhase section */

/* Begin PBXGroup section */
		960516AE2901CA940069FEE2 /* Cache */ = {
			isa = PBXGroup;
			children = (
				967A55752912B72E0011C71D /* FeedStoreSpecs */,
				961D065C2906CC9A00F9B136 /* Helper */,
				960516AF2901CABC0069FEE2 /* FeedCacheUseCaseTests.swift */,
				961D065A2906C8AC00F9B136 /* LoadFeedFromCacheUseCaseTests.swift */,
				9689E452290AC4500079FF5E /* ValidateFeedCacheUseCaseTests.swift */,
				961D41B029142AD80045F886 /* CoreDataFeedStoreTests.swift */,
				96ED73B629B7BF36000BC5FF /* LoadFeedImageDataFromCacheUseCaseTests.swift */,
				96F2AEDF29B9072500658EBA /* CacheFeedImageDataUseCaseTests.swift */,
				96FB991529BA25700050BFC2 /* CoreDataFeedImageDataStoreTests.swift */,
			);
			path = Cache;
			sourceTree = "<group>";
		};
		9616501A2905A6C20075E1C8 /* Cache */ = {
			isa = PBXGroup;
			children = (
				96885E29291552780078D997 /* Infrastructure */,
				9616501B2905A6D50075E1C8 /* LocalFeedLoader.swift */,
				967F3742290C214800BDF3D2 /* FeedCachePolicy.swift */,
				9616501D2905A7040075E1C8 /* FeedStore.swift */,
				96737BD92905E3D30002FB20 /* LocalFeedImage.swift */,
				96F2AED929B8FBD100658EBA /* FeedImageDataStore.swift */,
				96F2AEDB29B8FC1800658EBA /* LocalFeedImageDataLoader.swift */,
			);
			path = Cache;
			sourceTree = "<group>";
		};
		961976212A012CC400C52B1D /* Presentation */ = {
			isa = PBXGroup;
			children = (
				961976222A012CDE00C52B1D /* ImageCommentsPresenter.swift */,
				961976282A012DA400C52B1D /* ImageComments.strings */,
			);
			path = Presentation;
			sourceTree = "<group>";
		};
		9619762B2A012E8500C52B1D /* Presentation */ = {
			isa = PBXGroup;
			children = (
				9619761F2A012B8000C52B1D /* ImageCommentsPresenterTests.swift */,
			);
			path = Presentation;
			sourceTree = "<group>";
		};
		961D065C2906CC9A00F9B136 /* Helper */ = {
			isa = PBXGroup;
			children = (
				961D065D2906CCA300F9B136 /* FeedStoreSpy.swift */,
				96F2AEDD29B905DE00658EBA /* FeedImageDataStoreSpy.swift */,
				9689E454290ACD6E0079FF5E /* FeedCacheTestHelpers.swift */,
			);
			path = Helper;
			sourceTree = "<group>";
		};
		9631B8C329F864D60041F7D5 /* Shared */ = {
			isa = PBXGroup;
			children = (
				9631B8C429F864E70041F7D5 /* API */,
				9631B8C529F864EF0041F7D5 /* API Infra */,
				964081E12A0020EF00AE1B1D /* Presentation */,
			);
			path = Shared;
			sourceTree = "<group>";
		};
		9631B8C429F864E70041F7D5 /* API */ = {
			isa = PBXGroup;
			children = (
				969325E828F45A3200849DAF /* HTTPClient.swift */,
			);
			path = API;
			sourceTree = "<group>";
		};
		9631B8C529F864EF0041F7D5 /* API Infra */ = {
			isa = PBXGroup;
			children = (
				964A0D4C28F774CA00D36820 /* URLSessionHTTPClient.swift */,
			);
			path = "API Infra";
			sourceTree = "<group>";
		};
		9631B8C629F8650B0041F7D5 /* Feed */ = {
			isa = PBXGroup;
			children = (
				9631B8C829F8653C0041F7D5 /* Domain */,
				9631B8C929F865440041F7D5 /* API */,
				9616501A2905A6C20075E1C8 /* Cache */,
				96D6E3B629B0F76A00F2CF7F /* Presentation */,
			);
			path = Feed;
			sourceTree = "<group>";
		};
		9631B8C729F865220041F7D5 /* ImageComments */ = {
			isa = PBXGroup;
			children = (
				9631B8CA29F865590041F7D5 /* Domain */,
				9631B8CB29F865610041F7D5 /* API */,
				961976212A012CC400C52B1D /* Presentation */,
			);
			path = ImageComments;
			sourceTree = "<group>";
		};
		9631B8C829F8653C0041F7D5 /* Domain */ = {
			isa = PBXGroup;
			children = (
				9698613A28ED9F8B00BFD69B /* FeedImage.swift */,
				96C1963F296702E800FCA571 /* FeedImageDataLoader.swift */,
				9639BE8D29C4ACC500EBCF91 /* FeedCache.swift */,
				9639BE9729C4E8FF00EBCF91 /* FeedImageDataCache.swift */,
			);
			path = Domain;
			sourceTree = "<group>";
		};
		9631B8C929F865440041F7D5 /* API */ = {
			isa = PBXGroup;
			children = (
				96ED73B129B78851000BC5FF /* Helpers */,
				969325EA28F45CAE00849DAF /* FeedItemsMapper.swift */,
				96D9C08A29FB060300C0326D /* FeedImageDataMapper.swift */,
				96737BD72905E2F70002FB20 /* RemoteFeedItem.swift */,
			);
			path = API;
			sourceTree = "<group>";
		};
		9631B8CA29F865590041F7D5 /* Domain */ = {
			isa = PBXGroup;
			children = (
				9631B8C129F84F6F0041F7D5 /* ImageComment.swift */,
			);
			path = Domain;
			sourceTree = "<group>";
		};
		9631B8CB29F865610041F7D5 /* API */ = {
			isa = PBXGroup;
			children = (
				96948CBF29F8247100239383 /* ImageCommentsMapper.swift */,
			);
			path = API;
			sourceTree = "<group>";
		};
		9631B8CC29F867180041F7D5 /* Shared */ = {
			isa = PBXGroup;
			children = (
				96150CD128F5BA360080A0B4 /* URLSessionHTTPClientTests.swift */,
				964081E22A00214200AE1B1D /* LoadResourcePresenterTests.swift */,
				9661CDD12A00432600856C6E /* SharedLocalizationTests.swift */,
			);
			path = Shared;
			sourceTree = "<group>";
		};
		9631B8CD29F867240041F7D5 /* Feed */ = {
			isa = PBXGroup;
			children = (
				969325EC28F468FA00849DAF /* API */,
				960516AE2901CA940069FEE2 /* Cache */,
				96D6E3A829B0DF4E00F2CF7F /* Presentation */,
			);
			path = Feed;
			sourceTree = "<group>";
		};
		9631B8CE29F8672B0041F7D5 /* ImageComments */ = {
			isa = PBXGroup;
			children = (
				9631B8CF29F8675D0041F7D5 /* API */,
				9619762B2A012E8500C52B1D /* Presentation */,
			);
			path = ImageComments;
			sourceTree = "<group>";
		};
		9631B8CF29F8675D0041F7D5 /* API */ = {
			isa = PBXGroup;
			children = (
				96948CBB29F8217A00239383 /* ImageCommentsMapperTests.swift */,
			);
			path = API;
			sourceTree = "<group>";
		};
		964081E12A0020EF00AE1B1D /* Presentation */ = {
			isa = PBXGroup;
			children = (
				964081E42A0021D200AE1B1D /* LoadResourcePresenter.swift */,
				9661CDD52A005D4000856C6E /* ResourceLoadingView.swift */,
				96D6E3BB29B10C5A00F2CF7F /* ResourceLoadingViewModel.swift */,
				9661CDD72A005E5200856C6E /* ResourceErrorView.swift */,
				96D6E3BF29B10C8E00F2CF7F /* ResourceErrorViewModel.swift */,
				96D6E3AB29B0F38100F2CF7F /* Localized.swift */,
				9661CDCE2A003F0600856C6E /* Shared.strings */,
			);
			path = Presentation;
			sourceTree = "<group>";
		};
		964A0D4928F75B7600D36820 /* Helpers */ = {
			isa = PBXGroup;
			children = (
				964A0D4A28F75BBE00D36820 /* XCTestCase+MemoryLeakTracking.swift */,
				9689E456290ACEB50079FF5E /* SharedTestHelpers.swift */,
				96ED73B429B78A0E000BC5FF /* URLProtocolStub.swift */,
				9661CDD32A0049D900856C6E /* SharedLocalizationTestHelpers.swift */,
			);
			path = Helpers;
			sourceTree = "<group>";
		};
		965BC94F28F841940058A7EB /* EssentialFeedAPIEndToEndTests */ = {
			isa = PBXGroup;
			children = (
				965BC95028F841940058A7EB /* EssentialFeedAPIEndToEndTests.swift */,
			);
			path = EssentialFeedAPIEndToEndTests;
			sourceTree = "<group>";
		};
		967A55752912B72E0011C71D /* FeedStoreSpecs */ = {
			isa = PBXGroup;
			children = (
				967A557129129E880011C71D /* FeedStoreSpecs.swift */,
				967A55732912AC0E0011C71D /* XCTestCase+FeedStoreSpecs.swift */,
			);
			path = FeedStoreSpecs;
			sourceTree = "<group>";
		};
		9680911D293119C800D636CB /* Frameworks */ = {
			isa = PBXGroup;
			children = (
			);
			name = Frameworks;
			sourceTree = "<group>";
		};
		96885E29291552780078D997 /* Infrastructure */ = {
			isa = PBXGroup;
			children = (
				96885E2D291578690078D997 /* CoreData */,
			);
			path = Infrastructure;
			sourceTree = "<group>";
		};
		96885E2D291578690078D997 /* CoreData */ = {
			isa = PBXGroup;
			children = (
				96EC632A29148536006C7104 /* CoreDataFeedStore.swift */,
				96D0B27929BF8B95008185A0 /* CoreDataFeedStore+FeedStore.swift */,
				96FBE06F29BB6BAA00B98E27 /* CoreDataFeedStore+FeedImageDataStore.swift */,
				96885E2A291553310078D997 /* CoreDataHelpers.swift */,
				96885E2729154DFD0078D997 /* ManagedFeedImage.swift */,
				96885E2529154DC30078D997 /* ManagedCache.swift */,
				961D41B22914325C0045F886 /* FeedStore.xcdatamodeld */,
			);
			path = CoreData;
			sourceTree = "<group>";
		};
		969325EC28F468FA00849DAF /* API */ = {
			isa = PBXGroup;
			children = (
				9698614228EDB36A00BFD69B /* FeedItemsMapperTests.swift */,
				9609973E29B62D7C004695B5 /* FeedImageDataMapperTests.swift */,
			);
			path = API;
			sourceTree = "<group>";
		};
		9698611628ED9DCE00BFD69B = {
			isa = PBXGroup;
			children = (
				9609973C29B62AD1004695B5 /* README.md */,
				9698612228ED9DCE00BFD69B /* EssentialFeed */,
				9698612E28ED9DCF00BFD69B /* EssentialFeedTests */,
				965BC94F28F841940058A7EB /* EssentialFeedAPIEndToEndTests */,
				96A46BBE2919347B00FF7F0E /* EssentialFeedCacheIntegrationTests */,
				96F8E62E292FF23E00767D2E /* EssentialFeediOS */,
				96F8E63A292FF23E00767D2E /* EssentialFeediOSTests */,
				9698612128ED9DCE00BFD69B /* Products */,
				9680911D293119C800D636CB /* Frameworks */,
			);
			sourceTree = "<group>";
		};
		9698612128ED9DCE00BFD69B /* Products */ = {
			isa = PBXGroup;
			children = (
				9698612028ED9DCE00BFD69B /* EssentialFeed.framework */,
				9698612A28ED9DCF00BFD69B /* EssentialFeedTests.xctest */,
				965BC94E28F841940058A7EB /* EssentialFeedAPIEndToEndTests.xctest */,
				96A46BBD2919347B00FF7F0E /* EssentialFeedCacheIntegrationTests.xctest */,
				96F8E62D292FF23E00767D2E /* EssentialFeediOS.framework */,
				96F8E636292FF23E00767D2E /* EssentialFeediOSTests.xctest */,
			);
			name = Products;
			sourceTree = "<group>";
		};
		9698612228ED9DCE00BFD69B /* EssentialFeed */ = {
			isa = PBXGroup;
			children = (
				9698612328ED9DCE00BFD69B /* EssentialFeed.h */,
				9698612428ED9DCE00BFD69B /* EssentialFeed.docc */,
				9631B8C329F864D60041F7D5 /* Shared */,
				9631B8C629F8650B0041F7D5 /* Feed */,
				9631B8C729F865220041F7D5 /* ImageComments */,
			);
			path = EssentialFeed;
			sourceTree = "<group>";
		};
		9698612E28ED9DCF00BFD69B /* EssentialFeedTests */ = {
			isa = PBXGroup;
			children = (
				964A0D4928F75B7600D36820 /* Helpers */,
				9631B8CC29F867180041F7D5 /* Shared */,
				9631B8CD29F867240041F7D5 /* Feed */,
				9631B8CE29F8672B0041F7D5 /* ImageComments */,
			);
			path = EssentialFeedTests;
			sourceTree = "<group>";
		};
		96A46BBE2919347B00FF7F0E /* EssentialFeedCacheIntegrationTests */ = {
			isa = PBXGroup;
			children = (
				96A46BBF2919347B00FF7F0E /* EssentialFeedCacheIntegrationTests.swift */,
			);
			path = EssentialFeedCacheIntegrationTests;
			sourceTree = "<group>";
		};
		96C708EB29718964004374CA /* Feed Presentation */ = {
			isa = PBXGroup;
			children = (
			);
			path = "Feed Presentation";
			sourceTree = "<group>";
		};
		96D6E3A829B0DF4E00F2CF7F /* Presentation */ = {
			isa = PBXGroup;
			children = (
				96D6E3A929B0DF8B00F2CF7F /* FeedPresenterTests.swift */,
				96D6E3B429B0F53700F2CF7F /* FeedLocalizationTests.swift */,
				96D6E3C129B1111700F2CF7F /* FeedImagePresenterTests.swift */,
			);
			path = Presentation;
			sourceTree = "<group>";
		};
		96D6E3B629B0F76A00F2CF7F /* Presentation */ = {
			isa = PBXGroup;
			children = (
				96D6E3B729B0F77F00F2CF7F /* FeedPresenter.swift */,
				96D6E3BD29B10C7500F2CF7F /* FeedViewModel.swift */,
				96D6E3C329B156CF00F2CF7F /* FeedImagePresenter.swift */,
				96D6E3C529B157DB00F2CF7F /* FeedImageViewModel.swift */,
				96D6E3B129B0F42A00F2CF7F /* Feed.strings */,
			);
			path = Presentation;
			sourceTree = "<group>";
		};
		96D734B72948E25100915235 /* Feed Image Loader */ = {
			isa = PBXGroup;
			children = (
			);
			path = "Feed Image Loader";
			sourceTree = "<group>";
		};
		96D734B82948E26900915235 /* Feed UI */ = {
			isa = PBXGroup;
			children = (
				96D734B92948E28400915235 /* Controllers */,
				96D734BB2948E2BC00915235 /* Views */,
			);
			path = "Feed UI";
			sourceTree = "<group>";
		};
		96D734B92948E28400915235 /* Controllers */ = {
			isa = PBXGroup;
			children = (
				9680912429314EE600D636CB /* FeedViewController.swift */,
				96C1965329674DF800FCA571 /* FeedImageCellController.swift */,
			);
			path = Controllers;
			sourceTree = "<group>";
		};
		96D734BB2948E2BC00915235 /* Views */ = {
			isa = PBXGroup;
			children = (
				96E9E5D629AE853D007C2D2C /* Helpers */,
				96566EFC293A7FFB00D9A0E1 /* FeedImageCell.swift */,
				96E9E5D429AE831D007C2D2C /* ErrorView.swift */,
				96037F622979825D008B07A3 /* Feed.storyboard */,
				96A02DFE2979859200855F88 /* Feed.xcassets */,
			);
			path = Views;
			sourceTree = "<group>";
		};
		96E9E5D629AE853D007C2D2C /* Helpers */ = {
			isa = PBXGroup;
			children = (
				96A9E2E3293F9FC200BC9991 /* UIKit+Shimmering.swift */,
				96A02E002979C0F600855F88 /* UITableView+Dequeueing.swift */,
				96D9625629CBA3B0009563C7 /* UITableView+HeaderSizing.swift */,
				96A02E032979C3C600855F88 /* UIImageView+Animations.swift */,
				96E9E5D929AE8AB3007C2D2C /* UIRefreshControl+Helpers.swift */,
			);
			path = Helpers;
			sourceTree = "<group>";
		};
		96ED73B129B78851000BC5FF /* Helpers */ = {
			isa = PBXGroup;
			children = (
				96ED73B229B78863000BC5FF /* HTTPURLResponse+StatusCode.swift */,
			);
			path = Helpers;
			sourceTree = "<group>";
		};
		96F8E62E292FF23E00767D2E /* EssentialFeediOS */ = {
			isa = PBXGroup;
			children = (
				96D734B72948E25100915235 /* Feed Image Loader */,
				96C708EB29718964004374CA /* Feed Presentation */,
				96D734B82948E26900915235 /* Feed UI */,
				96F8E630292FF23E00767D2E /* EssentialFeediOS.docc */,
			);
			path = EssentialFeediOS;
			sourceTree = "<group>";
		};
		96F8E63A292FF23E00767D2E /* EssentialFeediOSTests */ = {
			isa = PBXGroup;
			children = (
			);
			path = EssentialFeediOSTests;
			sourceTree = "<group>";
		};
/* End PBXGroup section */

/* Begin PBXHeadersBuildPhase section */
		9698611B28ED9DCE00BFD69B /* Headers */ = {
			isa = PBXHeadersBuildPhase;
			buildActionMask = 2147483647;
			files = (
				9698613128ED9DCF00BFD69B /* EssentialFeed.h in Headers */,
			);
			runOnlyForDeploymentPostprocessing = 0;
		};
		96F8E628292FF23E00767D2E /* Headers */ = {
			isa = PBXHeadersBuildPhase;
			buildActionMask = 2147483647;
			files = (
			);
			runOnlyForDeploymentPostprocessing = 0;
		};
/* End PBXHeadersBuildPhase section */

/* Begin PBXNativeTarget section */
		965BC94D28F841940058A7EB /* EssentialFeedAPIEndToEndTests */ = {
			isa = PBXNativeTarget;
			buildConfigurationList = 965BC95728F841940058A7EB /* Build configuration list for PBXNativeTarget "EssentialFeedAPIEndToEndTests" */;
			buildPhases = (
				965BC94A28F841940058A7EB /* Sources */,
				965BC94B28F841940058A7EB /* Frameworks */,
				965BC94C28F841940058A7EB /* Resources */,
			);
			buildRules = (
			);
			dependencies = (
				965BC95428F841940058A7EB /* PBXTargetDependency */,
			);
			name = EssentialFeedAPIEndToEndTests;
			productName = EssentialFeedAPIEndToEndTests;
			productReference = 965BC94E28F841940058A7EB /* EssentialFeedAPIEndToEndTests.xctest */;
			productType = "com.apple.product-type.bundle.unit-test";
		};
		9698611F28ED9DCE00BFD69B /* EssentialFeed */ = {
			isa = PBXNativeTarget;
			buildConfigurationList = 9698613428ED9DCF00BFD69B /* Build configuration list for PBXNativeTarget "EssentialFeed" */;
			buildPhases = (
				9698611B28ED9DCE00BFD69B /* Headers */,
				9698611C28ED9DCE00BFD69B /* Sources */,
				9698611D28ED9DCE00BFD69B /* Frameworks */,
				9698611E28ED9DCE00BFD69B /* Resources */,
			);
			buildRules = (
			);
			dependencies = (
			);
			name = EssentialFeed;
			productName = EssentialFeed;
			productReference = 9698612028ED9DCE00BFD69B /* EssentialFeed.framework */;
			productType = "com.apple.product-type.framework";
		};
		9698612928ED9DCF00BFD69B /* EssentialFeedTests */ = {
			isa = PBXNativeTarget;
			buildConfigurationList = 9698613728ED9DCF00BFD69B /* Build configuration list for PBXNativeTarget "EssentialFeedTests" */;
			buildPhases = (
				9698612628ED9DCF00BFD69B /* Sources */,
				9698612728ED9DCF00BFD69B /* Frameworks */,
				9698612828ED9DCF00BFD69B /* Resources */,
			);
			buildRules = (
			);
			dependencies = (
				9698612D28ED9DCF00BFD69B /* PBXTargetDependency */,
			);
			name = EssentialFeedTests;
			productName = EssentialFeedTests;
			productReference = 9698612A28ED9DCF00BFD69B /* EssentialFeedTests.xctest */;
			productType = "com.apple.product-type.bundle.unit-test";
		};
		96A46BBC2919347B00FF7F0E /* EssentialFeedCacheIntegrationTests */ = {
			isa = PBXNativeTarget;
			buildConfigurationList = 96A46BC62919347B00FF7F0E /* Build configuration list for PBXNativeTarget "EssentialFeedCacheIntegrationTests" */;
			buildPhases = (
				96A46BB92919347B00FF7F0E /* Sources */,
				96A46BBA2919347B00FF7F0E /* Frameworks */,
				96A46BBB2919347B00FF7F0E /* Resources */,
			);
			buildRules = (
			);
			dependencies = (
				96A46BC32919347B00FF7F0E /* PBXTargetDependency */,
			);
			name = EssentialFeedCacheIntegrationTests;
			productName = EssentialFeedCacheIntegrationTests;
			productReference = 96A46BBD2919347B00FF7F0E /* EssentialFeedCacheIntegrationTests.xctest */;
			productType = "com.apple.product-type.bundle.unit-test";
		};
		96F8E62C292FF23E00767D2E /* EssentialFeediOS */ = {
			isa = PBXNativeTarget;
			buildConfigurationList = 96F8E63E292FF23E00767D2E /* Build configuration list for PBXNativeTarget "EssentialFeediOS" */;
			buildPhases = (
				96F8E628292FF23E00767D2E /* Headers */,
				96F8E629292FF23E00767D2E /* Sources */,
				96F8E62A292FF23E00767D2E /* Frameworks */,
				96F8E62B292FF23E00767D2E /* Resources */,
				96809122293119C900D636CB /* Embed Frameworks */,
			);
			buildRules = (
			);
			dependencies = (
				96809121293119C900D636CB /* PBXTargetDependency */,
			);
			name = EssentialFeediOS;
			productName = EssentialFeediOS;
			productReference = 96F8E62D292FF23E00767D2E /* EssentialFeediOS.framework */;
			productType = "com.apple.product-type.framework";
		};
		96F8E635292FF23E00767D2E /* EssentialFeediOSTests */ = {
			isa = PBXNativeTarget;
			buildConfigurationList = 96F8E641292FF23E00767D2E /* Build configuration list for PBXNativeTarget "EssentialFeediOSTests" */;
			buildPhases = (
				96F8E632292FF23E00767D2E /* Sources */,
				96F8E633292FF23E00767D2E /* Frameworks */,
				96F8E634292FF23E00767D2E /* Resources */,
			);
			buildRules = (
			);
			dependencies = (
				96F8E639292FF23E00767D2E /* PBXTargetDependency */,
			);
			name = EssentialFeediOSTests;
			productName = EssentialFeediOSTests;
			productReference = 96F8E636292FF23E00767D2E /* EssentialFeediOSTests.xctest */;
			productType = "com.apple.product-type.bundle.unit-test";
		};
/* End PBXNativeTarget section */

/* Begin PBXProject section */
		9698611728ED9DCE00BFD69B /* Project object */ = {
			isa = PBXProject;
			attributes = {
				BuildIndependentTargetsInParallel = 1;
				LastSwiftUpdateCheck = 1410;
				LastUpgradeCheck = 1430;
				TargetAttributes = {
					965BC94D28F841940058A7EB = {
						CreatedOnToolsVersion = 14.0.1;
					};
					9698611F28ED9DCE00BFD69B = {
						CreatedOnToolsVersion = 14.0.1;
					};
					9698612928ED9DCF00BFD69B = {
						CreatedOnToolsVersion = 14.0.1;
					};
					96A46BBC2919347B00FF7F0E = {
						CreatedOnToolsVersion = 14.1;
					};
					96F8E62C292FF23E00767D2E = {
						CreatedOnToolsVersion = 14.1;
					};
					96F8E635292FF23E00767D2E = {
						CreatedOnToolsVersion = 14.1;
						LastSwiftMigration = 1410;
					};
				};
			};
			buildConfigurationList = 9698611A28ED9DCE00BFD69B /* Build configuration list for PBXProject "EssentialFeed" */;
			compatibilityVersion = "Xcode 14.0";
			developmentRegion = en;
			hasScannedForEncodings = 0;
			knownRegions = (
				en,
				Base,
				"pt-BR",
				el,
			);
			mainGroup = 9698611628ED9DCE00BFD69B;
			productRefGroup = 9698612128ED9DCE00BFD69B /* Products */;
			projectDirPath = "";
			projectRoot = "";
			targets = (
				9698611F28ED9DCE00BFD69B /* EssentialFeed */,
				9698612928ED9DCF00BFD69B /* EssentialFeedTests */,
				965BC94D28F841940058A7EB /* EssentialFeedAPIEndToEndTests */,
				96A46BBC2919347B00FF7F0E /* EssentialFeedCacheIntegrationTests */,
				96F8E62C292FF23E00767D2E /* EssentialFeediOS */,
				96F8E635292FF23E00767D2E /* EssentialFeediOSTests */,
			);
		};
/* End PBXProject section */

/* Begin PBXResourcesBuildPhase section */
		965BC94C28F841940058A7EB /* Resources */ = {
			isa = PBXResourcesBuildPhase;
			buildActionMask = 2147483647;
			files = (
			);
			runOnlyForDeploymentPostprocessing = 0;
		};
		9698611E28ED9DCE00BFD69B /* Resources */ = {
			isa = PBXResourcesBuildPhase;
			buildActionMask = 2147483647;
			files = (
				96D6E3BA29B0F87000F2CF7F /* Feed.strings in Resources */,
				9661CDCC2A003F0600856C6E /* Shared.strings in Resources */,
				961976262A012DA400C52B1D /* ImageComments.strings in Resources */,
			);
			runOnlyForDeploymentPostprocessing = 0;
		};
		9698612828ED9DCF00BFD69B /* Resources */ = {
			isa = PBXResourcesBuildPhase;
			buildActionMask = 2147483647;
			files = (
			);
			runOnlyForDeploymentPostprocessing = 0;
		};
		96A46BBB2919347B00FF7F0E /* Resources */ = {
			isa = PBXResourcesBuildPhase;
			buildActionMask = 2147483647;
			files = (
			);
			runOnlyForDeploymentPostprocessing = 0;
		};
		96F8E62B292FF23E00767D2E /* Resources */ = {
			isa = PBXResourcesBuildPhase;
			buildActionMask = 2147483647;
			files = (
				96037F632979825D008B07A3 /* Feed.storyboard in Resources */,
				96A02DFF2979859200855F88 /* Feed.xcassets in Resources */,
			);
			runOnlyForDeploymentPostprocessing = 0;
		};
		96F8E634292FF23E00767D2E /* Resources */ = {
			isa = PBXResourcesBuildPhase;
			buildActionMask = 2147483647;
			files = (
			);
			runOnlyForDeploymentPostprocessing = 0;
		};
/* End PBXResourcesBuildPhase section */

/* Begin PBXSourcesBuildPhase section */
		965BC94A28F841940058A7EB /* Sources */ = {
			isa = PBXSourcesBuildPhase;
			buildActionMask = 2147483647;
			files = (
				9616A9B128F8587000DD758E /* XCTestCase+MemoryLeakTracking.swift in Sources */,
				965BC95128F841940058A7EB /* EssentialFeedAPIEndToEndTests.swift in Sources */,
			);
			runOnlyForDeploymentPostprocessing = 0;
		};
		9698611C28ED9DCE00BFD69B /* Sources */ = {
			isa = PBXSourcesBuildPhase;
			buildActionMask = 2147483647;
			files = (
				964081E52A0021D200AE1B1D /* LoadResourcePresenter.swift in Sources */,
				96EC632B29148536006C7104 /* CoreDataFeedStore.swift in Sources */,
				96737BDA2905E3D30002FB20 /* LocalFeedImage.swift in Sources */,
				961976232A012CDE00C52B1D /* ImageCommentsPresenter.swift in Sources */,
				9616501E2905A7040075E1C8 /* FeedStore.swift in Sources */,
				96D6E3C029B10C8E00F2CF7F /* ResourceErrorViewModel.swift in Sources */,
				964A0D4D28F774CA00D36820 /* URLSessionHTTPClient.swift in Sources */,
				96F2AEDA29B8FBD100658EBA /* FeedImageDataStore.swift in Sources */,
				96D6E3B829B0F77F00F2CF7F /* FeedPresenter.swift in Sources */,
				96948CC029F8247100239383 /* ImageCommentsMapper.swift in Sources */,
				9639BE9829C4E8FF00EBCF91 /* FeedImageDataCache.swift in Sources */,
				96D6E3C429B156CF00F2CF7F /* FeedImagePresenter.swift in Sources */,
				969325E928F45A3200849DAF /* HTTPClient.swift in Sources */,
				96D6E3BC29B10C5A00F2CF7F /* ResourceLoadingViewModel.swift in Sources */,
				96885E2B291553310078D997 /* CoreDataHelpers.swift in Sources */,
				961D41B42914325C0045F886 /* FeedStore.xcdatamodeld in Sources */,
				96D0B27A29BF8B95008185A0 /* CoreDataFeedStore+FeedStore.swift in Sources */,
				96D6E3B929B0F7F500F2CF7F /* Localized.swift in Sources */,
				96D6E3C629B157DB00F2CF7F /* FeedImageViewModel.swift in Sources */,
				9639BE8E29C4ACC500EBCF91 /* FeedCache.swift in Sources */,
				9609973D29B62CCF004695B5 /* FeedImageDataLoader.swift in Sources */,
				96F2AEDC29B8FC1800658EBA /* LocalFeedImageDataLoader.swift in Sources */,
				969325EB28F45CAE00849DAF /* FeedItemsMapper.swift in Sources */,
				96737BD82905E2F70002FB20 /* RemoteFeedItem.swift in Sources */,
				96D6E3BE29B10C7500F2CF7F /* FeedViewModel.swift in Sources */,
				967F3743290C214800BDF3D2 /* FeedCachePolicy.swift in Sources */,
				9698613B28ED9F8B00BFD69B /* FeedImage.swift in Sources */,
				9616501C2905A6D50075E1C8 /* LocalFeedLoader.swift in Sources */,
				9661CDD62A005D4000856C6E /* ResourceLoadingView.swift in Sources */,
				96885E2629154DC30078D997 /* ManagedCache.swift in Sources */,
				96D9C08B29FB060300C0326D /* FeedImageDataMapper.swift in Sources */,
				9698612528ED9DCE00BFD69B /* EssentialFeed.docc in Sources */,
				9661CDD82A005E5200856C6E /* ResourceErrorView.swift in Sources */,
				96885E2829154DFD0078D997 /* ManagedFeedImage.swift in Sources */,
				96FBE07029BB6BAA00B98E27 /* CoreDataFeedStore+FeedImageDataStore.swift in Sources */,
				96ED73B329B78863000BC5FF /* HTTPURLResponse+StatusCode.swift in Sources */,
				9631B8C229F84F6F0041F7D5 /* ImageComment.swift in Sources */,
			);
			runOnlyForDeploymentPostprocessing = 0;
		};
		9698612628ED9DCF00BFD69B /* Sources */ = {
			isa = PBXSourcesBuildPhase;
			buildActionMask = 2147483647;
			files = (
				964081E32A00214200AE1B1D /* LoadResourcePresenterTests.swift in Sources */,
				967A55742912AC0E0011C71D /* XCTestCase+FeedStoreSpecs.swift in Sources */,
				9698614328EDB36A00BFD69B /* FeedItemsMapperTests.swift in Sources */,
				960516B02901CABC0069FEE2 /* FeedCacheUseCaseTests.swift in Sources */,
				9689E457290ACEB50079FF5E /* SharedTestHelpers.swift in Sources */,
				96ED73B729B7BF36000BC5FF /* LoadFeedImageDataFromCacheUseCaseTests.swift in Sources */,
				96D6E3AA29B0DF8B00F2CF7F /* FeedPresenterTests.swift in Sources */,
				9661CDD42A0049D900856C6E /* SharedLocalizationTestHelpers.swift in Sources */,
				96F2AEE029B9072500658EBA /* CacheFeedImageDataUseCaseTests.swift in Sources */,
				96150CD228F5BA360080A0B4 /* URLSessionHTTPClientTests.swift in Sources */,
				96D6E3B529B0F53700F2CF7F /* FeedLocalizationTests.swift in Sources */,
				961D41B129142AD80045F886 /* CoreDataFeedStoreTests.swift in Sources */,
				964A0D4B28F75BBE00D36820 /* XCTestCase+MemoryLeakTracking.swift in Sources */,
				9689E455290ACD6E0079FF5E /* FeedCacheTestHelpers.swift in Sources */,
				9609973F29B62D7C004695B5 /* FeedImageDataMapperTests.swift in Sources */,
				96D6E3C229B1111700F2CF7F /* FeedImagePresenterTests.swift in Sources */,
				9689E453290AC4500079FF5E /* ValidateFeedCacheUseCaseTests.swift in Sources */,
				961D065E2906CCA300F9B136 /* FeedStoreSpy.swift in Sources */,
				96ED73B529B78A0E000BC5FF /* URLProtocolStub.swift in Sources */,
				961D065B2906C8AC00F9B136 /* LoadFeedFromCacheUseCaseTests.swift in Sources */,
				961976202A012B8000C52B1D /* ImageCommentsPresenterTests.swift in Sources */,
				9661CDD22A00432600856C6E /* SharedLocalizationTests.swift in Sources */,
				967A557229129E880011C71D /* FeedStoreSpecs.swift in Sources */,
				96F2AEDE29B905DE00658EBA /* FeedImageDataStoreSpy.swift in Sources */,
				96948CBC29F8217A00239383 /* ImageCommentsMapperTests.swift in Sources */,
				96FB991629BA25700050BFC2 /* CoreDataFeedImageDataStoreTests.swift in Sources */,
			);
			runOnlyForDeploymentPostprocessing = 0;
		};
		96A46BB92919347B00FF7F0E /* Sources */ = {
			isa = PBXSourcesBuildPhase;
			buildActionMask = 2147483647;
			files = (
				96A46BCA29193EF900FF7F0E /* FeedCacheTestHelpers.swift in Sources */,
				96A46BC02919347B00FF7F0E /* EssentialFeedCacheIntegrationTests.swift in Sources */,
				96A46BCB29193F1500FF7F0E /* SharedTestHelpers.swift in Sources */,
				96A46BC82919395300FF7F0E /* XCTestCase+MemoryLeakTracking.swift in Sources */,
			);
			runOnlyForDeploymentPostprocessing = 0;
		};
		96F8E629292FF23E00767D2E /* Sources */ = {
			isa = PBXSourcesBuildPhase;
			buildActionMask = 2147483647;
			files = (
				9680912529314EE600D636CB /* FeedViewController.swift in Sources */,
				96A02E022979C15600855F88 /* UITableView+Dequeueing.swift in Sources */,
				96A02E042979C3C600855F88 /* UIImageView+Animations.swift in Sources */,
				96C1965429674DF800FCA571 /* FeedImageCellController.swift in Sources */,
				96D9625729CBA3B0009563C7 /* UITableView+HeaderSizing.swift in Sources */,
				96A9E2E4293F9FC200BC9991 /* UIKit+Shimmering.swift in Sources */,
				96E9E5DA29AE8AB3007C2D2C /* UIRefreshControl+Helpers.swift in Sources */,
				96E9E5D529AE831D007C2D2C /* ErrorView.swift in Sources */,
				96566EFD293A7FFB00D9A0E1 /* FeedImageCell.swift in Sources */,
				96F8E631292FF23E00767D2E /* EssentialFeediOS.docc in Sources */,
			);
			runOnlyForDeploymentPostprocessing = 0;
		};
		96F8E632292FF23E00767D2E /* Sources */ = {
			isa = PBXSourcesBuildPhase;
			buildActionMask = 2147483647;
			files = (
				9680912329313D5E00D636CB /* XCTestCase+MemoryLeakTracking.swift in Sources */,
			);
			runOnlyForDeploymentPostprocessing = 0;
		};
/* End PBXSourcesBuildPhase section */

/* Begin PBXTargetDependency section */
		965BC95428F841940058A7EB /* PBXTargetDependency */ = {
			isa = PBXTargetDependency;
			target = 9698611F28ED9DCE00BFD69B /* EssentialFeed */;
			targetProxy = 965BC95328F841940058A7EB /* PBXContainerItemProxy */;
		};
		96809121293119C900D636CB /* PBXTargetDependency */ = {
			isa = PBXTargetDependency;
			platformFilter = ios;
			target = 9698611F28ED9DCE00BFD69B /* EssentialFeed */;
			targetProxy = 96809120293119C900D636CB /* PBXContainerItemProxy */;
		};
		9698612D28ED9DCF00BFD69B /* PBXTargetDependency */ = {
			isa = PBXTargetDependency;
			target = 9698611F28ED9DCE00BFD69B /* EssentialFeed */;
			targetProxy = 9698612C28ED9DCF00BFD69B /* PBXContainerItemProxy */;
		};
		96A46BC32919347B00FF7F0E /* PBXTargetDependency */ = {
			isa = PBXTargetDependency;
			target = 9698611F28ED9DCE00BFD69B /* EssentialFeed */;
			targetProxy = 96A46BC22919347B00FF7F0E /* PBXContainerItemProxy */;
		};
		96F8E639292FF23E00767D2E /* PBXTargetDependency */ = {
			isa = PBXTargetDependency;
			target = 96F8E62C292FF23E00767D2E /* EssentialFeediOS */;
			targetProxy = 96F8E638292FF23E00767D2E /* PBXContainerItemProxy */;
		};
/* End PBXTargetDependency section */

/* Begin PBXVariantGroup section */
		961976282A012DA400C52B1D /* ImageComments.strings */ = {
			isa = PBXVariantGroup;
			children = (
				961976272A012DA400C52B1D /* en */,
				961976292A012DB000C52B1D /* el */,
				9619762A2A012DB100C52B1D /* pt-BR */,
			);
			name = ImageComments.strings;
			sourceTree = "<group>";
		};
		9661CDCE2A003F0600856C6E /* Shared.strings */ = {
			isa = PBXVariantGroup;
			children = (
				9661CDCD2A003F0600856C6E /* en */,
				9661CDCF2A003F0B00856C6E /* el */,
				9661CDD02A003F0D00856C6E /* pt-BR */,
			);
			name = Shared.strings;
			sourceTree = "<group>";
		};
		96D6E3B129B0F42A00F2CF7F /* Feed.strings */ = {
			isa = PBXVariantGroup;
			children = (
				96D6E3B029B0F42A00F2CF7F /* en */,
				96D6E3B229B0F43000F2CF7F /* el */,
				96D6E3B329B0F43100F2CF7F /* pt-BR */,
			);
			name = Feed.strings;
			sourceTree = "<group>";
		};
/* End PBXVariantGroup section */

/* Begin XCBuildConfiguration section */
		965BC95528F841940058A7EB /* Debug */ = {
			isa = XCBuildConfiguration;
			buildSettings = {
				CODE_SIGN_STYLE = Automatic;
				CURRENT_PROJECT_VERSION = 1;
				DEAD_CODE_STRIPPING = YES;
				DEVELOPMENT_TEAM = 738U5S74SN;
				GENERATE_INFOPLIST_FILE = YES;
				MACOSX_DEPLOYMENT_TARGET = 13.3;
				MARKETING_VERSION = 1.0;
				PRODUCT_BUNDLE_IDENTIFIER = br.com.simplydone.EssentialFeedAPIEndToEndTests;
				PRODUCT_NAME = "$(TARGET_NAME)";
				SUPPORTED_PLATFORMS = "macosx iphoneos iphonesimulator";
				SWIFT_EMIT_LOC_STRINGS = NO;
				SWIFT_VERSION = 5.0;
			};
			name = Debug;
		};
		965BC95628F841940058A7EB /* Release */ = {
			isa = XCBuildConfiguration;
			buildSettings = {
				CODE_SIGN_STYLE = Automatic;
				CURRENT_PROJECT_VERSION = 1;
				DEAD_CODE_STRIPPING = YES;
				DEVELOPMENT_TEAM = 738U5S74SN;
				GENERATE_INFOPLIST_FILE = YES;
				MACOSX_DEPLOYMENT_TARGET = 13.3;
				MARKETING_VERSION = 1.0;
				PRODUCT_BUNDLE_IDENTIFIER = br.com.simplydone.EssentialFeedAPIEndToEndTests;
				PRODUCT_NAME = "$(TARGET_NAME)";
				SUPPORTED_PLATFORMS = "macosx iphoneos iphonesimulator";
				SWIFT_EMIT_LOC_STRINGS = NO;
				SWIFT_VERSION = 5.0;
			};
			name = Release;
		};
		9698613228ED9DCF00BFD69B /* Debug */ = {
			isa = XCBuildConfiguration;
			buildSettings = {
				ALWAYS_SEARCH_USER_PATHS = NO;
				CLANG_ANALYZER_LOCALIZABILITY_NONLOCALIZED = YES;
				CLANG_ANALYZER_NONNULL = YES;
				CLANG_ANALYZER_NUMBER_OBJECT_CONVERSION = YES_AGGRESSIVE;
				CLANG_CXX_LANGUAGE_STANDARD = "gnu++20";
				CLANG_ENABLE_MODULES = YES;
				CLANG_ENABLE_OBJC_ARC = YES;
				CLANG_ENABLE_OBJC_WEAK = YES;
				CLANG_WARN_BLOCK_CAPTURE_AUTORELEASING = YES;
				CLANG_WARN_BOOL_CONVERSION = YES;
				CLANG_WARN_COMMA = YES;
				CLANG_WARN_CONSTANT_CONVERSION = YES;
				CLANG_WARN_DEPRECATED_OBJC_IMPLEMENTATIONS = YES;
				CLANG_WARN_DIRECT_OBJC_ISA_USAGE = YES_ERROR;
				CLANG_WARN_DOCUMENTATION_COMMENTS = YES;
				CLANG_WARN_EMPTY_BODY = YES;
				CLANG_WARN_ENUM_CONVERSION = YES;
				CLANG_WARN_INFINITE_RECURSION = YES;
				CLANG_WARN_INT_CONVERSION = YES;
				CLANG_WARN_NON_LITERAL_NULL_CONVERSION = YES;
				CLANG_WARN_OBJC_IMPLICIT_RETAIN_SELF = YES;
				CLANG_WARN_OBJC_LITERAL_CONVERSION = YES;
				CLANG_WARN_OBJC_ROOT_CLASS = YES_ERROR;
				CLANG_WARN_QUOTED_INCLUDE_IN_FRAMEWORK_HEADER = YES;
				CLANG_WARN_RANGE_LOOP_ANALYSIS = YES;
				CLANG_WARN_STRICT_PROTOTYPES = YES;
				CLANG_WARN_SUSPICIOUS_MOVE = YES;
				CLANG_WARN_UNGUARDED_AVAILABILITY = YES_AGGRESSIVE;
				CLANG_WARN_UNREACHABLE_CODE = YES;
				CLANG_WARN__DUPLICATE_METHOD_MATCH = YES;
				COPY_PHASE_STRIP = NO;
				CURRENT_PROJECT_VERSION = 1;
				DEAD_CODE_STRIPPING = YES;
				DEBUG_INFORMATION_FORMAT = dwarf;
				ENABLE_STRICT_OBJC_MSGSEND = YES;
				ENABLE_TESTABILITY = YES;
				GCC_C_LANGUAGE_STANDARD = gnu11;
				GCC_DYNAMIC_NO_PIC = NO;
				GCC_NO_COMMON_BLOCKS = YES;
				GCC_OPTIMIZATION_LEVEL = 0;
				GCC_PREPROCESSOR_DEFINITIONS = (
					"DEBUG=1",
					"$(inherited)",
				);
				GCC_WARN_64_TO_32_BIT_CONVERSION = YES;
				GCC_WARN_ABOUT_RETURN_TYPE = YES_ERROR;
				GCC_WARN_UNDECLARED_SELECTOR = YES;
				GCC_WARN_UNINITIALIZED_AUTOS = YES_AGGRESSIVE;
				GCC_WARN_UNUSED_FUNCTION = YES;
				GCC_WARN_UNUSED_VARIABLE = YES;
				IPHONEOS_DEPLOYMENT_TARGET = 16.4;
				MACOSX_DEPLOYMENT_TARGET = 13.3;
				MTL_ENABLE_DEBUG_INFO = INCLUDE_SOURCE;
				MTL_FAST_MATH = YES;
				ONLY_ACTIVE_ARCH = YES;
				SDKROOT = macosx;
				SWIFT_ACTIVE_COMPILATION_CONDITIONS = DEBUG;
				SWIFT_OPTIMIZATION_LEVEL = "-Onone";
				VERSIONING_SYSTEM = "apple-generic";
				VERSION_INFO_PREFIX = "";
			};
			name = Debug;
		};
		9698613328ED9DCF00BFD69B /* Release */ = {
			isa = XCBuildConfiguration;
			buildSettings = {
				ALWAYS_SEARCH_USER_PATHS = NO;
				CLANG_ANALYZER_LOCALIZABILITY_NONLOCALIZED = YES;
				CLANG_ANALYZER_NONNULL = YES;
				CLANG_ANALYZER_NUMBER_OBJECT_CONVERSION = YES_AGGRESSIVE;
				CLANG_CXX_LANGUAGE_STANDARD = "gnu++20";
				CLANG_ENABLE_MODULES = YES;
				CLANG_ENABLE_OBJC_ARC = YES;
				CLANG_ENABLE_OBJC_WEAK = YES;
				CLANG_WARN_BLOCK_CAPTURE_AUTORELEASING = YES;
				CLANG_WARN_BOOL_CONVERSION = YES;
				CLANG_WARN_COMMA = YES;
				CLANG_WARN_CONSTANT_CONVERSION = YES;
				CLANG_WARN_DEPRECATED_OBJC_IMPLEMENTATIONS = YES;
				CLANG_WARN_DIRECT_OBJC_ISA_USAGE = YES_ERROR;
				CLANG_WARN_DOCUMENTATION_COMMENTS = YES;
				CLANG_WARN_EMPTY_BODY = YES;
				CLANG_WARN_ENUM_CONVERSION = YES;
				CLANG_WARN_INFINITE_RECURSION = YES;
				CLANG_WARN_INT_CONVERSION = YES;
				CLANG_WARN_NON_LITERAL_NULL_CONVERSION = YES;
				CLANG_WARN_OBJC_IMPLICIT_RETAIN_SELF = YES;
				CLANG_WARN_OBJC_LITERAL_CONVERSION = YES;
				CLANG_WARN_OBJC_ROOT_CLASS = YES_ERROR;
				CLANG_WARN_QUOTED_INCLUDE_IN_FRAMEWORK_HEADER = YES;
				CLANG_WARN_RANGE_LOOP_ANALYSIS = YES;
				CLANG_WARN_STRICT_PROTOTYPES = YES;
				CLANG_WARN_SUSPICIOUS_MOVE = YES;
				CLANG_WARN_UNGUARDED_AVAILABILITY = YES_AGGRESSIVE;
				CLANG_WARN_UNREACHABLE_CODE = YES;
				CLANG_WARN__DUPLICATE_METHOD_MATCH = YES;
				COPY_PHASE_STRIP = NO;
				CURRENT_PROJECT_VERSION = 1;
				DEAD_CODE_STRIPPING = YES;
				DEBUG_INFORMATION_FORMAT = "dwarf-with-dsym";
				ENABLE_NS_ASSERTIONS = NO;
				ENABLE_STRICT_OBJC_MSGSEND = YES;
				GCC_C_LANGUAGE_STANDARD = gnu11;
				GCC_NO_COMMON_BLOCKS = YES;
				GCC_WARN_64_TO_32_BIT_CONVERSION = YES;
				GCC_WARN_ABOUT_RETURN_TYPE = YES_ERROR;
				GCC_WARN_UNDECLARED_SELECTOR = YES;
				GCC_WARN_UNINITIALIZED_AUTOS = YES_AGGRESSIVE;
				GCC_WARN_UNUSED_FUNCTION = YES;
				GCC_WARN_UNUSED_VARIABLE = YES;
				IPHONEOS_DEPLOYMENT_TARGET = 16.4;
				MACOSX_DEPLOYMENT_TARGET = 13.3;
				MTL_ENABLE_DEBUG_INFO = NO;
				MTL_FAST_MATH = YES;
				SDKROOT = macosx;
				SWIFT_COMPILATION_MODE = wholemodule;
				SWIFT_OPTIMIZATION_LEVEL = "-O";
				VERSIONING_SYSTEM = "apple-generic";
				VERSION_INFO_PREFIX = "";
			};
			name = Release;
		};
		9698613528ED9DCF00BFD69B /* Debug */ = {
			isa = XCBuildConfiguration;
			buildSettings = {
				CODE_SIGN_STYLE = Automatic;
				COMBINE_HIDPI_IMAGES = YES;
				CURRENT_PROJECT_VERSION = 1;
				DEAD_CODE_STRIPPING = YES;
				DEFINES_MODULE = YES;
				DEVELOPMENT_TEAM = 738U5S74SN;
				DYLIB_COMPATIBILITY_VERSION = 1;
				DYLIB_CURRENT_VERSION = 1;
				DYLIB_INSTALL_NAME_BASE = "@rpath";
				GENERATE_INFOPLIST_FILE = YES;
				INFOPLIST_KEY_NSHumanReadableCopyright = "";
				INSTALL_PATH = "$(LOCAL_LIBRARY_DIR)/Frameworks";
				LD_RUNPATH_SEARCH_PATHS = (
					"$(inherited)",
					"@executable_path/../Frameworks",
					"@loader_path/Frameworks",
				);
				MACOSX_DEPLOYMENT_TARGET = 13.3;
				MARKETING_VERSION = 1.0;
				PRODUCT_BUNDLE_IDENTIFIER = br.com.simplydone.EssentialFeed;
				PRODUCT_NAME = "$(TARGET_NAME:c99extidentifier)";
				SKIP_INSTALL = YES;
				SUPPORTED_PLATFORMS = "macosx iphoneos iphonesimulator";
				SWIFT_EMIT_LOC_STRINGS = YES;
				SWIFT_VERSION = 5.0;
			};
			name = Debug;
		};
		9698613628ED9DCF00BFD69B /* Release */ = {
			isa = XCBuildConfiguration;
			buildSettings = {
				CODE_SIGN_STYLE = Automatic;
				COMBINE_HIDPI_IMAGES = YES;
				CURRENT_PROJECT_VERSION = 1;
				DEAD_CODE_STRIPPING = YES;
				DEFINES_MODULE = YES;
				DEVELOPMENT_TEAM = 738U5S74SN;
				DYLIB_COMPATIBILITY_VERSION = 1;
				DYLIB_CURRENT_VERSION = 1;
				DYLIB_INSTALL_NAME_BASE = "@rpath";
				GENERATE_INFOPLIST_FILE = YES;
				INFOPLIST_KEY_NSHumanReadableCopyright = "";
				INSTALL_PATH = "$(LOCAL_LIBRARY_DIR)/Frameworks";
				LD_RUNPATH_SEARCH_PATHS = (
					"$(inherited)",
					"@executable_path/../Frameworks",
					"@loader_path/Frameworks",
				);
				MACOSX_DEPLOYMENT_TARGET = 13.3;
				MARKETING_VERSION = 1.0;
				PRODUCT_BUNDLE_IDENTIFIER = br.com.simplydone.EssentialFeed;
				PRODUCT_NAME = "$(TARGET_NAME:c99extidentifier)";
				SKIP_INSTALL = YES;
				SUPPORTED_PLATFORMS = "macosx iphoneos iphonesimulator";
				SWIFT_EMIT_LOC_STRINGS = YES;
				SWIFT_VERSION = 5.0;
			};
			name = Release;
		};
		9698613828ED9DCF00BFD69B /* Debug */ = {
			isa = XCBuildConfiguration;
			buildSettings = {
				ALWAYS_EMBED_SWIFT_STANDARD_LIBRARIES = YES;
				CODE_SIGN_STYLE = Automatic;
				CURRENT_PROJECT_VERSION = 1;
				DEAD_CODE_STRIPPING = YES;
				DEVELOPMENT_TEAM = 738U5S74SN;
				GENERATE_INFOPLIST_FILE = YES;
				MACOSX_DEPLOYMENT_TARGET = 13.3;
				MARKETING_VERSION = 1.0;
				PRODUCT_BUNDLE_IDENTIFIER = br.com.simplydone.EssentialFeedTests;
				PRODUCT_NAME = "$(TARGET_NAME)";
				SUPPORTED_PLATFORMS = "macosx iphonesimulator iphoneos";
				SWIFT_EMIT_LOC_STRINGS = NO;
				SWIFT_VERSION = 5.0;
			};
			name = Debug;
		};
		9698613928ED9DCF00BFD69B /* Release */ = {
			isa = XCBuildConfiguration;
			buildSettings = {
				ALWAYS_EMBED_SWIFT_STANDARD_LIBRARIES = YES;
				CODE_SIGN_STYLE = Automatic;
				CURRENT_PROJECT_VERSION = 1;
				DEAD_CODE_STRIPPING = YES;
				DEVELOPMENT_TEAM = 738U5S74SN;
				GENERATE_INFOPLIST_FILE = YES;
				MACOSX_DEPLOYMENT_TARGET = 13.3;
				MARKETING_VERSION = 1.0;
				PRODUCT_BUNDLE_IDENTIFIER = br.com.simplydone.EssentialFeedTests;
				PRODUCT_NAME = "$(TARGET_NAME)";
				SUPPORTED_PLATFORMS = "macosx iphonesimulator iphoneos";
				SWIFT_EMIT_LOC_STRINGS = NO;
				SWIFT_VERSION = 5.0;
			};
			name = Release;
		};
		96A46BC42919347B00FF7F0E /* Debug */ = {
			isa = XCBuildConfiguration;
			buildSettings = {
				CODE_SIGN_STYLE = Automatic;
				CURRENT_PROJECT_VERSION = 1;
				DEAD_CODE_STRIPPING = YES;
				DEVELOPMENT_TEAM = 738U5S74SN;
				GENERATE_INFOPLIST_FILE = YES;
				MACOSX_DEPLOYMENT_TARGET = 13.3;
				MARKETING_VERSION = 1.0;
				PRODUCT_BUNDLE_IDENTIFIER = br.com.simplydone.EssentialFeedCacheIntegrationTests;
				PRODUCT_NAME = "$(TARGET_NAME)";
				SUPPORTED_PLATFORMS = "macosx iphoneos iphonesimulator";
				SWIFT_EMIT_LOC_STRINGS = NO;
				SWIFT_VERSION = 5.0;
			};
			name = Debug;
		};
		96A46BC52919347B00FF7F0E /* Release */ = {
			isa = XCBuildConfiguration;
			buildSettings = {
				CODE_SIGN_STYLE = Automatic;
				CURRENT_PROJECT_VERSION = 1;
				DEAD_CODE_STRIPPING = YES;
				DEVELOPMENT_TEAM = 738U5S74SN;
				GENERATE_INFOPLIST_FILE = YES;
				MACOSX_DEPLOYMENT_TARGET = 13.3;
				MARKETING_VERSION = 1.0;
				PRODUCT_BUNDLE_IDENTIFIER = br.com.simplydone.EssentialFeedCacheIntegrationTests;
				PRODUCT_NAME = "$(TARGET_NAME)";
				SUPPORTED_PLATFORMS = "macosx iphoneos iphonesimulator";
				SWIFT_EMIT_LOC_STRINGS = NO;
				SWIFT_VERSION = 5.0;
			};
			name = Release;
		};
		96F8E63F292FF23E00767D2E /* Debug */ = {
			isa = XCBuildConfiguration;
			buildSettings = {
				CODE_SIGN_STYLE = Automatic;
				CURRENT_PROJECT_VERSION = 1;
				DEFINES_MODULE = YES;
				DEVELOPMENT_TEAM = 738U5S74SN;
				DYLIB_COMPATIBILITY_VERSION = 1;
				DYLIB_CURRENT_VERSION = 1;
				DYLIB_INSTALL_NAME_BASE = "@rpath";
				GENERATE_INFOPLIST_FILE = YES;
				INFOPLIST_KEY_NSHumanReadableCopyright = "";
				INSTALL_PATH = "$(LOCAL_LIBRARY_DIR)/Frameworks";
				IPHONEOS_DEPLOYMENT_TARGET = 16.4;
				LD_RUNPATH_SEARCH_PATHS = (
					"$(inherited)",
					"@executable_path/Frameworks",
					"@loader_path/Frameworks",
				);
				MARKETING_VERSION = 1.0;
				PRODUCT_BUNDLE_IDENTIFIER = br.com.simplydone.EssentialFeediOS;
				PRODUCT_NAME = "$(TARGET_NAME:c99extidentifier)";
				SDKROOT = iphoneos;
				SKIP_INSTALL = YES;
				SWIFT_EMIT_LOC_STRINGS = YES;
				SWIFT_VERSION = 5.0;
				TARGETED_DEVICE_FAMILY = "1,2";
			};
			name = Debug;
		};
		96F8E640292FF23E00767D2E /* Release */ = {
			isa = XCBuildConfiguration;
			buildSettings = {
				CODE_SIGN_STYLE = Automatic;
				CURRENT_PROJECT_VERSION = 1;
				DEFINES_MODULE = YES;
				DEVELOPMENT_TEAM = 738U5S74SN;
				DYLIB_COMPATIBILITY_VERSION = 1;
				DYLIB_CURRENT_VERSION = 1;
				DYLIB_INSTALL_NAME_BASE = "@rpath";
				GENERATE_INFOPLIST_FILE = YES;
				INFOPLIST_KEY_NSHumanReadableCopyright = "";
				INSTALL_PATH = "$(LOCAL_LIBRARY_DIR)/Frameworks";
				IPHONEOS_DEPLOYMENT_TARGET = 16.4;
				LD_RUNPATH_SEARCH_PATHS = (
					"$(inherited)",
					"@executable_path/Frameworks",
					"@loader_path/Frameworks",
				);
				MARKETING_VERSION = 1.0;
				PRODUCT_BUNDLE_IDENTIFIER = br.com.simplydone.EssentialFeediOS;
				PRODUCT_NAME = "$(TARGET_NAME:c99extidentifier)";
				SDKROOT = iphoneos;
				SKIP_INSTALL = YES;
				SWIFT_EMIT_LOC_STRINGS = YES;
				SWIFT_VERSION = 5.0;
				TARGETED_DEVICE_FAMILY = "1,2";
				VALIDATE_PRODUCT = YES;
			};
			name = Release;
		};
		96F8E642292FF23E00767D2E /* Debug */ = {
			isa = XCBuildConfiguration;
			buildSettings = {
				ALWAYS_EMBED_SWIFT_STANDARD_LIBRARIES = YES;
				CLANG_ENABLE_MODULES = YES;
				CODE_SIGN_STYLE = Automatic;
				CURRENT_PROJECT_VERSION = 1;
				DEVELOPMENT_TEAM = 738U5S74SN;
				GENERATE_INFOPLIST_FILE = YES;
				IPHONEOS_DEPLOYMENT_TARGET = 16.4;
				LD_RUNPATH_SEARCH_PATHS = (
					"$(inherited)",
					"@executable_path/Frameworks",
					"@loader_path/Frameworks",
				);
				MARKETING_VERSION = 1.0;
				PRODUCT_BUNDLE_IDENTIFIER = br.com.simplydone.EssentialFeediOSTests;
				PRODUCT_NAME = "$(TARGET_NAME)";
				SDKROOT = iphoneos;
				SWIFT_EMIT_LOC_STRINGS = NO;
				SWIFT_OPTIMIZATION_LEVEL = "-Onone";
				SWIFT_VERSION = 5.0;
				TARGETED_DEVICE_FAMILY = "1,2";
			};
			name = Debug;
		};
		96F8E643292FF23E00767D2E /* Release */ = {
			isa = XCBuildConfiguration;
			buildSettings = {
				ALWAYS_EMBED_SWIFT_STANDARD_LIBRARIES = YES;
				CLANG_ENABLE_MODULES = YES;
				CODE_SIGN_STYLE = Automatic;
				CURRENT_PROJECT_VERSION = 1;
				DEVELOPMENT_TEAM = 738U5S74SN;
				GENERATE_INFOPLIST_FILE = YES;
				IPHONEOS_DEPLOYMENT_TARGET = 16.4;
				LD_RUNPATH_SEARCH_PATHS = (
					"$(inherited)",
					"@executable_path/Frameworks",
					"@loader_path/Frameworks",
				);
				MARKETING_VERSION = 1.0;
				PRODUCT_BUNDLE_IDENTIFIER = br.com.simplydone.EssentialFeediOSTests;
				PRODUCT_NAME = "$(TARGET_NAME)";
				SDKROOT = iphoneos;
				SWIFT_EMIT_LOC_STRINGS = NO;
				SWIFT_VERSION = 5.0;
				TARGETED_DEVICE_FAMILY = "1,2";
				VALIDATE_PRODUCT = YES;
			};
			name = Release;
		};
/* End XCBuildConfiguration section */

/* Begin XCConfigurationList section */
		965BC95728F841940058A7EB /* Build configuration list for PBXNativeTarget "EssentialFeedAPIEndToEndTests" */ = {
			isa = XCConfigurationList;
			buildConfigurations = (
				965BC95528F841940058A7EB /* Debug */,
				965BC95628F841940058A7EB /* Release */,
			);
			defaultConfigurationIsVisible = 0;
			defaultConfigurationName = Release;
		};
		9698611A28ED9DCE00BFD69B /* Build configuration list for PBXProject "EssentialFeed" */ = {
			isa = XCConfigurationList;
			buildConfigurations = (
				9698613228ED9DCF00BFD69B /* Debug */,
				9698613328ED9DCF00BFD69B /* Release */,
			);
			defaultConfigurationIsVisible = 0;
			defaultConfigurationName = Release;
		};
		9698613428ED9DCF00BFD69B /* Build configuration list for PBXNativeTarget "EssentialFeed" */ = {
			isa = XCConfigurationList;
			buildConfigurations = (
				9698613528ED9DCF00BFD69B /* Debug */,
				9698613628ED9DCF00BFD69B /* Release */,
			);
			defaultConfigurationIsVisible = 0;
			defaultConfigurationName = Release;
		};
		9698613728ED9DCF00BFD69B /* Build configuration list for PBXNativeTarget "EssentialFeedTests" */ = {
			isa = XCConfigurationList;
			buildConfigurations = (
				9698613828ED9DCF00BFD69B /* Debug */,
				9698613928ED9DCF00BFD69B /* Release */,
			);
			defaultConfigurationIsVisible = 0;
			defaultConfigurationName = Release;
		};
		96A46BC62919347B00FF7F0E /* Build configuration list for PBXNativeTarget "EssentialFeedCacheIntegrationTests" */ = {
			isa = XCConfigurationList;
			buildConfigurations = (
				96A46BC42919347B00FF7F0E /* Debug */,
				96A46BC52919347B00FF7F0E /* Release */,
			);
			defaultConfigurationIsVisible = 0;
			defaultConfigurationName = Release;
		};
		96F8E63E292FF23E00767D2E /* Build configuration list for PBXNativeTarget "EssentialFeediOS" */ = {
			isa = XCConfigurationList;
			buildConfigurations = (
				96F8E63F292FF23E00767D2E /* Debug */,
				96F8E640292FF23E00767D2E /* Release */,
			);
			defaultConfigurationIsVisible = 0;
			defaultConfigurationName = Release;
		};
		96F8E641292FF23E00767D2E /* Build configuration list for PBXNativeTarget "EssentialFeediOSTests" */ = {
			isa = XCConfigurationList;
			buildConfigurations = (
				96F8E642292FF23E00767D2E /* Debug */,
				96F8E643292FF23E00767D2E /* Release */,
			);
			defaultConfigurationIsVisible = 0;
			defaultConfigurationName = Release;
		};
/* End XCConfigurationList section */

/* Begin XCVersionGroup section */
		961D41B22914325C0045F886 /* FeedStore.xcdatamodeld */ = {
			isa = XCVersionGroup;
			children = (
				96FBE06E29BB6A3700B98E27 /* FeedStore 2.xcdatamodel */,
				961D41B32914325C0045F886 /* FeedStore.xcdatamodel */,
			);
			currentVersion = 96FBE06E29BB6A3700B98E27 /* FeedStore 2.xcdatamodel */;
			path = FeedStore.xcdatamodeld;
			sourceTree = "<group>";
			versionGroupType = wrapper.xcdatamodel;
		};
/* End XCVersionGroup section */
	};
	rootObject = 9698611728ED9DCE00BFD69B /* Project object */;
}
