// !$*UTF8*$!
{
	archiveVersion = 1;
	classes = {
	};
	objectVersion = 56;
	objects = {

/* Begin PBXBuildFile section */
		961F531F29C350FF00C2A1F6 /* XCTestCase+MemoryLeaksTracker.swift in Sources */ = {isa = PBXBuildFile; fileRef = 961F531E29C350FF00C2A1F6 /* XCTestCase+MemoryLeaksTracker.swift */; };
		961F532129C351EB00C2A1F6 /* SharedTestHelpers.swift in Sources */ = {isa = PBXBuildFile; fileRef = 961F532029C351EB00C2A1F6 /* SharedTestHelpers.swift */; };
		969FBB222A0E8BAE0012B41E /* NullStore.swift in Sources */ = {isa = PBXBuildFile; fileRef = 969FBB212A0E8BAE0012B41E /* NullStore.swift */; };
		96DFF8F229CA309900FB0BB1 /* SceneDelegateTests.swift in Sources */ = {isa = PBXBuildFile; fileRef = 96DFF8F129CA309900FB0BB1 /* SceneDelegateTests.swift */; };
		96DFF8F929CA34A300FB0BB1 /* LoadResourcePresentationAdapter.swift in Sources */ = {isa = PBXBuildFile; fileRef = 96DFF8F629CA34A200FB0BB1 /* LoadResourcePresentationAdapter.swift */; };
		96DFF8FB29CA34A300FB0BB1 /* FeedViewAdapter.swift in Sources */ = {isa = PBXBuildFile; fileRef = 96DFF8F529CA34A200FB0BB1 /* FeedViewAdapter.swift */; };
		96DFF8FD29CA34A300FB0BB1 /* WeakRefVirtualProxy.swift in Sources */ = {isa = PBXBuildFile; fileRef = 96DFF8F429CA34A200FB0BB1 /* WeakRefVirtualProxy.swift */; };
		96DFF8FE29CA34A300FB0BB1 /* FeedUIComposer.swift in Sources */ = {isa = PBXBuildFile; fileRef = 96DFF8F829CA34A300FB0BB1 /* FeedUIComposer.swift */; };
		96DFF90029CA34BD00FB0BB1 /* FeedUIIntegrationTests.swift in Sources */ = {isa = PBXBuildFile; fileRef = 96DFF8FF29CA34BC00FB0BB1 /* FeedUIIntegrationTests.swift */; };
		96DFF90A29CA34D900FB0BB1 /* FeedImageCell+TestHelpers.swift in Sources */ = {isa = PBXBuildFile; fileRef = 96DFF90429CA34D800FB0BB1 /* FeedImageCell+TestHelpers.swift */; };
		96DFF90B29CA34D900FB0BB1 /* UIButton+TestHelpers.swift in Sources */ = {isa = PBXBuildFile; fileRef = 96DFF90629CA34D900FB0BB1 /* UIButton+TestHelpers.swift */; };
		96DFF90C29CA34D900FB0BB1 /* UIControl+TestHelpers.swift in Sources */ = {isa = PBXBuildFile; fileRef = 96DFF90729CA34D900FB0BB1 /* UIControl+TestHelpers.swift */; };
		96DFF90D29CA34D900FB0BB1 /* FeedViewControllerTests+Assertions.swift in Sources */ = {isa = PBXBuildFile; fileRef = 96DFF90229CA34D800FB0BB1 /* FeedViewControllerTests+Assertions.swift */; };
		96DFF90F29CA34D900FB0BB1 /* ListViewController+TestHelpers.swift in Sources */ = {isa = PBXBuildFile; fileRef = 96DFF90529CA34D900FB0BB1 /* ListViewController+TestHelpers.swift */; };
		96DFF91029CA34D900FB0BB1 /* UIImage+TestHelpers.swift in Sources */ = {isa = PBXBuildFile; fileRef = 96DFF90129CA34D800FB0BB1 /* UIImage+TestHelpers.swift */; };
		96DFF91129CA34D900FB0BB1 /* FeedViewControllerTests+LoaderSpy.swift in Sources */ = {isa = PBXBuildFile; fileRef = 96DFF90929CA34D900FB0BB1 /* FeedViewControllerTests+LoaderSpy.swift */; };
		96DFF91229CA34D900FB0BB1 /* UIRefreshControl+TestHelpers.swift in Sources */ = {isa = PBXBuildFile; fileRef = 96DFF90829CA34D900FB0BB1 /* UIRefreshControl+TestHelpers.swift */; };
		96DFF91429CA379400FB0BB1 /* FeedAcceptanceTests.swift in Sources */ = {isa = PBXBuildFile; fileRef = 96DFF91329CA379400FB0BB1 /* FeedAcceptanceTests.swift */; };
		96DFF91629CA491100FB0BB1 /* HTTPClientStub.swift in Sources */ = {isa = PBXBuildFile; fileRef = 96DFF91529CA491100FB0BB1 /* HTTPClientStub.swift */; };
		96DFF91829CA49A700FB0BB1 /* InMemoryFeedStore.swift in Sources */ = {isa = PBXBuildFile; fileRef = 96DFF91729CA49A700FB0BB1 /* InMemoryFeedStore.swift */; };
		96E09B8C29CCC3E400AB2B0F /* UIViewController+Snapshot.swift in Sources */ = {isa = PBXBuildFile; fileRef = 96E09B8B29CCC3E400AB2B0F /* UIViewController+Snapshot.swift */; };
		96E09B9029CCF8BD00AB2B0F /* UIView+TestHelpers.swift in Sources */ = {isa = PBXBuildFile; fileRef = 96E09B8F29CCF8BD00AB2B0F /* UIView+TestHelpers.swift */; };
		96E7782A2A02A403001D1288 /* CommentsUIIntegrationTests.swift in Sources */ = {isa = PBXBuildFile; fileRef = 96E778292A02A403001D1288 /* CommentsUIIntegrationTests.swift */; };
		96E7782C2A02A579001D1288 /* CommentsUIComposer.swift in Sources */ = {isa = PBXBuildFile; fileRef = 96E7782B2A02A579001D1288 /* CommentsUIComposer.swift */; };
		96F46E7029C0F66200C94391 /* AppDelegate.swift in Sources */ = {isa = PBXBuildFile; fileRef = 96F46E6F29C0F66200C94391 /* AppDelegate.swift */; };
		96F46E7229C0F66200C94391 /* SceneDelegate.swift in Sources */ = {isa = PBXBuildFile; fileRef = 96F46E7129C0F66200C94391 /* SceneDelegate.swift */; };
		96F46E7929C0F66400C94391 /* Assets.xcassets in Resources */ = {isa = PBXBuildFile; fileRef = 96F46E7829C0F66400C94391 /* Assets.xcassets */; };
		96F46E7C29C0F66400C94391 /* LaunchScreen.storyboard in Resources */ = {isa = PBXBuildFile; fileRef = 96F46E7A29C0F66400C94391 /* LaunchScreen.storyboard */; };
		96F46E9129C0F66500C94391 /* EssentialAppUITests.swift in Sources */ = {isa = PBXBuildFile; fileRef = 96F46E9029C0F66500C94391 /* EssentialAppUITests.swift */; };
		96F46E9329C0F66500C94391 /* EssentialAppUITestsLaunchTests.swift in Sources */ = {isa = PBXBuildFile; fileRef = 96F46E9229C0F66500C94391 /* EssentialAppUITestsLaunchTests.swift */; };
		96F46EA229C0FB0900C94391 /* EssentialFeed.framework in Frameworks */ = {isa = PBXBuildFile; fileRef = 96F46EA029C0FB0900C94391 /* EssentialFeed.framework */; };
		96F46EA329C0FB0900C94391 /* EssentialFeed.framework in Embed Frameworks */ = {isa = PBXBuildFile; fileRef = 96F46EA029C0FB0900C94391 /* EssentialFeed.framework */; settings = {ATTRIBUTES = (CodeSignOnCopy, RemoveHeadersOnCopy, ); }; };
		96F46EA429C0FB0900C94391 /* EssentialFeediOS.framework in Frameworks */ = {isa = PBXBuildFile; fileRef = 96F46EA129C0FB0900C94391 /* EssentialFeediOS.framework */; };
		96F46EA529C0FB0900C94391 /* EssentialFeediOS.framework in Embed Frameworks */ = {isa = PBXBuildFile; fileRef = 96F46EA129C0FB0900C94391 /* EssentialFeediOS.framework */; settings = {ATTRIBUTES = (CodeSignOnCopy, RemoveHeadersOnCopy, ); }; };
		96F80E9729D1D8A9001776AF /* CombineHelpers.swift in Sources */ = {isa = PBXBuildFile; fileRef = 96F80E9629D1D8A9001776AF /* CombineHelpers.swift */; };
/* End PBXBuildFile section */

/* Begin PBXContainerItemProxy section */
		96F46E8329C0F66500C94391 /* PBXContainerItemProxy */ = {
			isa = PBXContainerItemProxy;
			containerPortal = 96F46E6429C0F66200C94391 /* Project object */;
			proxyType = 1;
			remoteGlobalIDString = 96F46E6B29C0F66200C94391;
			remoteInfo = EssentialApp;
		};
		96F46E8D29C0F66500C94391 /* PBXContainerItemProxy */ = {
			isa = PBXContainerItemProxy;
			containerPortal = 96F46E6429C0F66200C94391 /* Project object */;
			proxyType = 1;
			remoteGlobalIDString = 96F46E6B29C0F66200C94391;
			remoteInfo = EssentialApp;
		};
/* End PBXContainerItemProxy section */

/* Begin PBXCopyFilesBuildPhase section */
		96F46EA629C0FB0900C94391 /* Embed Frameworks */ = {
			isa = PBXCopyFilesBuildPhase;
			buildActionMask = 2147483647;
			dstPath = "";
			dstSubfolderSpec = 10;
			files = (
				96F46EA329C0FB0900C94391 /* EssentialFeed.framework in Embed Frameworks */,
				96F46EA529C0FB0900C94391 /* EssentialFeediOS.framework in Embed Frameworks */,
			);
			name = "Embed Frameworks";
			runOnlyForDeploymentPostprocessing = 0;
		};
/* End PBXCopyFilesBuildPhase section */

/* Begin PBXFileReference section */
		961F531E29C350FF00C2A1F6 /* XCTestCase+MemoryLeaksTracker.swift */ = {isa = PBXFileReference; lastKnownFileType = sourcecode.swift; path = "XCTestCase+MemoryLeaksTracker.swift"; sourceTree = "<group>"; };
		961F532029C351EB00C2A1F6 /* SharedTestHelpers.swift */ = {isa = PBXFileReference; lastKnownFileType = sourcecode.swift; path = SharedTestHelpers.swift; sourceTree = "<group>"; };
		969FBB212A0E8BAE0012B41E /* NullStore.swift */ = {isa = PBXFileReference; lastKnownFileType = sourcecode.swift; path = NullStore.swift; sourceTree = "<group>"; };
		96DFF8F129CA309900FB0BB1 /* SceneDelegateTests.swift */ = {isa = PBXFileReference; lastKnownFileType = sourcecode.swift; path = SceneDelegateTests.swift; sourceTree = "<group>"; };
		96DFF8F429CA34A200FB0BB1 /* WeakRefVirtualProxy.swift */ = {isa = PBXFileReference; lastKnownFileType = sourcecode.swift; path = WeakRefVirtualProxy.swift; sourceTree = "<group>"; };
		96DFF8F529CA34A200FB0BB1 /* FeedViewAdapter.swift */ = {isa = PBXFileReference; lastKnownFileType = sourcecode.swift; path = FeedViewAdapter.swift; sourceTree = "<group>"; };
		96DFF8F629CA34A200FB0BB1 /* LoadResourcePresentationAdapter.swift */ = {isa = PBXFileReference; lastKnownFileType = sourcecode.swift; path = LoadResourcePresentationAdapter.swift; sourceTree = "<group>"; };
		96DFF8F829CA34A300FB0BB1 /* FeedUIComposer.swift */ = {isa = PBXFileReference; lastKnownFileType = sourcecode.swift; path = FeedUIComposer.swift; sourceTree = "<group>"; };
		96DFF8FF29CA34BC00FB0BB1 /* FeedUIIntegrationTests.swift */ = {isa = PBXFileReference; lastKnownFileType = sourcecode.swift; path = FeedUIIntegrationTests.swift; sourceTree = "<group>"; };
		96DFF90129CA34D800FB0BB1 /* UIImage+TestHelpers.swift */ = {isa = PBXFileReference; lastKnownFileType = sourcecode.swift; name = "UIImage+TestHelpers.swift"; path = "../../../EssentialFeediOSTests/Helpers/UIImage+TestHelpers.swift"; sourceTree = "<group>"; };
		96DFF90229CA34D800FB0BB1 /* FeedViewControllerTests+Assertions.swift */ = {isa = PBXFileReference; lastKnownFileType = sourcecode.swift; path = "FeedViewControllerTests+Assertions.swift"; sourceTree = "<group>"; };
		96DFF90429CA34D800FB0BB1 /* FeedImageCell+TestHelpers.swift */ = {isa = PBXFileReference; lastKnownFileType = sourcecode.swift; path = "FeedImageCell+TestHelpers.swift"; sourceTree = "<group>"; };
		96DFF90529CA34D900FB0BB1 /* ListViewController+TestHelpers.swift */ = {isa = PBXFileReference; lastKnownFileType = sourcecode.swift; path = "ListViewController+TestHelpers.swift"; sourceTree = "<group>"; };
		96DFF90629CA34D900FB0BB1 /* UIButton+TestHelpers.swift */ = {isa = PBXFileReference; lastKnownFileType = sourcecode.swift; path = "UIButton+TestHelpers.swift"; sourceTree = "<group>"; };
		96DFF90729CA34D900FB0BB1 /* UIControl+TestHelpers.swift */ = {isa = PBXFileReference; lastKnownFileType = sourcecode.swift; path = "UIControl+TestHelpers.swift"; sourceTree = "<group>"; };
		96DFF90829CA34D900FB0BB1 /* UIRefreshControl+TestHelpers.swift */ = {isa = PBXFileReference; lastKnownFileType = sourcecode.swift; path = "UIRefreshControl+TestHelpers.swift"; sourceTree = "<group>"; };
		96DFF90929CA34D900FB0BB1 /* FeedViewControllerTests+LoaderSpy.swift */ = {isa = PBXFileReference; lastKnownFileType = sourcecode.swift; path = "FeedViewControllerTests+LoaderSpy.swift"; sourceTree = "<group>"; };
		96DFF91329CA379400FB0BB1 /* FeedAcceptanceTests.swift */ = {isa = PBXFileReference; lastKnownFileType = sourcecode.swift; path = FeedAcceptanceTests.swift; sourceTree = "<group>"; };
		96DFF91529CA491100FB0BB1 /* HTTPClientStub.swift */ = {isa = PBXFileReference; lastKnownFileType = sourcecode.swift; path = HTTPClientStub.swift; sourceTree = "<group>"; };
		96DFF91729CA49A700FB0BB1 /* InMemoryFeedStore.swift */ = {isa = PBXFileReference; lastKnownFileType = sourcecode.swift; path = InMemoryFeedStore.swift; sourceTree = "<group>"; };
		96E09B8B29CCC3E400AB2B0F /* UIViewController+Snapshot.swift */ = {isa = PBXFileReference; lastKnownFileType = sourcecode.swift; name = "UIViewController+Snapshot.swift"; path = "../../../EssentialFeediOSTests/Helpers/UIViewController+Snapshot.swift"; sourceTree = "<group>"; };
		96E09B8F29CCF8BD00AB2B0F /* UIView+TestHelpers.swift */ = {isa = PBXFileReference; lastKnownFileType = sourcecode.swift; name = "UIView+TestHelpers.swift"; path = "../../../EssentialFeediOSTests/Helpers/UIView+TestHelpers.swift"; sourceTree = "<group>"; };
		96E778292A02A403001D1288 /* CommentsUIIntegrationTests.swift */ = {isa = PBXFileReference; lastKnownFileType = sourcecode.swift; path = CommentsUIIntegrationTests.swift; sourceTree = "<group>"; };
		96E7782B2A02A579001D1288 /* CommentsUIComposer.swift */ = {isa = PBXFileReference; lastKnownFileType = sourcecode.swift; path = CommentsUIComposer.swift; sourceTree = "<group>"; };
		96F46E6C29C0F66200C94391 /* EssentialApp.app */ = {isa = PBXFileReference; explicitFileType = wrapper.application; includeInIndex = 0; path = EssentialApp.app; sourceTree = BUILT_PRODUCTS_DIR; };
		96F46E6F29C0F66200C94391 /* AppDelegate.swift */ = {isa = PBXFileReference; lastKnownFileType = sourcecode.swift; path = AppDelegate.swift; sourceTree = "<group>"; };
		96F46E7129C0F66200C94391 /* SceneDelegate.swift */ = {isa = PBXFileReference; lastKnownFileType = sourcecode.swift; path = SceneDelegate.swift; sourceTree = "<group>"; };
		96F46E7829C0F66400C94391 /* Assets.xcassets */ = {isa = PBXFileReference; lastKnownFileType = folder.assetcatalog; path = Assets.xcassets; sourceTree = "<group>"; };
		96F46E7B29C0F66400C94391 /* Base */ = {isa = PBXFileReference; lastKnownFileType = file.storyboard; name = Base; path = Base.lproj/LaunchScreen.storyboard; sourceTree = "<group>"; };
		96F46E7D29C0F66400C94391 /* Info.plist */ = {isa = PBXFileReference; lastKnownFileType = text.plist.xml; path = Info.plist; sourceTree = "<group>"; };
		96F46E8229C0F66500C94391 /* EssentialAppTests.xctest */ = {isa = PBXFileReference; explicitFileType = wrapper.cfbundle; includeInIndex = 0; path = EssentialAppTests.xctest; sourceTree = BUILT_PRODUCTS_DIR; };
		96F46E8C29C0F66500C94391 /* EssentialAppUITests.xctest */ = {isa = PBXFileReference; explicitFileType = wrapper.cfbundle; includeInIndex = 0; path = EssentialAppUITests.xctest; sourceTree = BUILT_PRODUCTS_DIR; };
		96F46E9029C0F66500C94391 /* EssentialAppUITests.swift */ = {isa = PBXFileReference; lastKnownFileType = sourcecode.swift; path = EssentialAppUITests.swift; sourceTree = "<group>"; };
		96F46E9229C0F66500C94391 /* EssentialAppUITestsLaunchTests.swift */ = {isa = PBXFileReference; lastKnownFileType = sourcecode.swift; path = EssentialAppUITestsLaunchTests.swift; sourceTree = "<group>"; };
		96F46EA029C0FB0900C94391 /* EssentialFeed.framework */ = {isa = PBXFileReference; explicitFileType = wrapper.framework; path = EssentialFeed.framework; sourceTree = BUILT_PRODUCTS_DIR; };
		96F46EA129C0FB0900C94391 /* EssentialFeediOS.framework */ = {isa = PBXFileReference; explicitFileType = wrapper.framework; path = EssentialFeediOS.framework; sourceTree = BUILT_PRODUCTS_DIR; };
		96F80E9629D1D8A9001776AF /* CombineHelpers.swift */ = {isa = PBXFileReference; lastKnownFileType = sourcecode.swift; path = CombineHelpers.swift; sourceTree = "<group>"; };
/* End PBXFileReference section */

/* Begin PBXFrameworksBuildPhase section */
		96F46E6929C0F66200C94391 /* Frameworks */ = {
			isa = PBXFrameworksBuildPhase;
			buildActionMask = 2147483647;
			files = (
				96F46EA229C0FB0900C94391 /* EssentialFeed.framework in Frameworks */,
				96F46EA429C0FB0900C94391 /* EssentialFeediOS.framework in Frameworks */,
			);
			runOnlyForDeploymentPostprocessing = 0;
		};
		96F46E7F29C0F66500C94391 /* Frameworks */ = {
			isa = PBXFrameworksBuildPhase;
			buildActionMask = 2147483647;
			files = (
			);
			runOnlyForDeploymentPostprocessing = 0;
		};
		96F46E8929C0F66500C94391 /* Frameworks */ = {
			isa = PBXFrameworksBuildPhase;
			buildActionMask = 2147483647;
			files = (
			);
			runOnlyForDeploymentPostprocessing = 0;
		};
/* End PBXFrameworksBuildPhase section */

/* Begin PBXGroup section */
		961F531D29C350B000C2A1F6 /* Helpers */ = {
			isa = PBXGroup;
			children = (
				961F531E29C350FF00C2A1F6 /* XCTestCase+MemoryLeaksTracker.swift */,
				961F532029C351EB00C2A1F6 /* SharedTestHelpers.swift */,
				96DFF90629CA34D900FB0BB1 /* UIButton+TestHelpers.swift */,
				96DFF90729CA34D900FB0BB1 /* UIControl+TestHelpers.swift */,
				96DFF90129CA34D800FB0BB1 /* UIImage+TestHelpers.swift */,
				96DFF90829CA34D900FB0BB1 /* UIRefreshControl+TestHelpers.swift */,
				96E09B8B29CCC3E400AB2B0F /* UIViewController+Snapshot.swift */,
				96E09B8F29CCF8BD00AB2B0F /* UIView+TestHelpers.swift */,
				96DFF90429CA34D800FB0BB1 /* FeedImageCell+TestHelpers.swift */,
				96DFF90529CA34D900FB0BB1 /* ListViewController+TestHelpers.swift */,
				96DFF90229CA34D800FB0BB1 /* FeedViewControllerTests+Assertions.swift */,
				96DFF90929CA34D900FB0BB1 /* FeedViewControllerTests+LoaderSpy.swift */,
				96DFF91529CA491100FB0BB1 /* HTTPClientStub.swift */,
				96DFF91729CA49A700FB0BB1 /* InMemoryFeedStore.swift */,
			);
			path = Helpers;
			sourceTree = "<group>";
		};
		96F46E6329C0F66200C94391 = {
			isa = PBXGroup;
			children = (
				96F46E6E29C0F66200C94391 /* EssentialApp */,
				96F46E8529C0F66500C94391 /* EssentialAppTests */,
				96F46E8F29C0F66500C94391 /* EssentialAppUITests */,
				96F46E6D29C0F66200C94391 /* Products */,
				96F46E9F29C0FB0900C94391 /* Frameworks */,
			);
			sourceTree = "<group>";
		};
		96F46E6D29C0F66200C94391 /* Products */ = {
			isa = PBXGroup;
			children = (
				96F46E6C29C0F66200C94391 /* EssentialApp.app */,
				96F46E8229C0F66500C94391 /* EssentialAppTests.xctest */,
				96F46E8C29C0F66500C94391 /* EssentialAppUITests.xctest */,
			);
			name = Products;
			sourceTree = "<group>";
		};
		96F46E6E29C0F66200C94391 /* EssentialApp */ = {
			isa = PBXGroup;
			children = (
				96F46E6F29C0F66200C94391 /* AppDelegate.swift */,
				96F46E7129C0F66200C94391 /* SceneDelegate.swift */,
				96F80E9629D1D8A9001776AF /* CombineHelpers.swift */,
				96DFF8F829CA34A300FB0BB1 /* FeedUIComposer.swift */,
				96E7782B2A02A579001D1288 /* CommentsUIComposer.swift */,
				96DFF8F629CA34A200FB0BB1 /* LoadResourcePresentationAdapter.swift */,
				96DFF8F529CA34A200FB0BB1 /* FeedViewAdapter.swift */,
				96DFF8F429CA34A200FB0BB1 /* WeakRefVirtualProxy.swift */,
				969FBB212A0E8BAE0012B41E /* NullStore.swift */,
				96F46E7829C0F66400C94391 /* Assets.xcassets */,
				96F46E7A29C0F66400C94391 /* LaunchScreen.storyboard */,
				96F46E7D29C0F66400C94391 /* Info.plist */,
			);
			path = EssentialApp;
			sourceTree = "<group>";
		};
		96F46E8529C0F66500C94391 /* EssentialAppTests */ = {
			isa = PBXGroup;
			children = (
				961F531D29C350B000C2A1F6 /* Helpers */,
				96DFF8F129CA309900FB0BB1 /* SceneDelegateTests.swift */,
				96DFF8FF29CA34BC00FB0BB1 /* FeedUIIntegrationTests.swift */,
				96E778292A02A403001D1288 /* CommentsUIIntegrationTests.swift */,
				96DFF91329CA379400FB0BB1 /* FeedAcceptanceTests.swift */,
			);
			path = EssentialAppTests;
			sourceTree = "<group>";
		};
		96F46E8F29C0F66500C94391 /* EssentialAppUITests */ = {
			isa = PBXGroup;
			children = (
				96F46E9029C0F66500C94391 /* EssentialAppUITests.swift */,
				96F46E9229C0F66500C94391 /* EssentialAppUITestsLaunchTests.swift */,
			);
			path = EssentialAppUITests;
			sourceTree = "<group>";
		};
		96F46E9F29C0FB0900C94391 /* Frameworks */ = {
			isa = PBXGroup;
			children = (
				96F46EA029C0FB0900C94391 /* EssentialFeed.framework */,
				96F46EA129C0FB0900C94391 /* EssentialFeediOS.framework */,
			);
			name = Frameworks;
			sourceTree = "<group>";
		};
/* End PBXGroup section */

/* Begin PBXNativeTarget section */
		96F46E6B29C0F66200C94391 /* EssentialApp */ = {
			isa = PBXNativeTarget;
			buildConfigurationList = 96F46E9629C0F66500C94391 /* Build configuration list for PBXNativeTarget "EssentialApp" */;
			buildPhases = (
				96F46E6829C0F66200C94391 /* Sources */,
				96F46E6929C0F66200C94391 /* Frameworks */,
				96F46E6A29C0F66200C94391 /* Resources */,
				96F46EA629C0FB0900C94391 /* Embed Frameworks */,
			);
			buildRules = (
			);
			dependencies = (
			);
			name = EssentialApp;
			productName = EssentialApp;
			productReference = 96F46E6C29C0F66200C94391 /* EssentialApp.app */;
			productType = "com.apple.product-type.application";
		};
		96F46E8129C0F66500C94391 /* EssentialAppTests */ = {
			isa = PBXNativeTarget;
			buildConfigurationList = 96F46E9929C0F66500C94391 /* Build configuration list for PBXNativeTarget "EssentialAppTests" */;
			buildPhases = (
				96F46E7E29C0F66500C94391 /* Sources */,
				96F46E7F29C0F66500C94391 /* Frameworks */,
				96F46E8029C0F66500C94391 /* Resources */,
			);
			buildRules = (
			);
			dependencies = (
				96F46E8429C0F66500C94391 /* PBXTargetDependency */,
			);
			name = EssentialAppTests;
			productName = EssentialAppTests;
			productReference = 96F46E8229C0F66500C94391 /* EssentialAppTests.xctest */;
			productType = "com.apple.product-type.bundle.unit-test";
		};
		96F46E8B29C0F66500C94391 /* EssentialAppUITests */ = {
			isa = PBXNativeTarget;
			buildConfigurationList = 96F46E9C29C0F66500C94391 /* Build configuration list for PBXNativeTarget "EssentialAppUITests" */;
			buildPhases = (
				96F46E8829C0F66500C94391 /* Sources */,
				96F46E8929C0F66500C94391 /* Frameworks */,
				96F46E8A29C0F66500C94391 /* Resources */,
			);
			buildRules = (
			);
			dependencies = (
				96F46E8E29C0F66500C94391 /* PBXTargetDependency */,
			);
			name = EssentialAppUITests;
			productName = EssentialAppUITests;
			productReference = 96F46E8C29C0F66500C94391 /* EssentialAppUITests.xctest */;
			productType = "com.apple.product-type.bundle.ui-testing";
		};
/* End PBXNativeTarget section */

/* Begin PBXProject section */
		96F46E6429C0F66200C94391 /* Project object */ = {
			isa = PBXProject;
			attributes = {
				BuildIndependentTargetsInParallel = 1;
				LastSwiftUpdateCheck = 1420;
				LastUpgradeCheck = 1420;
				TargetAttributes = {
					96F46E6B29C0F66200C94391 = {
						CreatedOnToolsVersion = 14.2;
					};
					96F46E8129C0F66500C94391 = {
						CreatedOnToolsVersion = 14.2;
						LastSwiftMigration = 1420;
						TestTargetID = 96F46E6B29C0F66200C94391;
					};
					96F46E8B29C0F66500C94391 = {
						CreatedOnToolsVersion = 14.2;
						TestTargetID = 96F46E6B29C0F66200C94391;
					};
				};
			};
			buildConfigurationList = 96F46E6729C0F66200C94391 /* Build configuration list for PBXProject "EssentialApp" */;
			compatibilityVersion = "Xcode 14.0";
			developmentRegion = en;
			hasScannedForEncodings = 0;
			knownRegions = (
				en,
				Base,
			);
			mainGroup = 96F46E6329C0F66200C94391;
			productRefGroup = 96F46E6D29C0F66200C94391 /* Products */;
			projectDirPath = "";
			projectRoot = "";
			targets = (
				96F46E6B29C0F66200C94391 /* EssentialApp */,
				96F46E8129C0F66500C94391 /* EssentialAppTests */,
				96F46E8B29C0F66500C94391 /* EssentialAppUITests */,
			);
		};
/* End PBXProject section */

/* Begin PBXResourcesBuildPhase section */
		96F46E6A29C0F66200C94391 /* Resources */ = {
			isa = PBXResourcesBuildPhase;
			buildActionMask = 2147483647;
			files = (
				96F46E7C29C0F66400C94391 /* LaunchScreen.storyboard in Resources */,
				96F46E7929C0F66400C94391 /* Assets.xcassets in Resources */,
			);
			runOnlyForDeploymentPostprocessing = 0;
		};
		96F46E8029C0F66500C94391 /* Resources */ = {
			isa = PBXResourcesBuildPhase;
			buildActionMask = 2147483647;
			files = (
			);
			runOnlyForDeploymentPostprocessing = 0;
		};
		96F46E8A29C0F66500C94391 /* Resources */ = {
			isa = PBXResourcesBuildPhase;
			buildActionMask = 2147483647;
			files = (
			);
			runOnlyForDeploymentPostprocessing = 0;
		};
/* End PBXResourcesBuildPhase section */

/* Begin PBXSourcesBuildPhase section */
		96F46E6829C0F66200C94391 /* Sources */ = {
			isa = PBXSourcesBuildPhase;
			buildActionMask = 2147483647;
			files = (
				96F46E7029C0F66200C94391 /* AppDelegate.swift in Sources */,
				96DFF8FB29CA34A300FB0BB1 /* FeedViewAdapter.swift in Sources */,
				96F46E7229C0F66200C94391 /* SceneDelegate.swift in Sources */,
				969FBB222A0E8BAE0012B41E /* NullStore.swift in Sources */,
				96DFF8FE29CA34A300FB0BB1 /* FeedUIComposer.swift in Sources */,
				96DFF8F929CA34A300FB0BB1 /* LoadResourcePresentationAdapter.swift in Sources */,
				96DFF8FD29CA34A300FB0BB1 /* WeakRefVirtualProxy.swift in Sources */,
				96F80E9729D1D8A9001776AF /* CombineHelpers.swift in Sources */,
				96E7782C2A02A579001D1288 /* CommentsUIComposer.swift in Sources */,
			);
			runOnlyForDeploymentPostprocessing = 0;
		};
		96F46E7E29C0F66500C94391 /* Sources */ = {
			isa = PBXSourcesBuildPhase;
			buildActionMask = 2147483647;
			files = (
				96E7782A2A02A403001D1288 /* CommentsUIIntegrationTests.swift in Sources */,
				961F532129C351EB00C2A1F6 /* SharedTestHelpers.swift in Sources */,
				96DFF91129CA34D900FB0BB1 /* FeedViewControllerTests+LoaderSpy.swift in Sources */,
				96DFF91229CA34D900FB0BB1 /* UIRefreshControl+TestHelpers.swift in Sources */,
				96DFF91029CA34D900FB0BB1 /* UIImage+TestHelpers.swift in Sources */,
				96DFF90C29CA34D900FB0BB1 /* UIControl+TestHelpers.swift in Sources */,
				96DFF90F29CA34D900FB0BB1 /* ListViewController+TestHelpers.swift in Sources */,
				96DFF90029CA34BD00FB0BB1 /* FeedUIIntegrationTests.swift in Sources */,
				96DFF8F229CA309900FB0BB1 /* SceneDelegateTests.swift in Sources */,
				96DFF91829CA49A700FB0BB1 /* InMemoryFeedStore.swift in Sources */,
				96E09B8C29CCC3E400AB2B0F /* UIViewController+Snapshot.swift in Sources */,
				96DFF90A29CA34D900FB0BB1 /* FeedImageCell+TestHelpers.swift in Sources */,
				96DFF91629CA491100FB0BB1 /* HTTPClientStub.swift in Sources */,
				96DFF90B29CA34D900FB0BB1 /* UIButton+TestHelpers.swift in Sources */,
				96E09B9029CCF8BD00AB2B0F /* UIView+TestHelpers.swift in Sources */,
				96DFF91429CA379400FB0BB1 /* FeedAcceptanceTests.swift in Sources */,
				961F531F29C350FF00C2A1F6 /* XCTestCase+MemoryLeaksTracker.swift in Sources */,
				96DFF90D29CA34D900FB0BB1 /* FeedViewControllerTests+Assertions.swift in Sources */,
			);
			runOnlyForDeploymentPostprocessing = 0;
		};
		96F46E8829C0F66500C94391 /* Sources */ = {
			isa = PBXSourcesBuildPhase;
			buildActionMask = 2147483647;
			files = (
				96F46E9129C0F66500C94391 /* EssentialAppUITests.swift in Sources */,
				96F46E9329C0F66500C94391 /* EssentialAppUITestsLaunchTests.swift in Sources */,
			);
			runOnlyForDeploymentPostprocessing = 0;
		};
/* End PBXSourcesBuildPhase section */

/* Begin PBXTargetDependency section */
		96F46E8429C0F66500C94391 /* PBXTargetDependency */ = {
			isa = PBXTargetDependency;
			target = 96F46E6B29C0F66200C94391 /* EssentialApp */;
			targetProxy = 96F46E8329C0F66500C94391 /* PBXContainerItemProxy */;
		};
		96F46E8E29C0F66500C94391 /* PBXTargetDependency */ = {
			isa = PBXTargetDependency;
			target = 96F46E6B29C0F66200C94391 /* EssentialApp */;
			targetProxy = 96F46E8D29C0F66500C94391 /* PBXContainerItemProxy */;
		};
/* End PBXTargetDependency section */

/* Begin PBXVariantGroup section */
		96F46E7A29C0F66400C94391 /* LaunchScreen.storyboard */ = {
			isa = PBXVariantGroup;
			children = (
				96F46E7B29C0F66400C94391 /* Base */,
			);
			name = LaunchScreen.storyboard;
			sourceTree = "<group>";
		};
/* End PBXVariantGroup section */

/* Begin XCBuildConfiguration section */
		96F46E9429C0F66500C94391 /* Debug */ = {
			isa = XCBuildConfiguration;
			buildSettings = {
				ALWAYS_SEARCH_USER_PATHS = NO;
				CLANG_ANALYZER_NONNULL = YES;
				CLANG_ANALYZER_NUMBER_OBJECT_CONVERSION = YES_AGGRESSIVE;
				CLANG_CXX_LANGUAGE_STANDARD = "gnu++20";
				CLANG_ENABLE_MODULES = YES;
				CLANG_ENABLE_OBJC_ARC = YES;
				CLANG_ENABLE_OBJC_WEAK = YES;
				CLANG_WARN_BLOCK_CAPTURE_AUTORELEASING = YES;
				CLANG_WARN_BOOL_CONVERSION = YES;
				CLANG_WARN_COMMA = YES;
				CLANG_WARN_CONSTANT_CONVERSION = YES;
				CLANG_WARN_DEPRECATED_OBJC_IMPLEMENTATIONS = YES;
				CLANG_WARN_DIRECT_OBJC_ISA_USAGE = YES_ERROR;
				CLANG_WARN_DOCUMENTATION_COMMENTS = YES;
				CLANG_WARN_EMPTY_BODY = YES;
				CLANG_WARN_ENUM_CONVERSION = YES;
				CLANG_WARN_INFINITE_RECURSION = YES;
				CLANG_WARN_INT_CONVERSION = YES;
				CLANG_WARN_NON_LITERAL_NULL_CONVERSION = YES;
				CLANG_WARN_OBJC_IMPLICIT_RETAIN_SELF = YES;
				CLANG_WARN_OBJC_LITERAL_CONVERSION = YES;
				CLANG_WARN_OBJC_ROOT_CLASS = YES_ERROR;
				CLANG_WARN_QUOTED_INCLUDE_IN_FRAMEWORK_HEADER = YES;
				CLANG_WARN_RANGE_LOOP_ANALYSIS = YES;
				CLANG_WARN_STRICT_PROTOTYPES = YES;
				CLANG_WARN_SUSPICIOUS_MOVE = YES;
				CLANG_WARN_UNGUARDED_AVAILABILITY = YES_AGGRESSIVE;
				CLANG_WARN_UNREACHABLE_CODE = YES;
				CLANG_WARN__DUPLICATE_METHOD_MATCH = YES;
				COPY_PHASE_STRIP = NO;
				DEBUG_INFORMATION_FORMAT = dwarf;
				ENABLE_STRICT_OBJC_MSGSEND = YES;
				ENABLE_TESTABILITY = YES;
				GCC_C_LANGUAGE_STANDARD = gnu11;
				GCC_DYNAMIC_NO_PIC = NO;
				GCC_NO_COMMON_BLOCKS = YES;
				GCC_OPTIMIZATION_LEVEL = 0;
				GCC_PREPROCESSOR_DEFINITIONS = (
					"DEBUG=1",
					"$(inherited)",
				);
				GCC_WARN_64_TO_32_BIT_CONVERSION = YES;
				GCC_WARN_ABOUT_RETURN_TYPE = YES_ERROR;
				GCC_WARN_UNDECLARED_SELECTOR = YES;
				GCC_WARN_UNINITIALIZED_AUTOS = YES_AGGRESSIVE;
				GCC_WARN_UNUSED_FUNCTION = YES;
				GCC_WARN_UNUSED_VARIABLE = YES;
				IPHONEOS_DEPLOYMENT_TARGET = 16.4;
				MTL_ENABLE_DEBUG_INFO = INCLUDE_SOURCE;
				MTL_FAST_MATH = YES;
				ONLY_ACTIVE_ARCH = YES;
				SDKROOT = iphoneos;
				SWIFT_ACTIVE_COMPILATION_CONDITIONS = DEBUG;
				SWIFT_OPTIMIZATION_LEVEL = "-Onone";
			};
			name = Debug;
		};
		96F46E9529C0F66500C94391 /* Release */ = {
			isa = XCBuildConfiguration;
			buildSettings = {
				ALWAYS_SEARCH_USER_PATHS = NO;
				CLANG_ANALYZER_NONNULL = YES;
				CLANG_ANALYZER_NUMBER_OBJECT_CONVERSION = YES_AGGRESSIVE;
				CLANG_CXX_LANGUAGE_STANDARD = "gnu++20";
				CLANG_ENABLE_MODULES = YES;
				CLANG_ENABLE_OBJC_ARC = YES;
				CLANG_ENABLE_OBJC_WEAK = YES;
				CLANG_WARN_BLOCK_CAPTURE_AUTORELEASING = YES;
				CLANG_WARN_BOOL_CONVERSION = YES;
				CLANG_WARN_COMMA = YES;
				CLANG_WARN_CONSTANT_CONVERSION = YES;
				CLANG_WARN_DEPRECATED_OBJC_IMPLEMENTATIONS = YES;
				CLANG_WARN_DIRECT_OBJC_ISA_USAGE = YES_ERROR;
				CLANG_WARN_DOCUMENTATION_COMMENTS = YES;
				CLANG_WARN_EMPTY_BODY = YES;
				CLANG_WARN_ENUM_CONVERSION = YES;
				CLANG_WARN_INFINITE_RECURSION = YES;
				CLANG_WARN_INT_CONVERSION = YES;
				CLANG_WARN_NON_LITERAL_NULL_CONVERSION = YES;
				CLANG_WARN_OBJC_IMPLICIT_RETAIN_SELF = YES;
				CLANG_WARN_OBJC_LITERAL_CONVERSION = YES;
				CLANG_WARN_OBJC_ROOT_CLASS = YES_ERROR;
				CLANG_WARN_QUOTED_INCLUDE_IN_FRAMEWORK_HEADER = YES;
				CLANG_WARN_RANGE_LOOP_ANALYSIS = YES;
				CLANG_WARN_STRICT_PROTOTYPES = YES;
				CLANG_WARN_SUSPICIOUS_MOVE = YES;
				CLANG_WARN_UNGUARDED_AVAILABILITY = YES_AGGRESSIVE;
				CLANG_WARN_UNREACHABLE_CODE = YES;
				CLANG_WARN__DUPLICATE_METHOD_MATCH = YES;
				COPY_PHASE_STRIP = NO;
				DEBUG_INFORMATION_FORMAT = "dwarf-with-dsym";
				ENABLE_NS_ASSERTIONS = NO;
				ENABLE_STRICT_OBJC_MSGSEND = YES;
				GCC_C_LANGUAGE_STANDARD = gnu11;
				GCC_NO_COMMON_BLOCKS = YES;
				GCC_WARN_64_TO_32_BIT_CONVERSION = YES;
				GCC_WARN_ABOUT_RETURN_TYPE = YES_ERROR;
				GCC_WARN_UNDECLARED_SELECTOR = YES;
				GCC_WARN_UNINITIALIZED_AUTOS = YES_AGGRESSIVE;
				GCC_WARN_UNUSED_FUNCTION = YES;
				GCC_WARN_UNUSED_VARIABLE = YES;
				IPHONEOS_DEPLOYMENT_TARGET = 16.4;
				MTL_ENABLE_DEBUG_INFO = NO;
				MTL_FAST_MATH = YES;
				SDKROOT = iphoneos;
				SWIFT_COMPILATION_MODE = wholemodule;
				SWIFT_OPTIMIZATION_LEVEL = "-O";
				VALIDATE_PRODUCT = YES;
			};
			name = Release;
		};
		96F46E9729C0F66500C94391 /* Debug */ = {
			isa = XCBuildConfiguration;
			buildSettings = {
				ASSETCATALOG_COMPILER_APPICON_NAME = AppIcon;
				ASSETCATALOG_COMPILER_GLOBAL_ACCENT_COLOR_NAME = AccentColor;
				CODE_SIGN_STYLE = Automatic;
				CURRENT_PROJECT_VERSION = 1;
				DEVELOPMENT_TEAM = 738U5S74SN;
				GENERATE_INFOPLIST_FILE = YES;
				INFOPLIST_FILE = EssentialApp/Info.plist;
				INFOPLIST_KEY_CFBundleDisplayName = EssentialApp;
				INFOPLIST_KEY_UIApplicationSupportsIndirectInputEvents = YES;
				INFOPLIST_KEY_UILaunchStoryboardName = LaunchScreen.storyboard;
				INFOPLIST_KEY_UIMainStoryboardFile = "";
				INFOPLIST_KEY_UISupportedInterfaceOrientations = UIInterfaceOrientationPortrait;
				INFOPLIST_KEY_UISupportedInterfaceOrientations_iPad = "UIInterfaceOrientationPortrait UIInterfaceOrientationPortraitUpsideDown";
				IPHONEOS_DEPLOYMENT_TARGET = 16.4;
				LD_RUNPATH_SEARCH_PATHS = (
					"$(inherited)",
					"@executable_path/Frameworks",
				);
				MARKETING_VERSION = 1.0;
				PRODUCT_BUNDLE_IDENTIFIER = br.com.simplydone.EssentialApp;
				PRODUCT_NAME = "$(TARGET_NAME)";
				SWIFT_EMIT_LOC_STRINGS = YES;
				SWIFT_VERSION = 5.0;
				TARGETED_DEVICE_FAMILY = "1,2";
			};
			name = Debug;
		};
		96F46E9829C0F66500C94391 /* Release */ = {
			isa = XCBuildConfiguration;
			buildSettings = {
				ASSETCATALOG_COMPILER_APPICON_NAME = AppIcon;
				ASSETCATALOG_COMPILER_GLOBAL_ACCENT_COLOR_NAME = AccentColor;
				CODE_SIGN_STYLE = Automatic;
				CURRENT_PROJECT_VERSION = 1;
				DEVELOPMENT_TEAM = 738U5S74SN;
				GENERATE_INFOPLIST_FILE = YES;
				INFOPLIST_FILE = EssentialApp/Info.plist;
				INFOPLIST_KEY_CFBundleDisplayName = EssentialApp;
				INFOPLIST_KEY_UIApplicationSupportsIndirectInputEvents = YES;
				INFOPLIST_KEY_UILaunchStoryboardName = LaunchScreen.storyboard;
				INFOPLIST_KEY_UIMainStoryboardFile = "";
				INFOPLIST_KEY_UISupportedInterfaceOrientations = UIInterfaceOrientationPortrait;
				INFOPLIST_KEY_UISupportedInterfaceOrientations_iPad = "UIInterfaceOrientationPortrait UIInterfaceOrientationPortraitUpsideDown";
				IPHONEOS_DEPLOYMENT_TARGET = 16.4;
				LD_RUNPATH_SEARCH_PATHS = (
					"$(inherited)",
					"@executable_path/Frameworks",
				);
				MARKETING_VERSION = 1.0;
				PRODUCT_BUNDLE_IDENTIFIER = br.com.simplydone.EssentialApp;
				PRODUCT_NAME = "$(TARGET_NAME)";
				SWIFT_EMIT_LOC_STRINGS = YES;
				SWIFT_VERSION = 5.0;
				TARGETED_DEVICE_FAMILY = "1,2";
			};
			name = Release;
		};
		96F46E9A29C0F66500C94391 /* Debug */ = {
			isa = XCBuildConfiguration;
			buildSettings = {
				ALWAYS_EMBED_SWIFT_STANDARD_LIBRARIES = YES;
				BUNDLE_LOADER = "$(TEST_HOST)";
				CLANG_ENABLE_MODULES = YES;
				CODE_SIGN_STYLE = Automatic;
				CURRENT_PROJECT_VERSION = 1;
				DEVELOPMENT_TEAM = 738U5S74SN;
				GENERATE_INFOPLIST_FILE = YES;
				IPHONEOS_DEPLOYMENT_TARGET = 16.4;
				LD_RUNPATH_SEARCH_PATHS = (
					"$(inherited)",
					"@executable_path/Frameworks",
					"@loader_path/Frameworks",
				);
				MARKETING_VERSION = 1.0;
				PRODUCT_BUNDLE_IDENTIFIER = br.com.simplydone.EssentialAppTests;
				PRODUCT_NAME = "$(TARGET_NAME)";
				SWIFT_EMIT_LOC_STRINGS = NO;
				SWIFT_OPTIMIZATION_LEVEL = "-Onone";
				SWIFT_VERSION = 5.0;
				TARGETED_DEVICE_FAMILY = "1,2";
				TEST_HOST = "$(BUILT_PRODUCTS_DIR)/EssentialApp.app/$(BUNDLE_EXECUTABLE_FOLDER_PATH)/EssentialApp";
			};
			name = Debug;
		};
		96F46E9B29C0F66500C94391 /* Release */ = {
			isa = XCBuildConfiguration;
			buildSettings = {
				ALWAYS_EMBED_SWIFT_STANDARD_LIBRARIES = YES;
				BUNDLE_LOADER = "$(TEST_HOST)";
				CLANG_ENABLE_MODULES = YES;
				CODE_SIGN_STYLE = Automatic;
				CURRENT_PROJECT_VERSION = 1;
				DEVELOPMENT_TEAM = 738U5S74SN;
				GENERATE_INFOPLIST_FILE = YES;
				IPHONEOS_DEPLOYMENT_TARGET = 16.4;
				LD_RUNPATH_SEARCH_PATHS = (
					"$(inherited)",
					"@executable_path/Frameworks",
					"@loader_path/Frameworks",
				);
				MARKETING_VERSION = 1.0;
				PRODUCT_BUNDLE_IDENTIFIER = br.com.simplydone.EssentialAppTests;
				PRODUCT_NAME = "$(TARGET_NAME)";
				SWIFT_EMIT_LOC_STRINGS = NO;
				SWIFT_VERSION = 5.0;
				TARGETED_DEVICE_FAMILY = "1,2";
				TEST_HOST = "$(BUILT_PRODUCTS_DIR)/EssentialApp.app/$(BUNDLE_EXECUTABLE_FOLDER_PATH)/EssentialApp";
			};
			name = Release;
		};
		96F46E9D29C0F66500C94391 /* Debug */ = {
			isa = XCBuildConfiguration;
			buildSettings = {
				ALWAYS_EMBED_SWIFT_STANDARD_LIBRARIES = YES;
				CODE_SIGN_STYLE = Automatic;
				CURRENT_PROJECT_VERSION = 1;
				DEVELOPMENT_TEAM = 738U5S74SN;
				GENERATE_INFOPLIST_FILE = YES;
				MARKETING_VERSION = 1.0;
				PRODUCT_BUNDLE_IDENTIFIER = br.com.simplydone.EssentialAppUITests;
				PRODUCT_NAME = "$(TARGET_NAME)";
				SWIFT_EMIT_LOC_STRINGS = NO;
				SWIFT_VERSION = 5.0;
				TARGETED_DEVICE_FAMILY = "1,2";
				TEST_TARGET_NAME = EssentialApp;
			};
			name = Debug;
		};
		96F46E9E29C0F66500C94391 /* Release */ = {
			isa = XCBuildConfiguration;
			buildSettings = {
				ALWAYS_EMBED_SWIFT_STANDARD_LIBRARIES = YES;
				CODE_SIGN_STYLE = Automatic;
				CURRENT_PROJECT_VERSION = 1;
				DEVELOPMENT_TEAM = 738U5S74SN;
				GENERATE_INFOPLIST_FILE = YES;
				MARKETING_VERSION = 1.0;
				PRODUCT_BUNDLE_IDENTIFIER = br.com.simplydone.EssentialAppUITests;
				PRODUCT_NAME = "$(TARGET_NAME)";
				SWIFT_EMIT_LOC_STRINGS = NO;
				SWIFT_VERSION = 5.0;
				TARGETED_DEVICE_FAMILY = "1,2";
				TEST_TARGET_NAME = EssentialApp;
			};
			name = Release;
		};
/* End XCBuildConfiguration section */

/* Begin XCConfigurationList section */
		96F46E6729C0F66200C94391 /* Build configuration list for PBXProject "EssentialApp" */ = {
			isa = XCConfigurationList;
			buildConfigurations = (
				96F46E9429C0F66500C94391 /* Debug */,
				96F46E9529C0F66500C94391 /* Release */,
			);
			defaultConfigurationIsVisible = 0;
			defaultConfigurationName = Release;
		};
		96F46E9629C0F66500C94391 /* Build configuration list for PBXNativeTarget "EssentialApp" */ = {
			isa = XCConfigurationList;
			buildConfigurations = (
				96F46E9729C0F66500C94391 /* Debug */,
				96F46E9829C0F66500C94391 /* Release */,
			);
			defaultConfigurationIsVisible = 0;
			defaultConfigurationName = Release;
		};
		96F46E9929C0F66500C94391 /* Build configuration list for PBXNativeTarget "EssentialAppTests" */ = {
			isa = XCConfigurationList;
			buildConfigurations = (
				96F46E9A29C0F66500C94391 /* Debug */,
				96F46E9B29C0F66500C94391 /* Release */,
			);
			defaultConfigurationIsVisible = 0;
			defaultConfigurationName = Release;
		};
		96F46E9C29C0F66500C94391 /* Build configuration list for PBXNativeTarget "EssentialAppUITests" */ = {
			isa = XCConfigurationList;
			buildConfigurations = (
				96F46E9D29C0F66500C94391 /* Debug */,
				96F46E9E29C0F66500C94391 /* Release */,
			);
			defaultConfigurationIsVisible = 0;
			defaultConfigurationName = Release;
		};
/* End XCConfigurationList section */
	};
	rootObject = 96F46E6429C0F66200C94391 /* Project object */;
}
